
Microsoft Visual Studio Solution File, Format Version 11.00
# Visual C++ Express 2010
Project("{8BC9CEB8-8B4A-11D0-8D11-00A0C91BC942}") = "PDFLibNet", "PDFLibNet\PDFLibNet.vcxproj", "{4DB564DB-6FE1-4543-89BC-6EE87815C064}"
	ProjectSection(ProjectDependencies) = postProject
		{8BDE8E0A-4F7C-4671-AF23-2B077A385AFD} = {8BDE8E0A-4F7C-4671-AF23-2B077A385AFD}
	EndProjectSection
EndProject
Project("{8BC9CEB8-8B4A-11D0-8D11-00A0C91BC942}") = "zlib", "zlib\zlib.vcxproj", "{0457835D-4C6E-4577-A33A-7184B9C99E84}"
EndProject
Project("{8BC9CEB8-8B4A-11D0-8D11-00A0C91BC942}") = "freetype", "freetype-2.4.1\builds\win32\visualc\freetype.vcxproj", "{78B079BD-9FC7-4B9E-B4A6-96DA0F00248B}"
EndProject
Project("{8BC9CEB8-8B4A-11D0-8D11-00A0C91BC942}") = "libjpeg", "jpeg\libjpg.vcxproj", "{B1F575D7-1FE6-469F-8BED-E393E906908B}"
EndProject
Project("{8BC9CEB8-8B4A-11D0-8D11-00A0C91BC942}") = "AFPDFLib", "libAFPDFLib\AFPDFLib.vcxproj", "{8BDE8E0A-4F7C-4671-AF23-2B077A385AFD}"
	ProjectSection(ProjectDependencies) = postProject
		{05E39E0D-7FC0-4B90-A43B-355C6B8BF0E6} = {05E39E0D-7FC0-4B90-A43B-355C6B8BF0E6}
		{63657C80-EADB-4FBC-A557-BE52F318CCDD} = {63657C80-EADB-4FBC-A557-BE52F318CCDD}
	EndProjectSection
EndProject
Project("{8BC9CEB8-8B4A-11D0-8D11-00A0C91BC942}") = "mapsfonts", "mapsfonts\mapsfonts.vcxproj", "{D1C99B00-1570-4285-AACC-8783ADFA8C46}"
EndProject
Project("{8BC9CEB8-8B4A-11D0-8D11-00A0C91BC942}") = "mupdf", "mupdf\mupdf.vcxproj", "{63657C80-EADB-4FBC-A557-BE52F318CCDD}"
	ProjectSection(ProjectDependencies) = postProject
		{D1C99B00-1570-4285-AACC-8783ADFA8C46} = {D1C99B00-1570-4285-AACC-8783ADFA8C46}
		{0457835D-4C6E-4577-A33A-7184B9C99E84} = {0457835D-4C6E-4577-A33A-7184B9C99E84}
		{78B079BD-9FC7-4B9E-B4A6-96DA0F00248B} = {78B079BD-9FC7-4B9E-B4A6-96DA0F00248B}
		{B1F575D7-1FE6-469F-8BED-E393E906908B} = {B1F575D7-1FE6-469F-8BED-E393E906908B}
	EndProjectSection
EndProject
Project("{8BC9CEB8-8B4A-11D0-8D11-00A0C91BC942}") = "xpdf", "xpdfWin\xpdfWin.vcxproj", "{05E39E0D-7FC0-4B90-A43B-355C6B8BF0E6}"
	ProjectSection(ProjectDependencies) = postProject
		{D1C99B00-1570-4285-AACC-8783ADFA8C46} = {D1C99B00-1570-4285-AACC-8783ADFA8C46}
		{0457835D-4C6E-4577-A33A-7184B9C99E84} = {0457835D-4C6E-4577-A33A-7184B9C99E84}
		{78B079BD-9FC7-4B9E-B4A6-96DA0F00248B} = {78B079BD-9FC7-4B9E-B4A6-96DA0F00248B}
		{B1F575D7-1FE6-469F-8BED-E393E906908B} = {B1F575D7-1FE6-469F-8BED-E393E906908B}
	EndProjectSection
EndProject
Global
	GlobalSection(SolutionConfigurationPlatforms) = preSolution
		Debug|Win32 = Debug|Win32
		Release|Win32 = Release|Win32
	EndGlobalSection
	GlobalSection(ProjectConfigurationPlatforms) = postSolution
		{4DB564DB-6FE1-4543-89BC-6EE87815C064}.Debug|Win32.ActiveCfg = Debug|Win32
		{4DB564DB-6FE1-4543-89BC-6EE87815C064}.Debug|Win32.Build.0 = Debug|Win32
		{4DB564DB-6FE1-4543-89BC-6EE87815C064}.Release|Win32.ActiveCfg = Release|Win32
		{4DB564DB-6FE1-4543-89BC-6EE87815C064}.Release|Win32.Build.0 = Release|Win32
		{0457835D-4C6E-4577-A33A-7184B9C99E84}.Debug|Win32.ActiveCfg = Debug|Win32
		{0457835D-4C6E-4577-A33A-7184B9C99E84}.Debug|Win32.Build.0 = Debug|Win32
		{0457835D-4C6E-4577-A33A-7184B9C99E84}.Release|Win32.ActiveCfg = Release|Win32
		{0457835D-4C6E-4577-A33A-7184B9C99E84}.Release|Win32.Build.0 = Release|Win32
		{78B079BD-9FC7-4B9E-B4A6-96DA0F00248B}.Debug|Win32.ActiveCfg = Debug|Win32
		{78B079BD-9FC7-4B9E-B4A6-96DA0F00248B}.Debug|Win32.Build.0 = Debug|Win32
		{78B079BD-9FC7-4B9E-B4A6-96DA0F00248B}.Release|Win32.ActiveCfg = Release|Win32
		{78B079BD-9FC7-4B9E-B4A6-96DA0F00248B}.Release|Win32.Build.0 = Release|Win32
		{B1F575D7-1FE6-469F-8BED-E393E906908B}.Debug|Win32.ActiveCfg = Debug|Win32
		{B1F575D7-1FE6-469F-8BED-E393E906908B}.Debug|Win32.Build.0 = Debug|Win32
		{B1F575D7-1FE6-469F-8BED-E393E906908B}.Release|Win32.ActiveCfg = Release|Win32
		{B1F575D7-1FE6-469F-8BED-E393E906908B}.Release|Win32.Build.0 = Release|Win32
		{8BDE8E0A-4F7C-4671-AF23-2B077A385AFD}.Debug|Win32.ActiveCfg = Debug|Win32
		{8BDE8E0A-4F7C-4671-AF23-2B077A385AFD}.Debug|Win32.Build.0 = Debug|Win32
		{8BDE8E0A-4F7C-4671-AF23-2B077A385AFD}.Release|Win32.ActiveCfg = Release|Win32
		{8BDE8E0A-4F7C-4671-AF23-2B077A385AFD}.Release|Win32.Build.0 = Release|Win32
		{D1C99B00-1570-4285-AACC-8783ADFA8C46}.Debug|Win32.ActiveCfg = Debug|Win32
		{D1C99B00-1570-4285-AACC-8783ADFA8C46}.Debug|Win32.Build.0 = Debug|Win32
		{D1C99B00-1570-4285-AACC-8783ADFA8C46}.Release|Win32.ActiveCfg = Release|Win32
		{D1C99B00-1570-4285-AACC-8783ADFA8C46}.Release|Win32.Build.0 = Release|Win32
		{63657C80-EADB-4FBC-A557-BE52F318CCDD}.Debug|Win32.ActiveCfg = Debug|Win32
		{63657C80-EADB-4FBC-A557-BE52F318CCDD}.Debug|Win32.Build.0 = Debug|Win32
		{63657C80-EADB-4FBC-A557-BE52F318CCDD}.Release|Win32.ActiveCfg = Release|Win32
		{63657C80-EADB-4FBC-A557-BE52F318CCDD}.Release|Win32.Build.0 = Release|Win32
		{05E39E0D-7FC0-4B90-A43B-355C6B8BF0E6}.Debug|Win32.ActiveCfg = Debug|Win32
		{05E39E0D-7FC0-4B90-A43B-355C6B8BF0E6}.Debug|Win32.Build.0 = Debug|Win32
		{05E39E0D-7FC0-4B90-A43B-355C6B8BF0E6}.Release|Win32.ActiveCfg = Release|Win32
		{05E39E0D-7FC0-4B90-A43B-355C6B8BF0E6}.Release|Win32.Build.0 = Release|Win32
	EndGlobalSection
	GlobalSection(SolutionProperties) = preSolution
		HideSolutionNode = FALSE
	EndGlobalSection
EndGlobal
