
Microsoft Visual Studio Solution File, Format Version 9.00
# Visual Studio 2005
Project("{8BC9CEB8-8B4A-11D0-8D11-00A0C91BC942}") = "xpdf", "xpdfWin\xpdfWin.vcproj", "{05E39E0D-7FC0-4B90-A43B-355C6B8BF0E6}"
	ProjectSection(WebsiteProperties) = preProject
		Debug.AspNetCompiler.Debug = "True"
		Release.AspNetCompiler.Debug = "False"
	EndProjectSection
	ProjectSection(ProjectDependencies) = postProject
		{78B079BD-9FC7-4B9E-B4A6-96DA0F00248B} = {78B079BD-9FC7-4B9E-B4A6-96DA0F00248B}
	EndProjectSection
EndProject
Project("{8BC9CEB8-8B4A-11D0-8D11-00A0C91BC942}") = "freetype", "freetype-2.3.1\builds\win32\visualc\freetype.vcproj", "{78B079BD-9FC7-4B9E-B4A6-96DA0F00248B}"
	ProjectSection(WebsiteProperties) = preProject
		Debug.AspNetCompiler.Debug = "True"
		Release.AspNetCompiler.Debug = "False"
	EndProjectSection
EndProject
Project("{8BC9CEB8-8B4A-11D0-8D11-00A0C91BC942}") = "PDFLibNet", "PDFLibNet\PDFLibNet.vcproj", "{4DB564DB-6FE1-4543-89BC-6EE87815C064}"
	ProjectSection(WebsiteProperties) = preProject
		Debug.AspNetCompiler.Debug = "True"
		Release.AspNetCompiler.Debug = "False"
	EndProjectSection
	ProjectSection(ProjectDependencies) = postProject
		{8BDE8E0A-4F7C-4671-AF23-2B077A385AFD} = {8BDE8E0A-4F7C-4671-AF23-2B077A385AFD}
	EndProjectSection
EndProject
Project("{8BC9CEB8-8B4A-11D0-8D11-00A0C91BC942}") = "AFPDFLib", "libAFPDFLib\AFPDFLib.vcproj", "{8BDE8E0A-4F7C-4671-AF23-2B077A385AFD}"
	ProjectSection(WebsiteProperties) = preProject
		Debug.AspNetCompiler.Debug = "True"
		Release.AspNetCompiler.Debug = "False"
	EndProjectSection
	ProjectSection(ProjectDependencies) = postProject
		{05E39E0D-7FC0-4B90-A43B-355C6B8BF0E6} = {05E39E0D-7FC0-4B90-A43B-355C6B8BF0E6}
		{63657C80-EADB-4FBC-A557-BE52F318CCDD} = {63657C80-EADB-4FBC-A557-BE52F318CCDD}
	EndProjectSection
EndProject
Project("{FAE04EC0-301F-11D3-BF4B-00C04F79EFBC}") = "PDFViewer", "PDFViewer\PDFViewer.csproj", "{8A9C383C-C04B-4AA3-84C5-C27E057B5FA2}"
	ProjectSection(WebsiteProperties) = preProject
		Debug.AspNetCompiler.Debug = "True"
		Release.AspNetCompiler.Debug = "False"
	EndProjectSection
EndProject
Project("{8BC9CEB8-8B4A-11D0-8D11-00A0C91BC942}") = "pdfutils", "pdfutils\pdfutils\pdfutils.vcproj", "{5E3040DA-5B10-4D4F-AC72-281A4FE33793}"
	ProjectSection(WebsiteProperties) = preProject
		Debug.AspNetCompiler.Debug = "True"
		Release.AspNetCompiler.Debug = "False"
	EndProjectSection
EndProject
Project("{8BC9CEB8-8B4A-11D0-8D11-00A0C91BC942}") = "mupdf", "MuPDF\mupdf.vcproj", "{63657C80-EADB-4FBC-A557-BE52F318CCDD}"
	ProjectSection(WebsiteProperties) = preProject
		Debug.AspNetCompiler.Debug = "True"
		Release.AspNetCompiler.Debug = "False"
	EndProjectSection
	ProjectSection(ProjectDependencies) = postProject
		{D1C99B00-1570-4285-AACC-8783ADFA8C46} = {D1C99B00-1570-4285-AACC-8783ADFA8C46}
		{0457835D-4C6E-4577-A33A-7184B9C99E84} = {0457835D-4C6E-4577-A33A-7184B9C99E84}
		{78B079BD-9FC7-4B9E-B4A6-96DA0F00248B} = {78B079BD-9FC7-4B9E-B4A6-96DA0F00248B}
		{B1F575D7-1FE6-469F-8BED-E393E906908B} = {B1F575D7-1FE6-469F-8BED-E393E906908B}
	EndProjectSection
EndProject
Project("{8BC9CEB8-8B4A-11D0-8D11-00A0C91BC942}") = "libjpeg", "jpeg\libjpg.vcproj", "{B1F575D7-1FE6-469F-8BED-E393E906908B}"
	ProjectSection(WebsiteProperties) = preProject
		Debug.AspNetCompiler.Debug = "True"
		Release.AspNetCompiler.Debug = "False"
	EndProjectSection
EndProject
Project("{8BC9CEB8-8B4A-11D0-8D11-00A0C91BC942}") = "zlib", "zlib\zlib.vcproj", "{0457835D-4C6E-4577-A33A-7184B9C99E84}"
	ProjectSection(WebsiteProperties) = preProject
		Debug.AspNetCompiler.Debug = "True"
		Release.AspNetCompiler.Debug = "False"
	EndProjectSection
EndProject
Project("{8BC9CEB8-8B4A-11D0-8D11-00A0C91BC942}") = "mapsfonts", "mapsfonts\mapsfonts.vcproj", "{D1C99B00-1570-4285-AACC-8783ADFA8C46}"
	ProjectSection(WebsiteProperties) = preProject
		Debug.AspNetCompiler.Debug = "True"
		Release.AspNetCompiler.Debug = "False"
	EndProjectSection
EndProject
Global
	GlobalSection(SolutionConfigurationPlatforms) = preSolution
		Debug Multithreaded|Any CPU = Debug Multithreaded|Any CPU
		Debug Multithreaded|Mixed Platforms = Debug Multithreaded|Mixed Platforms
		Debug Multithreaded|Win32 = Debug Multithreaded|Win32
		Debug MuPDF|Any CPU = Debug MuPDF|Any CPU
		Debug MuPDF|Mixed Platforms = Debug MuPDF|Mixed Platforms
		Debug MuPDF|Win32 = Debug MuPDF|Win32
		Debug Singlethreaded|Any CPU = Debug Singlethreaded|Any CPU
		Debug Singlethreaded|Mixed Platforms = Debug Singlethreaded|Mixed Platforms
		Debug Singlethreaded|Win32 = Debug Singlethreaded|Win32
		Debug|Any CPU = Debug|Any CPU
		Debug|Mixed Platforms = Debug|Mixed Platforms
		Debug|Win32 = Debug|Win32
		DLL ASM Debug|Any CPU = DLL ASM Debug|Any CPU
		DLL ASM Debug|Mixed Platforms = DLL ASM Debug|Mixed Platforms
		DLL ASM Debug|Win32 = DLL ASM Debug|Win32
		DLL ASM Release|Any CPU = DLL ASM Release|Any CPU
		DLL ASM Release|Mixed Platforms = DLL ASM Release|Mixed Platforms
		DLL ASM Release|Win32 = DLL ASM Release|Win32
		DLL Debug|Any CPU = DLL Debug|Any CPU
		DLL Debug|Mixed Platforms = DLL Debug|Mixed Platforms
		DLL Debug|Win32 = DLL Debug|Win32
		DLL Release|Any CPU = DLL Release|Any CPU
		DLL Release|Mixed Platforms = DLL Release|Mixed Platforms
		DLL Release|Win32 = DLL Release|Win32
		LIB ASM Debug|Any CPU = LIB ASM Debug|Any CPU
		LIB ASM Debug|Mixed Platforms = LIB ASM Debug|Mixed Platforms
		LIB ASM Debug|Win32 = LIB ASM Debug|Win32
		LIB ASM Release|Any CPU = LIB ASM Release|Any CPU
		LIB ASM Release|Mixed Platforms = LIB ASM Release|Mixed Platforms
		LIB ASM Release|Win32 = LIB ASM Release|Win32
		LIB Debug|Any CPU = LIB Debug|Any CPU
		LIB Debug|Mixed Platforms = LIB Debug|Mixed Platforms
		LIB Debug|Win32 = LIB Debug|Win32
		LIB Release|Any CPU = LIB Release|Any CPU
		LIB Release|Mixed Platforms = LIB Release|Mixed Platforms
		LIB Release|Win32 = LIB Release|Win32
		Release Multithreaded|Any CPU = Release Multithreaded|Any CPU
		Release Multithreaded|Mixed Platforms = Release Multithreaded|Mixed Platforms
		Release Multithreaded|Win32 = Release Multithreaded|Win32
		Release MuPDF|Any CPU = Release MuPDF|Any CPU
		Release MuPDF|Mixed Platforms = Release MuPDF|Mixed Platforms
		Release MuPDF|Win32 = Release MuPDF|Win32
		Release Singlethreaded|Any CPU = Release Singlethreaded|Any CPU
		Release Singlethreaded|Mixed Platforms = Release Singlethreaded|Mixed Platforms
		Release Singlethreaded|Win32 = Release Singlethreaded|Win32
		Release|Any CPU = Release|Any CPU
		Release|Mixed Platforms = Release|Mixed Platforms
		Release|Win32 = Release|Win32
	EndGlobalSection
	GlobalSection(ProjectConfigurationPlatforms) = postSolution
		{05E39E0D-7FC0-4B90-A43B-355C6B8BF0E6}.Debug Multithreaded|Any CPU.ActiveCfg = Debug|Win32
		{05E39E0D-7FC0-4B90-A43B-355C6B8BF0E6}.Debug Multithreaded|Mixed Platforms.ActiveCfg = Debug|Win32
		{05E39E0D-7FC0-4B90-A43B-355C6B8BF0E6}.Debug Multithreaded|Mixed Platforms.Build.0 = Debug|Win32
		{05E39E0D-7FC0-4B90-A43B-355C6B8BF0E6}.Debug Multithreaded|Win32.ActiveCfg = Debug|Win32
		{05E39E0D-7FC0-4B90-A43B-355C6B8BF0E6}.Debug Multithreaded|Win32.Build.0 = Debug|Win32
		{05E39E0D-7FC0-4B90-A43B-355C6B8BF0E6}.Debug MuPDF|Any CPU.ActiveCfg = Debug|Win32
		{05E39E0D-7FC0-4B90-A43B-355C6B8BF0E6}.Debug MuPDF|Mixed Platforms.ActiveCfg = Debug|Win32
		{05E39E0D-7FC0-4B90-A43B-355C6B8BF0E6}.Debug MuPDF|Mixed Platforms.Build.0 = Debug|Win32
		{05E39E0D-7FC0-4B90-A43B-355C6B8BF0E6}.Debug MuPDF|Win32.ActiveCfg = Debug|Win32
		{05E39E0D-7FC0-4B90-A43B-355C6B8BF0E6}.Debug MuPDF|Win32.Build.0 = Debug|Win32
		{05E39E0D-7FC0-4B90-A43B-355C6B8BF0E6}.Debug Singlethreaded|Any CPU.ActiveCfg = Debug|Win32
		{05E39E0D-7FC0-4B90-A43B-355C6B8BF0E6}.Debug Singlethreaded|Mixed Platforms.ActiveCfg = Debug|Win32
		{05E39E0D-7FC0-4B90-A43B-355C6B8BF0E6}.Debug Singlethreaded|Mixed Platforms.Build.0 = Debug|Win32
		{05E39E0D-7FC0-4B90-A43B-355C6B8BF0E6}.Debug Singlethreaded|Win32.ActiveCfg = Debug|Win32
		{05E39E0D-7FC0-4B90-A43B-355C6B8BF0E6}.Debug Singlethreaded|Win32.Build.0 = Debug|Win32
		{05E39E0D-7FC0-4B90-A43B-355C6B8BF0E6}.Debug|Any CPU.ActiveCfg = Debug|Win32
		{05E39E0D-7FC0-4B90-A43B-355C6B8BF0E6}.Debug|Mixed Platforms.ActiveCfg = Debug|Win32
		{05E39E0D-7FC0-4B90-A43B-355C6B8BF0E6}.Debug|Mixed Platforms.Build.0 = Debug|Win32
		{05E39E0D-7FC0-4B90-A43B-355C6B8BF0E6}.Debug|Win32.ActiveCfg = Debug|Win32
		{05E39E0D-7FC0-4B90-A43B-355C6B8BF0E6}.Debug|Win32.Build.0 = Debug|Win32
		{05E39E0D-7FC0-4B90-A43B-355C6B8BF0E6}.DLL ASM Debug|Any CPU.ActiveCfg = Debug|Win32
		{05E39E0D-7FC0-4B90-A43B-355C6B8BF0E6}.DLL ASM Debug|Mixed Platforms.ActiveCfg = Debug|Win32
		{05E39E0D-7FC0-4B90-A43B-355C6B8BF0E6}.DLL ASM Debug|Mixed Platforms.Build.0 = Debug|Win32
		{05E39E0D-7FC0-4B90-A43B-355C6B8BF0E6}.DLL ASM Debug|Win32.ActiveCfg = Debug|Win32
		{05E39E0D-7FC0-4B90-A43B-355C6B8BF0E6}.DLL ASM Debug|Win32.Build.0 = Debug|Win32
		{05E39E0D-7FC0-4B90-A43B-355C6B8BF0E6}.DLL ASM Release|Any CPU.ActiveCfg = Release|Win32
		{05E39E0D-7FC0-4B90-A43B-355C6B8BF0E6}.DLL ASM Release|Mixed Platforms.ActiveCfg = Release|Win32
		{05E39E0D-7FC0-4B90-A43B-355C6B8BF0E6}.DLL ASM Release|Mixed Platforms.Build.0 = Release|Win32
		{05E39E0D-7FC0-4B90-A43B-355C6B8BF0E6}.DLL ASM Release|Win32.ActiveCfg = Release|Win32
		{05E39E0D-7FC0-4B90-A43B-355C6B8BF0E6}.DLL ASM Release|Win32.Build.0 = Release|Win32
		{05E39E0D-7FC0-4B90-A43B-355C6B8BF0E6}.DLL Debug|Any CPU.ActiveCfg = Debug|Win32
		{05E39E0D-7FC0-4B90-A43B-355C6B8BF0E6}.DLL Debug|Mixed Platforms.ActiveCfg = Debug|Win32
		{05E39E0D-7FC0-4B90-A43B-355C6B8BF0E6}.DLL Debug|Mixed Platforms.Build.0 = Debug|Win32
		{05E39E0D-7FC0-4B90-A43B-355C6B8BF0E6}.DLL Debug|Win32.ActiveCfg = Debug|Win32
		{05E39E0D-7FC0-4B90-A43B-355C6B8BF0E6}.DLL Debug|Win32.Build.0 = Debug|Win32
		{05E39E0D-7FC0-4B90-A43B-355C6B8BF0E6}.DLL Release|Any CPU.ActiveCfg = Release|Win32
		{05E39E0D-7FC0-4B90-A43B-355C6B8BF0E6}.DLL Release|Mixed Platforms.ActiveCfg = Release|Win32
		{05E39E0D-7FC0-4B90-A43B-355C6B8BF0E6}.DLL Release|Mixed Platforms.Build.0 = Release|Win32
		{05E39E0D-7FC0-4B90-A43B-355C6B8BF0E6}.DLL Release|Win32.ActiveCfg = Release|Win32
		{05E39E0D-7FC0-4B90-A43B-355C6B8BF0E6}.DLL Release|Win32.Build.0 = Release|Win32
		{05E39E0D-7FC0-4B90-A43B-355C6B8BF0E6}.LIB ASM Debug|Any CPU.ActiveCfg = Debug|Win32
		{05E39E0D-7FC0-4B90-A43B-355C6B8BF0E6}.LIB ASM Debug|Mixed Platforms.ActiveCfg = Debug|Win32
		{05E39E0D-7FC0-4B90-A43B-355C6B8BF0E6}.LIB ASM Debug|Mixed Platforms.Build.0 = Debug|Win32
		{05E39E0D-7FC0-4B90-A43B-355C6B8BF0E6}.LIB ASM Debug|Win32.ActiveCfg = Debug|Win32
		{05E39E0D-7FC0-4B90-A43B-355C6B8BF0E6}.LIB ASM Debug|Win32.Build.0 = Debug|Win32
		{05E39E0D-7FC0-4B90-A43B-355C6B8BF0E6}.LIB ASM Release|Any CPU.ActiveCfg = Release|Win32
		{05E39E0D-7FC0-4B90-A43B-355C6B8BF0E6}.LIB ASM Release|Mixed Platforms.ActiveCfg = Release|Win32
		{05E39E0D-7FC0-4B90-A43B-355C6B8BF0E6}.LIB ASM Release|Mixed Platforms.Build.0 = Release|Win32
		{05E39E0D-7FC0-4B90-A43B-355C6B8BF0E6}.LIB ASM Release|Win32.ActiveCfg = Release|Win32
		{05E39E0D-7FC0-4B90-A43B-355C6B8BF0E6}.LIB ASM Release|Win32.Build.0 = Release|Win32
		{05E39E0D-7FC0-4B90-A43B-355C6B8BF0E6}.LIB Debug|Any CPU.ActiveCfg = Debug|Win32
		{05E39E0D-7FC0-4B90-A43B-355C6B8BF0E6}.LIB Debug|Mixed Platforms.ActiveCfg = Debug|Win32
		{05E39E0D-7FC0-4B90-A43B-355C6B8BF0E6}.LIB Debug|Mixed Platforms.Build.0 = Debug|Win32
		{05E39E0D-7FC0-4B90-A43B-355C6B8BF0E6}.LIB Debug|Win32.ActiveCfg = Debug|Win32
		{05E39E0D-7FC0-4B90-A43B-355C6B8BF0E6}.LIB Debug|Win32.Build.0 = Debug|Win32
		{05E39E0D-7FC0-4B90-A43B-355C6B8BF0E6}.LIB Release|Any CPU.ActiveCfg = Release|Win32
		{05E39E0D-7FC0-4B90-A43B-355C6B8BF0E6}.LIB Release|Mixed Platforms.ActiveCfg = Release|Win32
		{05E39E0D-7FC0-4B90-A43B-355C6B8BF0E6}.LIB Release|Mixed Platforms.Build.0 = Release|Win32
		{05E39E0D-7FC0-4B90-A43B-355C6B8BF0E6}.LIB Release|Win32.ActiveCfg = Release|Win32
		{05E39E0D-7FC0-4B90-A43B-355C6B8BF0E6}.LIB Release|Win32.Build.0 = Release|Win32
		{05E39E0D-7FC0-4B90-A43B-355C6B8BF0E6}.Release Multithreaded|Any CPU.ActiveCfg = Release|Win32
		{05E39E0D-7FC0-4B90-A43B-355C6B8BF0E6}.Release Multithreaded|Mixed Platforms.ActiveCfg = Release|Win32
		{05E39E0D-7FC0-4B90-A43B-355C6B8BF0E6}.Release Multithreaded|Mixed Platforms.Build.0 = Release|Win32
		{05E39E0D-7FC0-4B90-A43B-355C6B8BF0E6}.Release Multithreaded|Win32.ActiveCfg = Release|Win32
		{05E39E0D-7FC0-4B90-A43B-355C6B8BF0E6}.Release Multithreaded|Win32.Build.0 = Release|Win32
		{05E39E0D-7FC0-4B90-A43B-355C6B8BF0E6}.Release MuPDF|Any CPU.ActiveCfg = Release|Win32
		{05E39E0D-7FC0-4B90-A43B-355C6B8BF0E6}.Release MuPDF|Mixed Platforms.ActiveCfg = Release|Win32
		{05E39E0D-7FC0-4B90-A43B-355C6B8BF0E6}.Release MuPDF|Mixed Platforms.Build.0 = Release|Win32
		{05E39E0D-7FC0-4B90-A43B-355C6B8BF0E6}.Release MuPDF|Win32.ActiveCfg = Release|Win32
		{05E39E0D-7FC0-4B90-A43B-355C6B8BF0E6}.Release MuPDF|Win32.Build.0 = Release|Win32
		{05E39E0D-7FC0-4B90-A43B-355C6B8BF0E6}.Release Singlethreaded|Any CPU.ActiveCfg = Release|Win32
		{05E39E0D-7FC0-4B90-A43B-355C6B8BF0E6}.Release Singlethreaded|Mixed Platforms.ActiveCfg = Release|Win32
		{05E39E0D-7FC0-4B90-A43B-355C6B8BF0E6}.Release Singlethreaded|Mixed Platforms.Build.0 = Release|Win32
		{05E39E0D-7FC0-4B90-A43B-355C6B8BF0E6}.Release Singlethreaded|Win32.ActiveCfg = Release|Win32
		{05E39E0D-7FC0-4B90-A43B-355C6B8BF0E6}.Release Singlethreaded|Win32.Build.0 = Release|Win32
		{05E39E0D-7FC0-4B90-A43B-355C6B8BF0E6}.Release|Any CPU.ActiveCfg = Release|Win32
		{05E39E0D-7FC0-4B90-A43B-355C6B8BF0E6}.Release|Mixed Platforms.ActiveCfg = Release|Win32
		{05E39E0D-7FC0-4B90-A43B-355C6B8BF0E6}.Release|Mixed Platforms.Build.0 = Release|Win32
		{05E39E0D-7FC0-4B90-A43B-355C6B8BF0E6}.Release|Win32.ActiveCfg = Release|Win32
		{05E39E0D-7FC0-4B90-A43B-355C6B8BF0E6}.Release|Win32.Build.0 = Release|Win32
		{78B079BD-9FC7-4B9E-B4A6-96DA0F00248B}.Debug Multithreaded|Any CPU.ActiveCfg = Debug|Win32
		{78B079BD-9FC7-4B9E-B4A6-96DA0F00248B}.Debug Multithreaded|Mixed Platforms.ActiveCfg = Debug|Win32
		{78B079BD-9FC7-4B9E-B4A6-96DA0F00248B}.Debug Multithreaded|Mixed Platforms.Build.0 = Debug|Win32
		{78B079BD-9FC7-4B9E-B4A6-96DA0F00248B}.Debug Multithreaded|Win32.ActiveCfg = Debug|Win32
		{78B079BD-9FC7-4B9E-B4A6-96DA0F00248B}.Debug Multithreaded|Win32.Build.0 = Debug|Win32
		{78B079BD-9FC7-4B9E-B4A6-96DA0F00248B}.Debug MuPDF|Any CPU.ActiveCfg = Debug|Win32
		{78B079BD-9FC7-4B9E-B4A6-96DA0F00248B}.Debug MuPDF|Mixed Platforms.ActiveCfg = Release|Win32
		{78B079BD-9FC7-4B9E-B4A6-96DA0F00248B}.Debug MuPDF|Mixed Platforms.Build.0 = Release|Win32
		{78B079BD-9FC7-4B9E-B4A6-96DA0F00248B}.Debug MuPDF|Win32.ActiveCfg = Debug|Win32
		{78B079BD-9FC7-4B9E-B4A6-96DA0F00248B}.Debug MuPDF|Win32.Build.0 = Debug|Win32
		{78B079BD-9FC7-4B9E-B4A6-96DA0F00248B}.Debug Singlethreaded|Any CPU.ActiveCfg = Debug|Win32
		{78B079BD-9FC7-4B9E-B4A6-96DA0F00248B}.Debug Singlethreaded|Mixed Platforms.ActiveCfg = Debug|Win32
		{78B079BD-9FC7-4B9E-B4A6-96DA0F00248B}.Debug Singlethreaded|Mixed Platforms.Build.0 = Debug|Win32
		{78B079BD-9FC7-4B9E-B4A6-96DA0F00248B}.Debug Singlethreaded|Win32.ActiveCfg = Debug|Win32
		{78B079BD-9FC7-4B9E-B4A6-96DA0F00248B}.Debug Singlethreaded|Win32.Build.0 = Debug|Win32
		{78B079BD-9FC7-4B9E-B4A6-96DA0F00248B}.Debug|Any CPU.ActiveCfg = Debug|Win32
		{78B079BD-9FC7-4B9E-B4A6-96DA0F00248B}.Debug|Mixed Platforms.ActiveCfg = Debug|Win32
		{78B079BD-9FC7-4B9E-B4A6-96DA0F00248B}.Debug|Mixed Platforms.Build.0 = Debug|Win32
		{78B079BD-9FC7-4B9E-B4A6-96DA0F00248B}.Debug|Win32.ActiveCfg = Debug|Win32
		{78B079BD-9FC7-4B9E-B4A6-96DA0F00248B}.Debug|Win32.Build.0 = Debug|Win32
		{78B079BD-9FC7-4B9E-B4A6-96DA0F00248B}.DLL ASM Debug|Any CPU.ActiveCfg = Debug|Win32
		{78B079BD-9FC7-4B9E-B4A6-96DA0F00248B}.DLL ASM Debug|Mixed Platforms.ActiveCfg = Debug|Win32
		{78B079BD-9FC7-4B9E-B4A6-96DA0F00248B}.DLL ASM Debug|Mixed Platforms.Build.0 = Debug|Win32
		{78B079BD-9FC7-4B9E-B4A6-96DA0F00248B}.DLL ASM Debug|Win32.ActiveCfg = Debug|Win32
		{78B079BD-9FC7-4B9E-B4A6-96DA0F00248B}.DLL ASM Debug|Win32.Build.0 = Debug|Win32
		{78B079BD-9FC7-4B9E-B4A6-96DA0F00248B}.DLL ASM Release|Any CPU.ActiveCfg = Release|Win32
		{78B079BD-9FC7-4B9E-B4A6-96DA0F00248B}.DLL ASM Release|Mixed Platforms.ActiveCfg = Release|Win32
		{78B079BD-9FC7-4B9E-B4A6-96DA0F00248B}.DLL ASM Release|Mixed Platforms.Build.0 = Release|Win32
		{78B079BD-9FC7-4B9E-B4A6-96DA0F00248B}.DLL ASM Release|Win32.ActiveCfg = Release|Win32
		{78B079BD-9FC7-4B9E-B4A6-96DA0F00248B}.DLL ASM Release|Win32.Build.0 = Release|Win32
		{78B079BD-9FC7-4B9E-B4A6-96DA0F00248B}.DLL Debug|Any CPU.ActiveCfg = Debug|Win32
		{78B079BD-9FC7-4B9E-B4A6-96DA0F00248B}.DLL Debug|Mixed Platforms.ActiveCfg = Debug|Win32
		{78B079BD-9FC7-4B9E-B4A6-96DA0F00248B}.DLL Debug|Mixed Platforms.Build.0 = Debug|Win32
		{78B079BD-9FC7-4B9E-B4A6-96DA0F00248B}.DLL Debug|Win32.ActiveCfg = Debug|Win32
		{78B079BD-9FC7-4B9E-B4A6-96DA0F00248B}.DLL Debug|Win32.Build.0 = Debug|Win32
		{78B079BD-9FC7-4B9E-B4A6-96DA0F00248B}.DLL Release|Any CPU.ActiveCfg = Release|Win32
		{78B079BD-9FC7-4B9E-B4A6-96DA0F00248B}.DLL Release|Mixed Platforms.ActiveCfg = Release|Win32
		{78B079BD-9FC7-4B9E-B4A6-96DA0F00248B}.DLL Release|Mixed Platforms.Build.0 = Release|Win32
		{78B079BD-9FC7-4B9E-B4A6-96DA0F00248B}.DLL Release|Win32.ActiveCfg = Release|Win32
		{78B079BD-9FC7-4B9E-B4A6-96DA0F00248B}.DLL Release|Win32.Build.0 = Release|Win32
		{78B079BD-9FC7-4B9E-B4A6-96DA0F00248B}.LIB ASM Debug|Any CPU.ActiveCfg = Debug|Win32
		{78B079BD-9FC7-4B9E-B4A6-96DA0F00248B}.LIB ASM Debug|Mixed Platforms.ActiveCfg = Debug|Win32
		{78B079BD-9FC7-4B9E-B4A6-96DA0F00248B}.LIB ASM Debug|Mixed Platforms.Build.0 = Debug|Win32
		{78B079BD-9FC7-4B9E-B4A6-96DA0F00248B}.LIB ASM Debug|Win32.ActiveCfg = Debug|Win32
		{78B079BD-9FC7-4B9E-B4A6-96DA0F00248B}.LIB ASM Debug|Win32.Build.0 = Debug|Win32
		{78B079BD-9FC7-4B9E-B4A6-96DA0F00248B}.LIB ASM Release|Any CPU.ActiveCfg = Release|Win32
		{78B079BD-9FC7-4B9E-B4A6-96DA0F00248B}.LIB ASM Release|Mixed Platforms.ActiveCfg = Release|Win32
		{78B079BD-9FC7-4B9E-B4A6-96DA0F00248B}.LIB ASM Release|Mixed Platforms.Build.0 = Release|Win32
		{78B079BD-9FC7-4B9E-B4A6-96DA0F00248B}.LIB ASM Release|Win32.ActiveCfg = Release|Win32
		{78B079BD-9FC7-4B9E-B4A6-96DA0F00248B}.LIB ASM Release|Win32.Build.0 = Release|Win32
		{78B079BD-9FC7-4B9E-B4A6-96DA0F00248B}.LIB Debug|Any CPU.ActiveCfg = Debug|Win32
		{78B079BD-9FC7-4B9E-B4A6-96DA0F00248B}.LIB Debug|Mixed Platforms.ActiveCfg = Debug|Win32
		{78B079BD-9FC7-4B9E-B4A6-96DA0F00248B}.LIB Debug|Mixed Platforms.Build.0 = Debug|Win32
		{78B079BD-9FC7-4B9E-B4A6-96DA0F00248B}.LIB Debug|Win32.ActiveCfg = Debug|Win32
		{78B079BD-9FC7-4B9E-B4A6-96DA0F00248B}.LIB Debug|Win32.Build.0 = Debug|Win32
		{78B079BD-9FC7-4B9E-B4A6-96DA0F00248B}.LIB Release|Any CPU.ActiveCfg = Release|Win32
		{78B079BD-9FC7-4B9E-B4A6-96DA0F00248B}.LIB Release|Mixed Platforms.ActiveCfg = Release|Win32
		{78B079BD-9FC7-4B9E-B4A6-96DA0F00248B}.LIB Release|Mixed Platforms.Build.0 = Release|Win32
		{78B079BD-9FC7-4B9E-B4A6-96DA0F00248B}.LIB Release|Win32.ActiveCfg = Release|Win32
		{78B079BD-9FC7-4B9E-B4A6-96DA0F00248B}.LIB Release|Win32.Build.0 = Release|Win32
		{78B079BD-9FC7-4B9E-B4A6-96DA0F00248B}.Release Multithreaded|Any CPU.ActiveCfg = Release|Win32
		{78B079BD-9FC7-4B9E-B4A6-96DA0F00248B}.Release Multithreaded|Mixed Platforms.ActiveCfg = Release|Win32
		{78B079BD-9FC7-4B9E-B4A6-96DA0F00248B}.Release Multithreaded|Mixed Platforms.Build.0 = Release|Win32
		{78B079BD-9FC7-4B9E-B4A6-96DA0F00248B}.Release Multithreaded|Win32.ActiveCfg = Release|Win32
		{78B079BD-9FC7-4B9E-B4A6-96DA0F00248B}.Release Multithreaded|Win32.Build.0 = Release|Win32
		{78B079BD-9FC7-4B9E-B4A6-96DA0F00248B}.Release MuPDF|Any CPU.ActiveCfg = Release|Win32
		{78B079BD-9FC7-4B9E-B4A6-96DA0F00248B}.Release MuPDF|Mixed Platforms.ActiveCfg = Release|Win32
		{78B079BD-9FC7-4B9E-B4A6-96DA0F00248B}.Release MuPDF|Mixed Platforms.Build.0 = Release|Win32
		{78B079BD-9FC7-4B9E-B4A6-96DA0F00248B}.Release MuPDF|Win32.ActiveCfg = Release|Win32
		{78B079BD-9FC7-4B9E-B4A6-96DA0F00248B}.Release MuPDF|Win32.Build.0 = Release|Win32
		{78B079BD-9FC7-4B9E-B4A6-96DA0F00248B}.Release Singlethreaded|Any CPU.ActiveCfg = Release|Win32
		{78B079BD-9FC7-4B9E-B4A6-96DA0F00248B}.Release Singlethreaded|Mixed Platforms.ActiveCfg = Release|Win32
		{78B079BD-9FC7-4B9E-B4A6-96DA0F00248B}.Release Singlethreaded|Mixed Platforms.Build.0 = Release|Win32
		{78B079BD-9FC7-4B9E-B4A6-96DA0F00248B}.Release Singlethreaded|Win32.ActiveCfg = Release|Win32
		{78B079BD-9FC7-4B9E-B4A6-96DA0F00248B}.Release Singlethreaded|Win32.Build.0 = Release|Win32
		{78B079BD-9FC7-4B9E-B4A6-96DA0F00248B}.Release|Any CPU.ActiveCfg = Release|Win32
		{78B079BD-9FC7-4B9E-B4A6-96DA0F00248B}.Release|Mixed Platforms.ActiveCfg = Release|Win32
		{78B079BD-9FC7-4B9E-B4A6-96DA0F00248B}.Release|Mixed Platforms.Build.0 = Release|Win32
		{78B079BD-9FC7-4B9E-B4A6-96DA0F00248B}.Release|Win32.ActiveCfg = Release|Win32
		{78B079BD-9FC7-4B9E-B4A6-96DA0F00248B}.Release|Win32.Build.0 = Release|Win32
		{4DB564DB-6FE1-4543-89BC-6EE87815C064}.Debug Multithreaded|Any CPU.ActiveCfg = Debug|Win32
		{4DB564DB-6FE1-4543-89BC-6EE87815C064}.Debug Multithreaded|Mixed Platforms.ActiveCfg = Debug|Win32
		{4DB564DB-6FE1-4543-89BC-6EE87815C064}.Debug Multithreaded|Mixed Platforms.Build.0 = Debug|Win32
		{4DB564DB-6FE1-4543-89BC-6EE87815C064}.Debug Multithreaded|Win32.ActiveCfg = Debug|Win32
		{4DB564DB-6FE1-4543-89BC-6EE87815C064}.Debug Multithreaded|Win32.Build.0 = Debug|Win32
		{4DB564DB-6FE1-4543-89BC-6EE87815C064}.Debug MuPDF|Any CPU.ActiveCfg = Debug|Win32
		{4DB564DB-6FE1-4543-89BC-6EE87815C064}.Debug MuPDF|Mixed Platforms.ActiveCfg = Debug|Win32
		{4DB564DB-6FE1-4543-89BC-6EE87815C064}.Debug MuPDF|Mixed Platforms.Build.0 = Debug|Win32
		{4DB564DB-6FE1-4543-89BC-6EE87815C064}.Debug MuPDF|Win32.ActiveCfg = Debug|Win32
		{4DB564DB-6FE1-4543-89BC-6EE87815C064}.Debug MuPDF|Win32.Build.0 = Debug|Win32
		{4DB564DB-6FE1-4543-89BC-6EE87815C064}.Debug Singlethreaded|Any CPU.ActiveCfg = Debug|Win32
		{4DB564DB-6FE1-4543-89BC-6EE87815C064}.Debug Singlethreaded|Mixed Platforms.ActiveCfg = Debug|Win32
		{4DB564DB-6FE1-4543-89BC-6EE87815C064}.Debug Singlethreaded|Mixed Platforms.Build.0 = Debug|Win32
		{4DB564DB-6FE1-4543-89BC-6EE87815C064}.Debug Singlethreaded|Win32.ActiveCfg = Debug|Win32
		{4DB564DB-6FE1-4543-89BC-6EE87815C064}.Debug Singlethreaded|Win32.Build.0 = Debug|Win32
		{4DB564DB-6FE1-4543-89BC-6EE87815C064}.Debug|Any CPU.ActiveCfg = Debug|Win32
		{4DB564DB-6FE1-4543-89BC-6EE87815C064}.Debug|Mixed Platforms.ActiveCfg = Debug|Win32
		{4DB564DB-6FE1-4543-89BC-6EE87815C064}.Debug|Mixed Platforms.Build.0 = Debug|Win32
		{4DB564DB-6FE1-4543-89BC-6EE87815C064}.Debug|Win32.ActiveCfg = Debug|Win32
		{4DB564DB-6FE1-4543-89BC-6EE87815C064}.Debug|Win32.Build.0 = Debug|Win32
		{4DB564DB-6FE1-4543-89BC-6EE87815C064}.DLL ASM Debug|Any CPU.ActiveCfg = Debug|Win32
		{4DB564DB-6FE1-4543-89BC-6EE87815C064}.DLL ASM Debug|Mixed Platforms.ActiveCfg = Debug|Win32
		{4DB564DB-6FE1-4543-89BC-6EE87815C064}.DLL ASM Debug|Mixed Platforms.Build.0 = Debug|Win32
		{4DB564DB-6FE1-4543-89BC-6EE87815C064}.DLL ASM Debug|Win32.ActiveCfg = Debug|Win32
		{4DB564DB-6FE1-4543-89BC-6EE87815C064}.DLL ASM Debug|Win32.Build.0 = Debug|Win32
		{4DB564DB-6FE1-4543-89BC-6EE87815C064}.DLL ASM Release|Any CPU.ActiveCfg = Release|Win32
		{4DB564DB-6FE1-4543-89BC-6EE87815C064}.DLL ASM Release|Mixed Platforms.ActiveCfg = Release|Win32
		{4DB564DB-6FE1-4543-89BC-6EE87815C064}.DLL ASM Release|Mixed Platforms.Build.0 = Release|Win32
		{4DB564DB-6FE1-4543-89BC-6EE87815C064}.DLL ASM Release|Win32.ActiveCfg = Release|Win32
		{4DB564DB-6FE1-4543-89BC-6EE87815C064}.DLL ASM Release|Win32.Build.0 = Release|Win32
		{4DB564DB-6FE1-4543-89BC-6EE87815C064}.DLL Debug|Any CPU.ActiveCfg = Debug|Win32
		{4DB564DB-6FE1-4543-89BC-6EE87815C064}.DLL Debug|Mixed Platforms.ActiveCfg = Debug|Win32
		{4DB564DB-6FE1-4543-89BC-6EE87815C064}.DLL Debug|Mixed Platforms.Build.0 = Debug|Win32
		{4DB564DB-6FE1-4543-89BC-6EE87815C064}.DLL Debug|Win32.ActiveCfg = Debug|Win32
		{4DB564DB-6FE1-4543-89BC-6EE87815C064}.DLL Debug|Win32.Build.0 = Debug|Win32
		{4DB564DB-6FE1-4543-89BC-6EE87815C064}.DLL Release|Any CPU.ActiveCfg = Release|Win32
		{4DB564DB-6FE1-4543-89BC-6EE87815C064}.DLL Release|Mixed Platforms.ActiveCfg = Release|Win32
		{4DB564DB-6FE1-4543-89BC-6EE87815C064}.DLL Release|Mixed Platforms.Build.0 = Release|Win32
		{4DB564DB-6FE1-4543-89BC-6EE87815C064}.DLL Release|Win32.ActiveCfg = Release|Win32
		{4DB564DB-6FE1-4543-89BC-6EE87815C064}.DLL Release|Win32.Build.0 = Release|Win32
		{4DB564DB-6FE1-4543-89BC-6EE87815C064}.LIB ASM Debug|Any CPU.ActiveCfg = Debug|Win32
		{4DB564DB-6FE1-4543-89BC-6EE87815C064}.LIB ASM Debug|Mixed Platforms.ActiveCfg = Debug|Win32
		{4DB564DB-6FE1-4543-89BC-6EE87815C064}.LIB ASM Debug|Mixed Platforms.Build.0 = Debug|Win32
		{4DB564DB-6FE1-4543-89BC-6EE87815C064}.LIB ASM Debug|Win32.ActiveCfg = Debug|Win32
		{4DB564DB-6FE1-4543-89BC-6EE87815C064}.LIB ASM Debug|Win32.Build.0 = Debug|Win32
		{4DB564DB-6FE1-4543-89BC-6EE87815C064}.LIB ASM Release|Any CPU.ActiveCfg = Release|Win32
		{4DB564DB-6FE1-4543-89BC-6EE87815C064}.LIB ASM Release|Mixed Platforms.ActiveCfg = Release|Win32
		{4DB564DB-6FE1-4543-89BC-6EE87815C064}.LIB ASM Release|Mixed Platforms.Build.0 = Release|Win32
		{4DB564DB-6FE1-4543-89BC-6EE87815C064}.LIB ASM Release|Win32.ActiveCfg = Release|Win32
		{4DB564DB-6FE1-4543-89BC-6EE87815C064}.LIB ASM Release|Win32.Build.0 = Release|Win32
		{4DB564DB-6FE1-4543-89BC-6EE87815C064}.LIB Debug|Any CPU.ActiveCfg = Debug|Win32
		{4DB564DB-6FE1-4543-89BC-6EE87815C064}.LIB Debug|Mixed Platforms.ActiveCfg = Debug|Win32
		{4DB564DB-6FE1-4543-89BC-6EE87815C064}.LIB Debug|Mixed Platforms.Build.0 = Debug|Win32
		{4DB564DB-6FE1-4543-89BC-6EE87815C064}.LIB Debug|Win32.ActiveCfg = Debug|Win32
		{4DB564DB-6FE1-4543-89BC-6EE87815C064}.LIB Debug|Win32.Build.0 = Debug|Win32
		{4DB564DB-6FE1-4543-89BC-6EE87815C064}.LIB Release|Any CPU.ActiveCfg = Release|Win32
		{4DB564DB-6FE1-4543-89BC-6EE87815C064}.LIB Release|Mixed Platforms.ActiveCfg = Release|Win32
		{4DB564DB-6FE1-4543-89BC-6EE87815C064}.LIB Release|Mixed Platforms.Build.0 = Release|Win32
		{4DB564DB-6FE1-4543-89BC-6EE87815C064}.LIB Release|Win32.ActiveCfg = Release|Win32
		{4DB564DB-6FE1-4543-89BC-6EE87815C064}.LIB Release|Win32.Build.0 = Release|Win32
		{4DB564DB-6FE1-4543-89BC-6EE87815C064}.Release Multithreaded|Any CPU.ActiveCfg = Release|Win32
		{4DB564DB-6FE1-4543-89BC-6EE87815C064}.Release Multithreaded|Mixed Platforms.ActiveCfg = Release|Win32
		{4DB564DB-6FE1-4543-89BC-6EE87815C064}.Release Multithreaded|Mixed Platforms.Build.0 = Release|Win32
		{4DB564DB-6FE1-4543-89BC-6EE87815C064}.Release Multithreaded|Win32.ActiveCfg = Release|Win32
		{4DB564DB-6FE1-4543-89BC-6EE87815C064}.Release Multithreaded|Win32.Build.0 = Release|Win32
		{4DB564DB-6FE1-4543-89BC-6EE87815C064}.Release MuPDF|Any CPU.ActiveCfg = Release|Win32
		{4DB564DB-6FE1-4543-89BC-6EE87815C064}.Release MuPDF|Mixed Platforms.ActiveCfg = Release|Win32
		{4DB564DB-6FE1-4543-89BC-6EE87815C064}.Release MuPDF|Mixed Platforms.Build.0 = Release|Win32
		{4DB564DB-6FE1-4543-89BC-6EE87815C064}.Release MuPDF|Win32.ActiveCfg = Release|Win32
		{4DB564DB-6FE1-4543-89BC-6EE87815C064}.Release MuPDF|Win32.Build.0 = Release|Win32
		{4DB564DB-6FE1-4543-89BC-6EE87815C064}.Release Singlethreaded|Any CPU.ActiveCfg = Release|Win32
		{4DB564DB-6FE1-4543-89BC-6EE87815C064}.Release Singlethreaded|Mixed Platforms.ActiveCfg = Release|Win32
		{4DB564DB-6FE1-4543-89BC-6EE87815C064}.Release Singlethreaded|Mixed Platforms.Build.0 = Release|Win32
		{4DB564DB-6FE1-4543-89BC-6EE87815C064}.Release Singlethreaded|Win32.ActiveCfg = Release|Win32
		{4DB564DB-6FE1-4543-89BC-6EE87815C064}.Release Singlethreaded|Win32.Build.0 = Release|Win32
		{4DB564DB-6FE1-4543-89BC-6EE87815C064}.Release|Any CPU.ActiveCfg = Release|Win32
		{4DB564DB-6FE1-4543-89BC-6EE87815C064}.Release|Mixed Platforms.ActiveCfg = Release|Win32
		{4DB564DB-6FE1-4543-89BC-6EE87815C064}.Release|Mixed Platforms.Build.0 = Release|Win32
		{4DB564DB-6FE1-4543-89BC-6EE87815C064}.Release|Win32.ActiveCfg = Release|Win32
		{4DB564DB-6FE1-4543-89BC-6EE87815C064}.Release|Win32.Build.0 = Release|Win32
		{8BDE8E0A-4F7C-4671-AF23-2B077A385AFD}.Debug Multithreaded|Any CPU.ActiveCfg = Debug no MuPDF|Win32
		{8BDE8E0A-4F7C-4671-AF23-2B077A385AFD}.Debug Multithreaded|Mixed Platforms.ActiveCfg = Debug no MuPDF|Win32
		{8BDE8E0A-4F7C-4671-AF23-2B077A385AFD}.Debug Multithreaded|Mixed Platforms.Build.0 = Debug no MuPDF|Win32
		{8BDE8E0A-4F7C-4671-AF23-2B077A385AFD}.Debug Multithreaded|Win32.ActiveCfg = Debug no MuPDF|Win32
		{8BDE8E0A-4F7C-4671-AF23-2B077A385AFD}.Debug Multithreaded|Win32.Build.0 = Debug no MuPDF|Win32
		{8BDE8E0A-4F7C-4671-AF23-2B077A385AFD}.Debug MuPDF|Any CPU.ActiveCfg = Debug no MuPDF|Win32
		{8BDE8E0A-4F7C-4671-AF23-2B077A385AFD}.Debug MuPDF|Mixed Platforms.ActiveCfg = Debug no MuPDF|Win32
		{8BDE8E0A-4F7C-4671-AF23-2B077A385AFD}.Debug MuPDF|Mixed Platforms.Build.0 = Debug no MuPDF|Win32
		{8BDE8E0A-4F7C-4671-AF23-2B077A385AFD}.Debug MuPDF|Win32.ActiveCfg = Debug no MuPDF|Win32
		{8BDE8E0A-4F7C-4671-AF23-2B077A385AFD}.Debug MuPDF|Win32.Build.0 = Debug no MuPDF|Win32
		{8BDE8E0A-4F7C-4671-AF23-2B077A385AFD}.Debug Singlethreaded|Any CPU.ActiveCfg = Debug no MuPDF|Win32
		{8BDE8E0A-4F7C-4671-AF23-2B077A385AFD}.Debug Singlethreaded|Mixed Platforms.ActiveCfg = Debug no MuPDF|Win32
		{8BDE8E0A-4F7C-4671-AF23-2B077A385AFD}.Debug Singlethreaded|Mixed Platforms.Build.0 = Debug no MuPDF|Win32
		{8BDE8E0A-4F7C-4671-AF23-2B077A385AFD}.Debug Singlethreaded|Win32.ActiveCfg = Debug no MuPDF|Win32
		{8BDE8E0A-4F7C-4671-AF23-2B077A385AFD}.Debug Singlethreaded|Win32.Build.0 = Debug no MuPDF|Win32
		{8BDE8E0A-4F7C-4671-AF23-2B077A385AFD}.Debug|Any CPU.ActiveCfg = Debug|Win32
		{8BDE8E0A-4F7C-4671-AF23-2B077A385AFD}.Debug|Mixed Platforms.ActiveCfg = Debug|Win32
		{8BDE8E0A-4F7C-4671-AF23-2B077A385AFD}.Debug|Mixed Platforms.Build.0 = Debug|Win32
		{8BDE8E0A-4F7C-4671-AF23-2B077A385AFD}.Debug|Win32.ActiveCfg = Debug|Win32
		{8BDE8E0A-4F7C-4671-AF23-2B077A385AFD}.Debug|Win32.Build.0 = Debug|Win32
		{8BDE8E0A-4F7C-4671-AF23-2B077A385AFD}.DLL ASM Debug|Any CPU.ActiveCfg = Debug|Win32
		{8BDE8E0A-4F7C-4671-AF23-2B077A385AFD}.DLL ASM Debug|Mixed Platforms.ActiveCfg = Debug|Win32
		{8BDE8E0A-4F7C-4671-AF23-2B077A385AFD}.DLL ASM Debug|Mixed Platforms.Build.0 = Debug|Win32
		{8BDE8E0A-4F7C-4671-AF23-2B077A385AFD}.DLL ASM Debug|Win32.ActiveCfg = Debug|Win32
		{8BDE8E0A-4F7C-4671-AF23-2B077A385AFD}.DLL ASM Debug|Win32.Build.0 = Debug|Win32
		{8BDE8E0A-4F7C-4671-AF23-2B077A385AFD}.DLL ASM Release|Any CPU.ActiveCfg = Release|Win32
		{8BDE8E0A-4F7C-4671-AF23-2B077A385AFD}.DLL ASM Release|Mixed Platforms.ActiveCfg = Release|Win32
		{8BDE8E0A-4F7C-4671-AF23-2B077A385AFD}.DLL ASM Release|Mixed Platforms.Build.0 = Release|Win32
		{8BDE8E0A-4F7C-4671-AF23-2B077A385AFD}.DLL ASM Release|Win32.ActiveCfg = Release|Win32
		{8BDE8E0A-4F7C-4671-AF23-2B077A385AFD}.DLL ASM Release|Win32.Build.0 = Release|Win32
		{8BDE8E0A-4F7C-4671-AF23-2B077A385AFD}.DLL Debug|Any CPU.ActiveCfg = Debug|Win32
		{8BDE8E0A-4F7C-4671-AF23-2B077A385AFD}.DLL Debug|Mixed Platforms.ActiveCfg = Debug|Win32
		{8BDE8E0A-4F7C-4671-AF23-2B077A385AFD}.DLL Debug|Mixed Platforms.Build.0 = Debug|Win32
		{8BDE8E0A-4F7C-4671-AF23-2B077A385AFD}.DLL Debug|Win32.ActiveCfg = Debug|Win32
		{8BDE8E0A-4F7C-4671-AF23-2B077A385AFD}.DLL Debug|Win32.Build.0 = Debug|Win32
		{8BDE8E0A-4F7C-4671-AF23-2B077A385AFD}.DLL Release|Any CPU.ActiveCfg = Release|Win32
		{8BDE8E0A-4F7C-4671-AF23-2B077A385AFD}.DLL Release|Mixed Platforms.ActiveCfg = Release|Win32
		{8BDE8E0A-4F7C-4671-AF23-2B077A385AFD}.DLL Release|Mixed Platforms.Build.0 = Release|Win32
		{8BDE8E0A-4F7C-4671-AF23-2B077A385AFD}.DLL Release|Win32.ActiveCfg = Release|Win32
		{8BDE8E0A-4F7C-4671-AF23-2B077A385AFD}.DLL Release|Win32.Build.0 = Release|Win32
		{8BDE8E0A-4F7C-4671-AF23-2B077A385AFD}.LIB ASM Debug|Any CPU.ActiveCfg = Debug|Win32
		{8BDE8E0A-4F7C-4671-AF23-2B077A385AFD}.LIB ASM Debug|Mixed Platforms.ActiveCfg = Debug|Win32
		{8BDE8E0A-4F7C-4671-AF23-2B077A385AFD}.LIB ASM Debug|Mixed Platforms.Build.0 = Debug|Win32
		{8BDE8E0A-4F7C-4671-AF23-2B077A385AFD}.LIB ASM Debug|Win32.ActiveCfg = Debug|Win32
		{8BDE8E0A-4F7C-4671-AF23-2B077A385AFD}.LIB ASM Debug|Win32.Build.0 = Debug|Win32
		{8BDE8E0A-4F7C-4671-AF23-2B077A385AFD}.LIB ASM Release|Any CPU.ActiveCfg = Release|Win32
		{8BDE8E0A-4F7C-4671-AF23-2B077A385AFD}.LIB ASM Release|Mixed Platforms.ActiveCfg = Release|Win32
		{8BDE8E0A-4F7C-4671-AF23-2B077A385AFD}.LIB ASM Release|Mixed Platforms.Build.0 = Release|Win32
		{8BDE8E0A-4F7C-4671-AF23-2B077A385AFD}.LIB ASM Release|Win32.ActiveCfg = Release|Win32
		{8BDE8E0A-4F7C-4671-AF23-2B077A385AFD}.LIB ASM Release|Win32.Build.0 = Release|Win32
		{8BDE8E0A-4F7C-4671-AF23-2B077A385AFD}.LIB Debug|Any CPU.ActiveCfg = Debug|Win32
		{8BDE8E0A-4F7C-4671-AF23-2B077A385AFD}.LIB Debug|Mixed Platforms.ActiveCfg = Debug|Win32
		{8BDE8E0A-4F7C-4671-AF23-2B077A385AFD}.LIB Debug|Mixed Platforms.Build.0 = Debug|Win32
		{8BDE8E0A-4F7C-4671-AF23-2B077A385AFD}.LIB Debug|Win32.ActiveCfg = Debug|Win32
		{8BDE8E0A-4F7C-4671-AF23-2B077A385AFD}.LIB Debug|Win32.Build.0 = Debug|Win32
		{8BDE8E0A-4F7C-4671-AF23-2B077A385AFD}.LIB Release|Any CPU.ActiveCfg = Release|Win32
		{8BDE8E0A-4F7C-4671-AF23-2B077A385AFD}.LIB Release|Mixed Platforms.ActiveCfg = Release|Win32
		{8BDE8E0A-4F7C-4671-AF23-2B077A385AFD}.LIB Release|Mixed Platforms.Build.0 = Release|Win32
		{8BDE8E0A-4F7C-4671-AF23-2B077A385AFD}.LIB Release|Win32.ActiveCfg = Release|Win32
		{8BDE8E0A-4F7C-4671-AF23-2B077A385AFD}.LIB Release|Win32.Build.0 = Release|Win32
		{8BDE8E0A-4F7C-4671-AF23-2B077A385AFD}.Release Multithreaded|Any CPU.ActiveCfg = Release no MuPDF|Win32
		{8BDE8E0A-4F7C-4671-AF23-2B077A385AFD}.Release Multithreaded|Mixed Platforms.ActiveCfg = Release no MuPDF|Win32
		{8BDE8E0A-4F7C-4671-AF23-2B077A385AFD}.Release Multithreaded|Mixed Platforms.Build.0 = Release no MuPDF|Win32
		{8BDE8E0A-4F7C-4671-AF23-2B077A385AFD}.Release Multithreaded|Win32.ActiveCfg = Release no MuPDF|Win32
		{8BDE8E0A-4F7C-4671-AF23-2B077A385AFD}.Release Multithreaded|Win32.Build.0 = Release no MuPDF|Win32
		{8BDE8E0A-4F7C-4671-AF23-2B077A385AFD}.Release MuPDF|Any CPU.ActiveCfg = Release no MuPDF|Win32
		{8BDE8E0A-4F7C-4671-AF23-2B077A385AFD}.Release MuPDF|Mixed Platforms.ActiveCfg = Release no MuPDF|Win32
		{8BDE8E0A-4F7C-4671-AF23-2B077A385AFD}.Release MuPDF|Mixed Platforms.Build.0 = Release no MuPDF|Win32
		{8BDE8E0A-4F7C-4671-AF23-2B077A385AFD}.Release MuPDF|Win32.ActiveCfg = Release no MuPDF|Win32
		{8BDE8E0A-4F7C-4671-AF23-2B077A385AFD}.Release MuPDF|Win32.Build.0 = Release no MuPDF|Win32
		{8BDE8E0A-4F7C-4671-AF23-2B077A385AFD}.Release Singlethreaded|Any CPU.ActiveCfg = Release no MuPDF|Win32
		{8BDE8E0A-4F7C-4671-AF23-2B077A385AFD}.Release Singlethreaded|Mixed Platforms.ActiveCfg = Release no MuPDF|Win32
		{8BDE8E0A-4F7C-4671-AF23-2B077A385AFD}.Release Singlethreaded|Mixed Platforms.Build.0 = Release no MuPDF|Win32
		{8BDE8E0A-4F7C-4671-AF23-2B077A385AFD}.Release Singlethreaded|Win32.ActiveCfg = Release no MuPDF|Win32
		{8BDE8E0A-4F7C-4671-AF23-2B077A385AFD}.Release Singlethreaded|Win32.Build.0 = Release no MuPDF|Win32
		{8BDE8E0A-4F7C-4671-AF23-2B077A385AFD}.Release|Any CPU.ActiveCfg = Release|Win32
		{8BDE8E0A-4F7C-4671-AF23-2B077A385AFD}.Release|Mixed Platforms.ActiveCfg = Release|Win32
		{8BDE8E0A-4F7C-4671-AF23-2B077A385AFD}.Release|Mixed Platforms.Build.0 = Release|Win32
		{8BDE8E0A-4F7C-4671-AF23-2B077A385AFD}.Release|Win32.ActiveCfg = Release|Win32
		{8BDE8E0A-4F7C-4671-AF23-2B077A385AFD}.Release|Win32.Build.0 = Release|Win32
		{8A9C383C-C04B-4AA3-84C5-C27E057B5FA2}.Debug Multithreaded|Any CPU.ActiveCfg = Debug|Any CPU
		{8A9C383C-C04B-4AA3-84C5-C27E057B5FA2}.Debug Multithreaded|Any CPU.Build.0 = Debug|Any CPU
		{8A9C383C-C04B-4AA3-84C5-C27E057B5FA2}.Debug Multithreaded|Mixed Platforms.ActiveCfg = Debug|Any CPU
		{8A9C383C-C04B-4AA3-84C5-C27E057B5FA2}.Debug Multithreaded|Mixed Platforms.Build.0 = Debug|Any CPU
		{8A9C383C-C04B-4AA3-84C5-C27E057B5FA2}.Debug Multithreaded|Win32.ActiveCfg = Debug|Any CPU
		{8A9C383C-C04B-4AA3-84C5-C27E057B5FA2}.Debug MuPDF|Any CPU.ActiveCfg = Debug|Any CPU
		{8A9C383C-C04B-4AA3-84C5-C27E057B5FA2}.Debug MuPDF|Any CPU.Build.0 = Debug|Any CPU
		{8A9C383C-C04B-4AA3-84C5-C27E057B5FA2}.Debug MuPDF|Mixed Platforms.ActiveCfg = Debug|Any CPU
		{8A9C383C-C04B-4AA3-84C5-C27E057B5FA2}.Debug MuPDF|Mixed Platforms.Build.0 = Debug|Any CPU
		{8A9C383C-C04B-4AA3-84C5-C27E057B5FA2}.Debug MuPDF|Win32.ActiveCfg = Debug|Any CPU
		{8A9C383C-C04B-4AA3-84C5-C27E057B5FA2}.Debug Singlethreaded|Any CPU.ActiveCfg = Debug|Any CPU
		{8A9C383C-C04B-4AA3-84C5-C27E057B5FA2}.Debug Singlethreaded|Any CPU.Build.0 = Debug|Any CPU
		{8A9C383C-C04B-4AA3-84C5-C27E057B5FA2}.Debug Singlethreaded|Mixed Platforms.ActiveCfg = Debug|Any CPU
		{8A9C383C-C04B-4AA3-84C5-C27E057B5FA2}.Debug Singlethreaded|Mixed Platforms.Build.0 = Debug|Any CPU
		{8A9C383C-C04B-4AA3-84C5-C27E057B5FA2}.Debug Singlethreaded|Win32.ActiveCfg = Debug|Any CPU
		{8A9C383C-C04B-4AA3-84C5-C27E057B5FA2}.Debug|Any CPU.ActiveCfg = Debug|Any CPU
		{8A9C383C-C04B-4AA3-84C5-C27E057B5FA2}.Debug|Any CPU.Build.0 = Debug|Any CPU
		{8A9C383C-C04B-4AA3-84C5-C27E057B5FA2}.Debug|Mixed Platforms.ActiveCfg = Debug|Any CPU
		{8A9C383C-C04B-4AA3-84C5-C27E057B5FA2}.Debug|Mixed Platforms.Build.0 = Debug|Any CPU
		{8A9C383C-C04B-4AA3-84C5-C27E057B5FA2}.Debug|Win32.ActiveCfg = Debug|Any CPU
		{8A9C383C-C04B-4AA3-84C5-C27E057B5FA2}.DLL ASM Debug|Any CPU.ActiveCfg = Debug|Any CPU
		{8A9C383C-C04B-4AA3-84C5-C27E057B5FA2}.DLL ASM Debug|Any CPU.Build.0 = Debug|Any CPU
		{8A9C383C-C04B-4AA3-84C5-C27E057B5FA2}.DLL ASM Debug|Mixed Platforms.ActiveCfg = Debug|Any CPU
		{8A9C383C-C04B-4AA3-84C5-C27E057B5FA2}.DLL ASM Debug|Mixed Platforms.Build.0 = Debug|Any CPU
		{8A9C383C-C04B-4AA3-84C5-C27E057B5FA2}.DLL ASM Debug|Win32.ActiveCfg = Debug|Any CPU
		{8A9C383C-C04B-4AA3-84C5-C27E057B5FA2}.DLL ASM Release|Any CPU.ActiveCfg = Release|Any CPU
		{8A9C383C-C04B-4AA3-84C5-C27E057B5FA2}.DLL ASM Release|Any CPU.Build.0 = Release|Any CPU
		{8A9C383C-C04B-4AA3-84C5-C27E057B5FA2}.DLL ASM Release|Mixed Platforms.ActiveCfg = Release|Any CPU
		{8A9C383C-C04B-4AA3-84C5-C27E057B5FA2}.DLL ASM Release|Mixed Platforms.Build.0 = Release|Any CPU
		{8A9C383C-C04B-4AA3-84C5-C27E057B5FA2}.DLL ASM Release|Win32.ActiveCfg = Release|Any CPU
		{8A9C383C-C04B-4AA3-84C5-C27E057B5FA2}.DLL Debug|Any CPU.ActiveCfg = Debug|Any CPU
		{8A9C383C-C04B-4AA3-84C5-C27E057B5FA2}.DLL Debug|Any CPU.Build.0 = Debug|Any CPU
		{8A9C383C-C04B-4AA3-84C5-C27E057B5FA2}.DLL Debug|Mixed Platforms.ActiveCfg = Debug|Any CPU
		{8A9C383C-C04B-4AA3-84C5-C27E057B5FA2}.DLL Debug|Mixed Platforms.Build.0 = Debug|Any CPU
		{8A9C383C-C04B-4AA3-84C5-C27E057B5FA2}.DLL Debug|Win32.ActiveCfg = Debug|Any CPU
		{8A9C383C-C04B-4AA3-84C5-C27E057B5FA2}.DLL Release|Any CPU.ActiveCfg = Release|Any CPU
		{8A9C383C-C04B-4AA3-84C5-C27E057B5FA2}.DLL Release|Any CPU.Build.0 = Release|Any CPU
		{8A9C383C-C04B-4AA3-84C5-C27E057B5FA2}.DLL Release|Mixed Platforms.ActiveCfg = Release|Any CPU
		{8A9C383C-C04B-4AA3-84C5-C27E057B5FA2}.DLL Release|Mixed Platforms.Build.0 = Release|Any CPU
		{8A9C383C-C04B-4AA3-84C5-C27E057B5FA2}.DLL Release|Win32.ActiveCfg = Release|Any CPU
		{8A9C383C-C04B-4AA3-84C5-C27E057B5FA2}.LIB ASM Debug|Any CPU.ActiveCfg = Debug|Any CPU
		{8A9C383C-C04B-4AA3-84C5-C27E057B5FA2}.LIB ASM Debug|Any CPU.Build.0 = Debug|Any CPU
		{8A9C383C-C04B-4AA3-84C5-C27E057B5FA2}.LIB ASM Debug|Mixed Platforms.ActiveCfg = Debug|Any CPU
		{8A9C383C-C04B-4AA3-84C5-C27E057B5FA2}.LIB ASM Debug|Mixed Platforms.Build.0 = Debug|Any CPU
		{8A9C383C-C04B-4AA3-84C5-C27E057B5FA2}.LIB ASM Debug|Win32.ActiveCfg = Debug|Any CPU
		{8A9C383C-C04B-4AA3-84C5-C27E057B5FA2}.LIB ASM Release|Any CPU.ActiveCfg = Release|Any CPU
		{8A9C383C-C04B-4AA3-84C5-C27E057B5FA2}.LIB ASM Release|Any CPU.Build.0 = Release|Any CPU
		{8A9C383C-C04B-4AA3-84C5-C27E057B5FA2}.LIB ASM Release|Mixed Platforms.ActiveCfg = Release|Any CPU
		{8A9C383C-C04B-4AA3-84C5-C27E057B5FA2}.LIB ASM Release|Mixed Platforms.Build.0 = Release|Any CPU
		{8A9C383C-C04B-4AA3-84C5-C27E057B5FA2}.LIB ASM Release|Win32.ActiveCfg = Release|Any CPU
		{8A9C383C-C04B-4AA3-84C5-C27E057B5FA2}.LIB Debug|Any CPU.ActiveCfg = Debug|Any CPU
		{8A9C383C-C04B-4AA3-84C5-C27E057B5FA2}.LIB Debug|Any CPU.Build.0 = Debug|Any CPU
		{8A9C383C-C04B-4AA3-84C5-C27E057B5FA2}.LIB Debug|Mixed Platforms.ActiveCfg = Debug|Any CPU
		{8A9C383C-C04B-4AA3-84C5-C27E057B5FA2}.LIB Debug|Mixed Platforms.Build.0 = Debug|Any CPU
		{8A9C383C-C04B-4AA3-84C5-C27E057B5FA2}.LIB Debug|Win32.ActiveCfg = Debug|Any CPU
		{8A9C383C-C04B-4AA3-84C5-C27E057B5FA2}.LIB Release|Any CPU.ActiveCfg = Release|Any CPU
		{8A9C383C-C04B-4AA3-84C5-C27E057B5FA2}.LIB Release|Any CPU.Build.0 = Release|Any CPU
		{8A9C383C-C04B-4AA3-84C5-C27E057B5FA2}.LIB Release|Mixed Platforms.ActiveCfg = Release|Any CPU
		{8A9C383C-C04B-4AA3-84C5-C27E057B5FA2}.LIB Release|Mixed Platforms.Build.0 = Release|Any CPU
		{8A9C383C-C04B-4AA3-84C5-C27E057B5FA2}.LIB Release|Win32.ActiveCfg = Release|Any CPU
		{8A9C383C-C04B-4AA3-84C5-C27E057B5FA2}.Release Multithreaded|Any CPU.ActiveCfg = Release|Any CPU
		{8A9C383C-C04B-4AA3-84C5-C27E057B5FA2}.Release Multithreaded|Any CPU.Build.0 = Release|Any CPU
		{8A9C383C-C04B-4AA3-84C5-C27E057B5FA2}.Release Multithreaded|Mixed Platforms.ActiveCfg = Release|Any CPU
		{8A9C383C-C04B-4AA3-84C5-C27E057B5FA2}.Release Multithreaded|Mixed Platforms.Build.0 = Release|Any CPU
		{8A9C383C-C04B-4AA3-84C5-C27E057B5FA2}.Release Multithreaded|Win32.ActiveCfg = Release|Any CPU
		{8A9C383C-C04B-4AA3-84C5-C27E057B5FA2}.Release MuPDF|Any CPU.ActiveCfg = Release|Any CPU
		{8A9C383C-C04B-4AA3-84C5-C27E057B5FA2}.Release MuPDF|Any CPU.Build.0 = Release|Any CPU
		{8A9C383C-C04B-4AA3-84C5-C27E057B5FA2}.Release MuPDF|Mixed Platforms.ActiveCfg = Release|Any CPU
		{8A9C383C-C04B-4AA3-84C5-C27E057B5FA2}.Release MuPDF|Mixed Platforms.Build.0 = Release|Any CPU
		{8A9C383C-C04B-4AA3-84C5-C27E057B5FA2}.Release MuPDF|Win32.ActiveCfg = Release|Any CPU
		{8A9C383C-C04B-4AA3-84C5-C27E057B5FA2}.Release Singlethreaded|Any CPU.ActiveCfg = Release|Any CPU
		{8A9C383C-C04B-4AA3-84C5-C27E057B5FA2}.Release Singlethreaded|Any CPU.Build.0 = Release|Any CPU
		{8A9C383C-C04B-4AA3-84C5-C27E057B5FA2}.Release Singlethreaded|Mixed Platforms.ActiveCfg = Release|Any CPU
		{8A9C383C-C04B-4AA3-84C5-C27E057B5FA2}.Release Singlethreaded|Mixed Platforms.Build.0 = Release|Any CPU
		{8A9C383C-C04B-4AA3-84C5-C27E057B5FA2}.Release Singlethreaded|Win32.ActiveCfg = Release|Any CPU
		{8A9C383C-C04B-4AA3-84C5-C27E057B5FA2}.Release|Any CPU.ActiveCfg = Release|Any CPU
		{8A9C383C-C04B-4AA3-84C5-C27E057B5FA2}.Release|Any CPU.Build.0 = Release|Any CPU
		{8A9C383C-C04B-4AA3-84C5-C27E057B5FA2}.Release|Mixed Platforms.ActiveCfg = Release|Any CPU
		{8A9C383C-C04B-4AA3-84C5-C27E057B5FA2}.Release|Mixed Platforms.Build.0 = Release|Any CPU
		{8A9C383C-C04B-4AA3-84C5-C27E057B5FA2}.Release|Win32.ActiveCfg = Release|Any CPU
		{5E3040DA-5B10-4D4F-AC72-281A4FE33793}.Debug Multithreaded|Any CPU.ActiveCfg = Debug|Win32
		{5E3040DA-5B10-4D4F-AC72-281A4FE33793}.Debug Multithreaded|Mixed Platforms.ActiveCfg = Debug|Win32
		{5E3040DA-5B10-4D4F-AC72-281A4FE33793}.Debug Multithreaded|Mixed Platforms.Build.0 = Debug|Win32
		{5E3040DA-5B10-4D4F-AC72-281A4FE33793}.Debug Multithreaded|Win32.ActiveCfg = Debug|Win32
		{5E3040DA-5B10-4D4F-AC72-281A4FE33793}.Debug Multithreaded|Win32.Build.0 = Debug|Win32
		{5E3040DA-5B10-4D4F-AC72-281A4FE33793}.Debug MuPDF|Any CPU.ActiveCfg = Debug|Win32
		{5E3040DA-5B10-4D4F-AC72-281A4FE33793}.Debug MuPDF|Mixed Platforms.ActiveCfg = Debug|Win32
		{5E3040DA-5B10-4D4F-AC72-281A4FE33793}.Debug MuPDF|Mixed Platforms.Build.0 = Debug|Win32
		{5E3040DA-5B10-4D4F-AC72-281A4FE33793}.Debug MuPDF|Win32.ActiveCfg = Debug|Win32
		{5E3040DA-5B10-4D4F-AC72-281A4FE33793}.Debug MuPDF|Win32.Build.0 = Debug|Win32
		{5E3040DA-5B10-4D4F-AC72-281A4FE33793}.Debug Singlethreaded|Any CPU.ActiveCfg = Debug|Win32
		{5E3040DA-5B10-4D4F-AC72-281A4FE33793}.Debug Singlethreaded|Mixed Platforms.ActiveCfg = Debug|Win32
		{5E3040DA-5B10-4D4F-AC72-281A4FE33793}.Debug Singlethreaded|Mixed Platforms.Build.0 = Debug|Win32
		{5E3040DA-5B10-4D4F-AC72-281A4FE33793}.Debug Singlethreaded|Win32.ActiveCfg = Debug|Win32
		{5E3040DA-5B10-4D4F-AC72-281A4FE33793}.Debug Singlethreaded|Win32.Build.0 = Debug|Win32
		{5E3040DA-5B10-4D4F-AC72-281A4FE33793}.Debug|Any CPU.ActiveCfg = Debug|Win32
		{5E3040DA-5B10-4D4F-AC72-281A4FE33793}.Debug|Mixed Platforms.ActiveCfg = Debug|Win32
		{5E3040DA-5B10-4D4F-AC72-281A4FE33793}.Debug|Mixed Platforms.Build.0 = Debug|Win32
		{5E3040DA-5B10-4D4F-AC72-281A4FE33793}.Debug|Win32.ActiveCfg = Debug|Win32
		{5E3040DA-5B10-4D4F-AC72-281A4FE33793}.Debug|Win32.Build.0 = Debug|Win32
		{5E3040DA-5B10-4D4F-AC72-281A4FE33793}.DLL ASM Debug|Any CPU.ActiveCfg = Debug|Win32
		{5E3040DA-5B10-4D4F-AC72-281A4FE33793}.DLL ASM Debug|Mixed Platforms.ActiveCfg = Debug|Win32
		{5E3040DA-5B10-4D4F-AC72-281A4FE33793}.DLL ASM Debug|Mixed Platforms.Build.0 = Debug|Win32
		{5E3040DA-5B10-4D4F-AC72-281A4FE33793}.DLL ASM Debug|Win32.ActiveCfg = Debug|Win32
		{5E3040DA-5B10-4D4F-AC72-281A4FE33793}.DLL ASM Debug|Win32.Build.0 = Debug|Win32
		{5E3040DA-5B10-4D4F-AC72-281A4FE33793}.DLL ASM Release|Any CPU.ActiveCfg = Release|Win32
		{5E3040DA-5B10-4D4F-AC72-281A4FE33793}.DLL ASM Release|Mixed Platforms.ActiveCfg = Release|Win32
		{5E3040DA-5B10-4D4F-AC72-281A4FE33793}.DLL ASM Release|Mixed Platforms.Build.0 = Release|Win32
		{5E3040DA-5B10-4D4F-AC72-281A4FE33793}.DLL ASM Release|Win32.ActiveCfg = Release|Win32
		{5E3040DA-5B10-4D4F-AC72-281A4FE33793}.DLL ASM Release|Win32.Build.0 = Release|Win32
		{5E3040DA-5B10-4D4F-AC72-281A4FE33793}.DLL Debug|Any CPU.ActiveCfg = Debug|Win32
		{5E3040DA-5B10-4D4F-AC72-281A4FE33793}.DLL Debug|Mixed Platforms.ActiveCfg = Debug|Win32
		{5E3040DA-5B10-4D4F-AC72-281A4FE33793}.DLL Debug|Mixed Platforms.Build.0 = Debug|Win32
		{5E3040DA-5B10-4D4F-AC72-281A4FE33793}.DLL Debug|Win32.ActiveCfg = Debug|Win32
		{5E3040DA-5B10-4D4F-AC72-281A4FE33793}.DLL Debug|Win32.Build.0 = Debug|Win32
		{5E3040DA-5B10-4D4F-AC72-281A4FE33793}.DLL Release|Any CPU.ActiveCfg = Release|Win32
		{5E3040DA-5B10-4D4F-AC72-281A4FE33793}.DLL Release|Mixed Platforms.ActiveCfg = Release|Win32
		{5E3040DA-5B10-4D4F-AC72-281A4FE33793}.DLL Release|Mixed Platforms.Build.0 = Release|Win32
		{5E3040DA-5B10-4D4F-AC72-281A4FE33793}.DLL Release|Win32.ActiveCfg = Release|Win32
		{5E3040DA-5B10-4D4F-AC72-281A4FE33793}.DLL Release|Win32.Build.0 = Release|Win32
		{5E3040DA-5B10-4D4F-AC72-281A4FE33793}.LIB ASM Debug|Any CPU.ActiveCfg = Debug|Win32
		{5E3040DA-5B10-4D4F-AC72-281A4FE33793}.LIB ASM Debug|Mixed Platforms.ActiveCfg = Debug|Win32
		{5E3040DA-5B10-4D4F-AC72-281A4FE33793}.LIB ASM Debug|Mixed Platforms.Build.0 = Debug|Win32
		{5E3040DA-5B10-4D4F-AC72-281A4FE33793}.LIB ASM Debug|Win32.ActiveCfg = Debug|Win32
		{5E3040DA-5B10-4D4F-AC72-281A4FE33793}.LIB ASM Debug|Win32.Build.0 = Debug|Win32
		{5E3040DA-5B10-4D4F-AC72-281A4FE33793}.LIB ASM Release|Any CPU.ActiveCfg = Release|Win32
		{5E3040DA-5B10-4D4F-AC72-281A4FE33793}.LIB ASM Release|Mixed Platforms.ActiveCfg = Release|Win32
		{5E3040DA-5B10-4D4F-AC72-281A4FE33793}.LIB ASM Release|Mixed Platforms.Build.0 = Release|Win32
		{5E3040DA-5B10-4D4F-AC72-281A4FE33793}.LIB ASM Release|Win32.ActiveCfg = Release|Win32
		{5E3040DA-5B10-4D4F-AC72-281A4FE33793}.LIB ASM Release|Win32.Build.0 = Release|Win32
		{5E3040DA-5B10-4D4F-AC72-281A4FE33793}.LIB Debug|Any CPU.ActiveCfg = Debug|Win32
		{5E3040DA-5B10-4D4F-AC72-281A4FE33793}.LIB Debug|Mixed Platforms.ActiveCfg = Debug|Win32
		{5E3040DA-5B10-4D4F-AC72-281A4FE33793}.LIB Debug|Mixed Platforms.Build.0 = Debug|Win32
		{5E3040DA-5B10-4D4F-AC72-281A4FE33793}.LIB Debug|Win32.ActiveCfg = Debug|Win32
		{5E3040DA-5B10-4D4F-AC72-281A4FE33793}.LIB Debug|Win32.Build.0 = Debug|Win32
		{5E3040DA-5B10-4D4F-AC72-281A4FE33793}.LIB Release|Any CPU.ActiveCfg = Release|Win32
		{5E3040DA-5B10-4D4F-AC72-281A4FE33793}.LIB Release|Mixed Platforms.ActiveCfg = Release|Win32
		{5E3040DA-5B10-4D4F-AC72-281A4FE33793}.LIB Release|Mixed Platforms.Build.0 = Release|Win32
		{5E3040DA-5B10-4D4F-AC72-281A4FE33793}.LIB Release|Win32.ActiveCfg = Release|Win32
		{5E3040DA-5B10-4D4F-AC72-281A4FE33793}.LIB Release|Win32.Build.0 = Release|Win32
		{5E3040DA-5B10-4D4F-AC72-281A4FE33793}.Release Multithreaded|Any CPU.ActiveCfg = Release|Win32
		{5E3040DA-5B10-4D4F-AC72-281A4FE33793}.Release Multithreaded|Mixed Platforms.ActiveCfg = Release|Win32
		{5E3040DA-5B10-4D4F-AC72-281A4FE33793}.Release Multithreaded|Mixed Platforms.Build.0 = Release|Win32
		{5E3040DA-5B10-4D4F-AC72-281A4FE33793}.Release Multithreaded|Win32.ActiveCfg = Release|Win32
		{5E3040DA-5B10-4D4F-AC72-281A4FE33793}.Release Multithreaded|Win32.Build.0 = Release|Win32
		{5E3040DA-5B10-4D4F-AC72-281A4FE33793}.Release MuPDF|Any CPU.ActiveCfg = Release|Win32
		{5E3040DA-5B10-4D4F-AC72-281A4FE33793}.Release MuPDF|Mixed Platforms.ActiveCfg = Release|Win32
		{5E3040DA-5B10-4D4F-AC72-281A4FE33793}.Release MuPDF|Mixed Platforms.Build.0 = Release|Win32
		{5E3040DA-5B10-4D4F-AC72-281A4FE33793}.Release MuPDF|Win32.ActiveCfg = Release|Win32
		{5E3040DA-5B10-4D4F-AC72-281A4FE33793}.Release MuPDF|Win32.Build.0 = Release|Win32
		{5E3040DA-5B10-4D4F-AC72-281A4FE33793}.Release Singlethreaded|Any CPU.ActiveCfg = Release|Win32
		{5E3040DA-5B10-4D4F-AC72-281A4FE33793}.Release Singlethreaded|Mixed Platforms.ActiveCfg = Release|Win32
		{5E3040DA-5B10-4D4F-AC72-281A4FE33793}.Release Singlethreaded|Mixed Platforms.Build.0 = Release|Win32
		{5E3040DA-5B10-4D4F-AC72-281A4FE33793}.Release Singlethreaded|Win32.ActiveCfg = Release|Win32
		{5E3040DA-5B10-4D4F-AC72-281A4FE33793}.Release Singlethreaded|Win32.Build.0 = Release|Win32
		{5E3040DA-5B10-4D4F-AC72-281A4FE33793}.Release|Any CPU.ActiveCfg = Release|Win32
		{5E3040DA-5B10-4D4F-AC72-281A4FE33793}.Release|Mixed Platforms.ActiveCfg = Release|Win32
		{5E3040DA-5B10-4D4F-AC72-281A4FE33793}.Release|Mixed Platforms.Build.0 = Release|Win32
		{5E3040DA-5B10-4D4F-AC72-281A4FE33793}.Release|Win32.ActiveCfg = Release|Win32
		{5E3040DA-5B10-4D4F-AC72-281A4FE33793}.Release|Win32.Build.0 = Release|Win32
		{63657C80-EADB-4FBC-A557-BE52F318CCDD}.Debug Multithreaded|Any CPU.ActiveCfg = Debug|Win32
		{63657C80-EADB-4FBC-A557-BE52F318CCDD}.Debug Multithreaded|Mixed Platforms.ActiveCfg = Debug|Win32
		{63657C80-EADB-4FBC-A557-BE52F318CCDD}.Debug Multithreaded|Mixed Platforms.Build.0 = Debug|Win32
		{63657C80-EADB-4FBC-A557-BE52F318CCDD}.Debug Multithreaded|Win32.ActiveCfg = Debug|Win32
		{63657C80-EADB-4FBC-A557-BE52F318CCDD}.Debug Multithreaded|Win32.Build.0 = Debug|Win32
		{63657C80-EADB-4FBC-A557-BE52F318CCDD}.Debug MuPDF|Any CPU.ActiveCfg = Debug|Win32
		{63657C80-EADB-4FBC-A557-BE52F318CCDD}.Debug MuPDF|Mixed Platforms.ActiveCfg = Debug|Win32
		{63657C80-EADB-4FBC-A557-BE52F318CCDD}.Debug MuPDF|Mixed Platforms.Build.0 = Debug|Win32
		{63657C80-EADB-4FBC-A557-BE52F318CCDD}.Debug MuPDF|Win32.ActiveCfg = Debug|Win32
		{63657C80-EADB-4FBC-A557-BE52F318CCDD}.Debug MuPDF|Win32.Build.0 = Debug|Win32
		{63657C80-EADB-4FBC-A557-BE52F318CCDD}.Debug Singlethreaded|Any CPU.ActiveCfg = Debug|Win32
		{63657C80-EADB-4FBC-A557-BE52F318CCDD}.Debug Singlethreaded|Mixed Platforms.ActiveCfg = Debug|Win32
		{63657C80-EADB-4FBC-A557-BE52F318CCDD}.Debug Singlethreaded|Mixed Platforms.Build.0 = Debug|Win32
		{63657C80-EADB-4FBC-A557-BE52F318CCDD}.Debug Singlethreaded|Win32.ActiveCfg = Debug|Win32
		{63657C80-EADB-4FBC-A557-BE52F318CCDD}.Debug Singlethreaded|Win32.Build.0 = Debug|Win32
		{63657C80-EADB-4FBC-A557-BE52F318CCDD}.Debug|Any CPU.ActiveCfg = Debug|Win32
		{63657C80-EADB-4FBC-A557-BE52F318CCDD}.Debug|Mixed Platforms.ActiveCfg = Debug|Win32
		{63657C80-EADB-4FBC-A557-BE52F318CCDD}.Debug|Mixed Platforms.Build.0 = Debug|Win32
		{63657C80-EADB-4FBC-A557-BE52F318CCDD}.Debug|Win32.ActiveCfg = Debug|Win32
		{63657C80-EADB-4FBC-A557-BE52F318CCDD}.Debug|Win32.Build.0 = Debug|Win32
		{63657C80-EADB-4FBC-A557-BE52F318CCDD}.DLL ASM Debug|Any CPU.ActiveCfg = Debug|Win32
		{63657C80-EADB-4FBC-A557-BE52F318CCDD}.DLL ASM Debug|Mixed Platforms.ActiveCfg = Debug|Win32
		{63657C80-EADB-4FBC-A557-BE52F318CCDD}.DLL ASM Debug|Mixed Platforms.Build.0 = Debug|Win32
		{63657C80-EADB-4FBC-A557-BE52F318CCDD}.DLL ASM Debug|Win32.ActiveCfg = Debug|Win32
		{63657C80-EADB-4FBC-A557-BE52F318CCDD}.DLL ASM Debug|Win32.Build.0 = Debug|Win32
		{63657C80-EADB-4FBC-A557-BE52F318CCDD}.DLL ASM Release|Any CPU.ActiveCfg = Release|Win32
		{63657C80-EADB-4FBC-A557-BE52F318CCDD}.DLL ASM Release|Mixed Platforms.ActiveCfg = Release|Win32
		{63657C80-EADB-4FBC-A557-BE52F318CCDD}.DLL ASM Release|Mixed Platforms.Build.0 = Release|Win32
		{63657C80-EADB-4FBC-A557-BE52F318CCDD}.DLL ASM Release|Win32.ActiveCfg = Release|Win32
		{63657C80-EADB-4FBC-A557-BE52F318CCDD}.DLL ASM Release|Win32.Build.0 = Release|Win32
		{63657C80-EADB-4FBC-A557-BE52F318CCDD}.DLL Debug|Any CPU.ActiveCfg = Debug|Win32
		{63657C80-EADB-4FBC-A557-BE52F318CCDD}.DLL Debug|Mixed Platforms.ActiveCfg = Debug|Win32
		{63657C80-EADB-4FBC-A557-BE52F318CCDD}.DLL Debug|Mixed Platforms.Build.0 = Debug|Win32
		{63657C80-EADB-4FBC-A557-BE52F318CCDD}.DLL Debug|Win32.ActiveCfg = Debug|Win32
		{63657C80-EADB-4FBC-A557-BE52F318CCDD}.DLL Debug|Win32.Build.0 = Debug|Win32
		{63657C80-EADB-4FBC-A557-BE52F318CCDD}.DLL Release|Any CPU.ActiveCfg = Release|Win32
		{63657C80-EADB-4FBC-A557-BE52F318CCDD}.DLL Release|Mixed Platforms.ActiveCfg = Release|Win32
		{63657C80-EADB-4FBC-A557-BE52F318CCDD}.DLL Release|Mixed Platforms.Build.0 = Release|Win32
		{63657C80-EADB-4FBC-A557-BE52F318CCDD}.DLL Release|Win32.ActiveCfg = Release|Win32
		{63657C80-EADB-4FBC-A557-BE52F318CCDD}.DLL Release|Win32.Build.0 = Release|Win32
		{63657C80-EADB-4FBC-A557-BE52F318CCDD}.LIB ASM Debug|Any CPU.ActiveCfg = Debug|Win32
		{63657C80-EADB-4FBC-A557-BE52F318CCDD}.LIB ASM Debug|Mixed Platforms.ActiveCfg = Debug|Win32
		{63657C80-EADB-4FBC-A557-BE52F318CCDD}.LIB ASM Debug|Mixed Platforms.Build.0 = Debug|Win32
		{63657C80-EADB-4FBC-A557-BE52F318CCDD}.LIB ASM Debug|Win32.ActiveCfg = Debug|Win32
		{63657C80-EADB-4FBC-A557-BE52F318CCDD}.LIB ASM Debug|Win32.Build.0 = Debug|Win32
		{63657C80-EADB-4FBC-A557-BE52F318CCDD}.LIB ASM Release|Any CPU.ActiveCfg = Release|Win32
		{63657C80-EADB-4FBC-A557-BE52F318CCDD}.LIB ASM Release|Mixed Platforms.ActiveCfg = Release|Win32
		{63657C80-EADB-4FBC-A557-BE52F318CCDD}.LIB ASM Release|Mixed Platforms.Build.0 = Release|Win32
		{63657C80-EADB-4FBC-A557-BE52F318CCDD}.LIB ASM Release|Win32.ActiveCfg = Release|Win32
		{63657C80-EADB-4FBC-A557-BE52F318CCDD}.LIB ASM Release|Win32.Build.0 = Release|Win32
		{63657C80-EADB-4FBC-A557-BE52F318CCDD}.LIB Debug|Any CPU.ActiveCfg = Debug|Win32
		{63657C80-EADB-4FBC-A557-BE52F318CCDD}.LIB Debug|Mixed Platforms.ActiveCfg = Debug|Win32
		{63657C80-EADB-4FBC-A557-BE52F318CCDD}.LIB Debug|Mixed Platforms.Build.0 = Debug|Win32
		{63657C80-EADB-4FBC-A557-BE52F318CCDD}.LIB Debug|Win32.ActiveCfg = Debug|Win32
		{63657C80-EADB-4FBC-A557-BE52F318CCDD}.LIB Debug|Win32.Build.0 = Debug|Win32
		{63657C80-EADB-4FBC-A557-BE52F318CCDD}.LIB Release|Any CPU.ActiveCfg = Release|Win32
		{63657C80-EADB-4FBC-A557-BE52F318CCDD}.LIB Release|Mixed Platforms.ActiveCfg = Release|Win32
		{63657C80-EADB-4FBC-A557-BE52F318CCDD}.LIB Release|Mixed Platforms.Build.0 = Release|Win32
		{63657C80-EADB-4FBC-A557-BE52F318CCDD}.LIB Release|Win32.ActiveCfg = Release|Win32
		{63657C80-EADB-4FBC-A557-BE52F318CCDD}.LIB Release|Win32.Build.0 = Release|Win32
		{63657C80-EADB-4FBC-A557-BE52F318CCDD}.Release Multithreaded|Any CPU.ActiveCfg = Release|Win32
		{63657C80-EADB-4FBC-A557-BE52F318CCDD}.Release Multithreaded|Mixed Platforms.ActiveCfg = Release|Win32
		{63657C80-EADB-4FBC-A557-BE52F318CCDD}.Release Multithreaded|Mixed Platforms.Build.0 = Release|Win32
		{63657C80-EADB-4FBC-A557-BE52F318CCDD}.Release Multithreaded|Win32.ActiveCfg = Release|Win32
		{63657C80-EADB-4FBC-A557-BE52F318CCDD}.Release Multithreaded|Win32.Build.0 = Release|Win32
		{63657C80-EADB-4FBC-A557-BE52F318CCDD}.Release MuPDF|Any CPU.ActiveCfg = Release|Win32
		{63657C80-EADB-4FBC-A557-BE52F318CCDD}.Release MuPDF|Mixed Platforms.ActiveCfg = Release|Win32
		{63657C80-EADB-4FBC-A557-BE52F318CCDD}.Release MuPDF|Mixed Platforms.Build.0 = Release|Win32
		{63657C80-EADB-4FBC-A557-BE52F318CCDD}.Release MuPDF|Win32.ActiveCfg = Release|Win32
		{63657C80-EADB-4FBC-A557-BE52F318CCDD}.Release MuPDF|Win32.Build.0 = Release|Win32
		{63657C80-EADB-4FBC-A557-BE52F318CCDD}.Release Singlethreaded|Any CPU.ActiveCfg = Release|Win32
		{63657C80-EADB-4FBC-A557-BE52F318CCDD}.Release Singlethreaded|Mixed Platforms.ActiveCfg = Release|Win32
		{63657C80-EADB-4FBC-A557-BE52F318CCDD}.Release Singlethreaded|Mixed Platforms.Build.0 = Release|Win32
		{63657C80-EADB-4FBC-A557-BE52F318CCDD}.Release Singlethreaded|Win32.ActiveCfg = Release|Win32
		{63657C80-EADB-4FBC-A557-BE52F318CCDD}.Release Singlethreaded|Win32.Build.0 = Release|Win32
		{63657C80-EADB-4FBC-A557-BE52F318CCDD}.Release|Any CPU.ActiveCfg = Release|Win32
		{63657C80-EADB-4FBC-A557-BE52F318CCDD}.Release|Mixed Platforms.ActiveCfg = Release|Win32
		{63657C80-EADB-4FBC-A557-BE52F318CCDD}.Release|Mixed Platforms.Build.0 = Release|Win32
		{63657C80-EADB-4FBC-A557-BE52F318CCDD}.Release|Win32.ActiveCfg = Release|Win32
		{63657C80-EADB-4FBC-A557-BE52F318CCDD}.Release|Win32.Build.0 = Release|Win32
		{B1F575D7-1FE6-469F-8BED-E393E906908B}.Debug Multithreaded|Any CPU.ActiveCfg = Debug|Win32
		{B1F575D7-1FE6-469F-8BED-E393E906908B}.Debug Multithreaded|Mixed Platforms.ActiveCfg = Debug|Win32
		{B1F575D7-1FE6-469F-8BED-E393E906908B}.Debug Multithreaded|Mixed Platforms.Build.0 = Debug|Win32
		{B1F575D7-1FE6-469F-8BED-E393E906908B}.Debug Multithreaded|Win32.ActiveCfg = Debug|Win32
		{B1F575D7-1FE6-469F-8BED-E393E906908B}.Debug Multithreaded|Win32.Build.0 = Debug|Win32
		{B1F575D7-1FE6-469F-8BED-E393E906908B}.Debug MuPDF|Any CPU.ActiveCfg = Debug|Win32
		{B1F575D7-1FE6-469F-8BED-E393E906908B}.Debug MuPDF|Mixed Platforms.ActiveCfg = Debug|Win32
		{B1F575D7-1FE6-469F-8BED-E393E906908B}.Debug MuPDF|Mixed Platforms.Build.0 = Debug|Win32
		{B1F575D7-1FE6-469F-8BED-E393E906908B}.Debug MuPDF|Win32.ActiveCfg = Debug|Win32
		{B1F575D7-1FE6-469F-8BED-E393E906908B}.Debug MuPDF|Win32.Build.0 = Debug|Win32
		{B1F575D7-1FE6-469F-8BED-E393E906908B}.Debug Singlethreaded|Any CPU.ActiveCfg = Debug|Win32
		{B1F575D7-1FE6-469F-8BED-E393E906908B}.Debug Singlethreaded|Mixed Platforms.ActiveCfg = Debug|Win32
		{B1F575D7-1FE6-469F-8BED-E393E906908B}.Debug Singlethreaded|Mixed Platforms.Build.0 = Debug|Win32
		{B1F575D7-1FE6-469F-8BED-E393E906908B}.Debug Singlethreaded|Win32.ActiveCfg = Debug|Win32
		{B1F575D7-1FE6-469F-8BED-E393E906908B}.Debug Singlethreaded|Win32.Build.0 = Debug|Win32
		{B1F575D7-1FE6-469F-8BED-E393E906908B}.Debug|Any CPU.ActiveCfg = Debug|Win32
		{B1F575D7-1FE6-469F-8BED-E393E906908B}.Debug|Mixed Platforms.ActiveCfg = Debug|Win32
		{B1F575D7-1FE6-469F-8BED-E393E906908B}.Debug|Mixed Platforms.Build.0 = Debug|Win32
		{B1F575D7-1FE6-469F-8BED-E393E906908B}.Debug|Win32.ActiveCfg = Debug|Win32
		{B1F575D7-1FE6-469F-8BED-E393E906908B}.Debug|Win32.Build.0 = Debug|Win32
		{B1F575D7-1FE6-469F-8BED-E393E906908B}.DLL ASM Debug|Any CPU.ActiveCfg = Debug|Win32
		{B1F575D7-1FE6-469F-8BED-E393E906908B}.DLL ASM Debug|Mixed Platforms.ActiveCfg = Debug|Win32
		{B1F575D7-1FE6-469F-8BED-E393E906908B}.DLL ASM Debug|Mixed Platforms.Build.0 = Debug|Win32
		{B1F575D7-1FE6-469F-8BED-E393E906908B}.DLL ASM Debug|Win32.ActiveCfg = Debug|Win32
		{B1F575D7-1FE6-469F-8BED-E393E906908B}.DLL ASM Debug|Win32.Build.0 = Debug|Win32
		{B1F575D7-1FE6-469F-8BED-E393E906908B}.DLL ASM Release|Any CPU.ActiveCfg = Release|Win32
		{B1F575D7-1FE6-469F-8BED-E393E906908B}.DLL ASM Release|Mixed Platforms.ActiveCfg = Release|Win32
		{B1F575D7-1FE6-469F-8BED-E393E906908B}.DLL ASM Release|Mixed Platforms.Build.0 = Release|Win32
		{B1F575D7-1FE6-469F-8BED-E393E906908B}.DLL ASM Release|Win32.ActiveCfg = Release|Win32
		{B1F575D7-1FE6-469F-8BED-E393E906908B}.DLL ASM Release|Win32.Build.0 = Release|Win32
		{B1F575D7-1FE6-469F-8BED-E393E906908B}.DLL Debug|Any CPU.ActiveCfg = Debug|Win32
		{B1F575D7-1FE6-469F-8BED-E393E906908B}.DLL Debug|Mixed Platforms.ActiveCfg = Debug|Win32
		{B1F575D7-1FE6-469F-8BED-E393E906908B}.DLL Debug|Mixed Platforms.Build.0 = Debug|Win32
		{B1F575D7-1FE6-469F-8BED-E393E906908B}.DLL Debug|Win32.ActiveCfg = Debug|Win32
		{B1F575D7-1FE6-469F-8BED-E393E906908B}.DLL Debug|Win32.Build.0 = Debug|Win32
		{B1F575D7-1FE6-469F-8BED-E393E906908B}.DLL Release|Any CPU.ActiveCfg = Release|Win32
		{B1F575D7-1FE6-469F-8BED-E393E906908B}.DLL Release|Mixed Platforms.ActiveCfg = Release|Win32
		{B1F575D7-1FE6-469F-8BED-E393E906908B}.DLL Release|Mixed Platforms.Build.0 = Release|Win32
		{B1F575D7-1FE6-469F-8BED-E393E906908B}.DLL Release|Win32.ActiveCfg = Release|Win32
		{B1F575D7-1FE6-469F-8BED-E393E906908B}.DLL Release|Win32.Build.0 = Release|Win32
		{B1F575D7-1FE6-469F-8BED-E393E906908B}.LIB ASM Debug|Any CPU.ActiveCfg = Debug|Win32
		{B1F575D7-1FE6-469F-8BED-E393E906908B}.LIB ASM Debug|Mixed Platforms.ActiveCfg = Debug|Win32
		{B1F575D7-1FE6-469F-8BED-E393E906908B}.LIB ASM Debug|Mixed Platforms.Build.0 = Debug|Win32
		{B1F575D7-1FE6-469F-8BED-E393E906908B}.LIB ASM Debug|Win32.ActiveCfg = Debug|Win32
		{B1F575D7-1FE6-469F-8BED-E393E906908B}.LIB ASM Debug|Win32.Build.0 = Debug|Win32
		{B1F575D7-1FE6-469F-8BED-E393E906908B}.LIB ASM Release|Any CPU.ActiveCfg = Release|Win32
		{B1F575D7-1FE6-469F-8BED-E393E906908B}.LIB ASM Release|Mixed Platforms.ActiveCfg = Release|Win32
		{B1F575D7-1FE6-469F-8BED-E393E906908B}.LIB ASM Release|Mixed Platforms.Build.0 = Release|Win32
		{B1F575D7-1FE6-469F-8BED-E393E906908B}.LIB ASM Release|Win32.ActiveCfg = Release|Win32
		{B1F575D7-1FE6-469F-8BED-E393E906908B}.LIB ASM Release|Win32.Build.0 = Release|Win32
		{B1F575D7-1FE6-469F-8BED-E393E906908B}.LIB Debug|Any CPU.ActiveCfg = Debug|Win32
		{B1F575D7-1FE6-469F-8BED-E393E906908B}.LIB Debug|Mixed Platforms.ActiveCfg = Debug|Win32
		{B1F575D7-1FE6-469F-8BED-E393E906908B}.LIB Debug|Mixed Platforms.Build.0 = Debug|Win32
		{B1F575D7-1FE6-469F-8BED-E393E906908B}.LIB Debug|Win32.ActiveCfg = Debug|Win32
		{B1F575D7-1FE6-469F-8BED-E393E906908B}.LIB Debug|Win32.Build.0 = Debug|Win32
		{B1F575D7-1FE6-469F-8BED-E393E906908B}.LIB Release|Any CPU.ActiveCfg = Release|Win32
		{B1F575D7-1FE6-469F-8BED-E393E906908B}.LIB Release|Mixed Platforms.ActiveCfg = Release|Win32
		{B1F575D7-1FE6-469F-8BED-E393E906908B}.LIB Release|Mixed Platforms.Build.0 = Release|Win32
		{B1F575D7-1FE6-469F-8BED-E393E906908B}.LIB Release|Win32.ActiveCfg = Release|Win32
		{B1F575D7-1FE6-469F-8BED-E393E906908B}.LIB Release|Win32.Build.0 = Release|Win32
		{B1F575D7-1FE6-469F-8BED-E393E906908B}.Release Multithreaded|Any CPU.ActiveCfg = Release|Win32
		{B1F575D7-1FE6-469F-8BED-E393E906908B}.Release Multithreaded|Mixed Platforms.ActiveCfg = Release|Win32
		{B1F575D7-1FE6-469F-8BED-E393E906908B}.Release Multithreaded|Mixed Platforms.Build.0 = Release|Win32
		{B1F575D7-1FE6-469F-8BED-E393E906908B}.Release Multithreaded|Win32.ActiveCfg = Release|Win32
		{B1F575D7-1FE6-469F-8BED-E393E906908B}.Release Multithreaded|Win32.Build.0 = Release|Win32
		{B1F575D7-1FE6-469F-8BED-E393E906908B}.Release MuPDF|Any CPU.ActiveCfg = Release|Win32
		{B1F575D7-1FE6-469F-8BED-E393E906908B}.Release MuPDF|Mixed Platforms.ActiveCfg = Release|Win32
		{B1F575D7-1FE6-469F-8BED-E393E906908B}.Release MuPDF|Mixed Platforms.Build.0 = Release|Win32
		{B1F575D7-1FE6-469F-8BED-E393E906908B}.Release MuPDF|Win32.ActiveCfg = Release|Win32
		{B1F575D7-1FE6-469F-8BED-E393E906908B}.Release MuPDF|Win32.Build.0 = Release|Win32
		{B1F575D7-1FE6-469F-8BED-E393E906908B}.Release Singlethreaded|Any CPU.ActiveCfg = Release|Win32
		{B1F575D7-1FE6-469F-8BED-E393E906908B}.Release Singlethreaded|Mixed Platforms.ActiveCfg = Release|Win32
		{B1F575D7-1FE6-469F-8BED-E393E906908B}.Release Singlethreaded|Mixed Platforms.Build.0 = Release|Win32
		{B1F575D7-1FE6-469F-8BED-E393E906908B}.Release Singlethreaded|Win32.ActiveCfg = Release|Win32
		{B1F575D7-1FE6-469F-8BED-E393E906908B}.Release Singlethreaded|Win32.Build.0 = Release|Win32
		{B1F575D7-1FE6-469F-8BED-E393E906908B}.Release|Any CPU.ActiveCfg = Release|Win32
		{B1F575D7-1FE6-469F-8BED-E393E906908B}.Release|Mixed Platforms.ActiveCfg = Release|Win32
		{B1F575D7-1FE6-469F-8BED-E393E906908B}.Release|Mixed Platforms.Build.0 = Release|Win32
		{B1F575D7-1FE6-469F-8BED-E393E906908B}.Release|Win32.ActiveCfg = Release|Win32
		{B1F575D7-1FE6-469F-8BED-E393E906908B}.Release|Win32.Build.0 = Release|Win32
		{0457835D-4C6E-4577-A33A-7184B9C99E84}.Debug Multithreaded|Any CPU.ActiveCfg = Debug|Win32
		{0457835D-4C6E-4577-A33A-7184B9C99E84}.Debug Multithreaded|Mixed Platforms.ActiveCfg = Debug|Win32
		{0457835D-4C6E-4577-A33A-7184B9C99E84}.Debug Multithreaded|Mixed Platforms.Build.0 = Debug|Win32
		{0457835D-4C6E-4577-A33A-7184B9C99E84}.Debug Multithreaded|Win32.ActiveCfg = Debug|Win32
		{0457835D-4C6E-4577-A33A-7184B9C99E84}.Debug Multithreaded|Win32.Build.0 = Debug|Win32
		{0457835D-4C6E-4577-A33A-7184B9C99E84}.Debug MuPDF|Any CPU.ActiveCfg = Debug|Win32
		{0457835D-4C6E-4577-A33A-7184B9C99E84}.Debug MuPDF|Mixed Platforms.ActiveCfg = Debug|Win32
		{0457835D-4C6E-4577-A33A-7184B9C99E84}.Debug MuPDF|Mixed Platforms.Build.0 = Debug|Win32
		{0457835D-4C6E-4577-A33A-7184B9C99E84}.Debug MuPDF|Win32.ActiveCfg = Debug|Win32
		{0457835D-4C6E-4577-A33A-7184B9C99E84}.Debug MuPDF|Win32.Build.0 = Debug|Win32
		{0457835D-4C6E-4577-A33A-7184B9C99E84}.Debug Singlethreaded|Any CPU.ActiveCfg = Debug|Win32
		{0457835D-4C6E-4577-A33A-7184B9C99E84}.Debug Singlethreaded|Mixed Platforms.ActiveCfg = Debug|Win32
		{0457835D-4C6E-4577-A33A-7184B9C99E84}.Debug Singlethreaded|Mixed Platforms.Build.0 = Debug|Win32
		{0457835D-4C6E-4577-A33A-7184B9C99E84}.Debug Singlethreaded|Win32.ActiveCfg = Debug|Win32
		{0457835D-4C6E-4577-A33A-7184B9C99E84}.Debug Singlethreaded|Win32.Build.0 = Debug|Win32
		{0457835D-4C6E-4577-A33A-7184B9C99E84}.Debug|Any CPU.ActiveCfg = Debug|Win32
		{0457835D-4C6E-4577-A33A-7184B9C99E84}.Debug|Mixed Platforms.ActiveCfg = Debug|Win32
		{0457835D-4C6E-4577-A33A-7184B9C99E84}.Debug|Mixed Platforms.Build.0 = Debug|Win32
		{0457835D-4C6E-4577-A33A-7184B9C99E84}.Debug|Win32.ActiveCfg = Debug|Win32
		{0457835D-4C6E-4577-A33A-7184B9C99E84}.Debug|Win32.Build.0 = Debug|Win32
		{0457835D-4C6E-4577-A33A-7184B9C99E84}.DLL ASM Debug|Any CPU.ActiveCfg = Debug|Win32
		{0457835D-4C6E-4577-A33A-7184B9C99E84}.DLL ASM Debug|Mixed Platforms.ActiveCfg = Debug|Win32
		{0457835D-4C6E-4577-A33A-7184B9C99E84}.DLL ASM Debug|Mixed Platforms.Build.0 = Debug|Win32
		{0457835D-4C6E-4577-A33A-7184B9C99E84}.DLL ASM Debug|Win32.ActiveCfg = Debug|Win32
		{0457835D-4C6E-4577-A33A-7184B9C99E84}.DLL ASM Debug|Win32.Build.0 = Debug|Win32
		{0457835D-4C6E-4577-A33A-7184B9C99E84}.DLL ASM Release|Any CPU.ActiveCfg = Release|Win32
		{0457835D-4C6E-4577-A33A-7184B9C99E84}.DLL ASM Release|Mixed Platforms.ActiveCfg = Release|Win32
		{0457835D-4C6E-4577-A33A-7184B9C99E84}.DLL ASM Release|Mixed Platforms.Build.0 = Release|Win32
		{0457835D-4C6E-4577-A33A-7184B9C99E84}.DLL ASM Release|Win32.ActiveCfg = Release|Win32
		{0457835D-4C6E-4577-A33A-7184B9C99E84}.DLL ASM Release|Win32.Build.0 = Release|Win32
		{0457835D-4C6E-4577-A33A-7184B9C99E84}.DLL Debug|Any CPU.ActiveCfg = Debug|Win32
		{0457835D-4C6E-4577-A33A-7184B9C99E84}.DLL Debug|Mixed Platforms.ActiveCfg = Debug|Win32
		{0457835D-4C6E-4577-A33A-7184B9C99E84}.DLL Debug|Mixed Platforms.Build.0 = Debug|Win32
		{0457835D-4C6E-4577-A33A-7184B9C99E84}.DLL Debug|Win32.ActiveCfg = Debug|Win32
		{0457835D-4C6E-4577-A33A-7184B9C99E84}.DLL Debug|Win32.Build.0 = Debug|Win32
		{0457835D-4C6E-4577-A33A-7184B9C99E84}.DLL Release|Any CPU.ActiveCfg = Release|Win32
		{0457835D-4C6E-4577-A33A-7184B9C99E84}.DLL Release|Mixed Platforms.ActiveCfg = Release|Win32
		{0457835D-4C6E-4577-A33A-7184B9C99E84}.DLL Release|Mixed Platforms.Build.0 = Release|Win32
		{0457835D-4C6E-4577-A33A-7184B9C99E84}.DLL Release|Win32.ActiveCfg = Release|Win32
		{0457835D-4C6E-4577-A33A-7184B9C99E84}.DLL Release|Win32.Build.0 = Release|Win32
		{0457835D-4C6E-4577-A33A-7184B9C99E84}.LIB ASM Debug|Any CPU.ActiveCfg = Debug|Win32
		{0457835D-4C6E-4577-A33A-7184B9C99E84}.LIB ASM Debug|Mixed Platforms.ActiveCfg = Debug|Win32
		{0457835D-4C6E-4577-A33A-7184B9C99E84}.LIB ASM Debug|Mixed Platforms.Build.0 = Debug|Win32
		{0457835D-4C6E-4577-A33A-7184B9C99E84}.LIB ASM Debug|Win32.ActiveCfg = Debug|Win32
		{0457835D-4C6E-4577-A33A-7184B9C99E84}.LIB ASM Debug|Win32.Build.0 = Debug|Win32
		{0457835D-4C6E-4577-A33A-7184B9C99E84}.LIB ASM Release|Any CPU.ActiveCfg = Release|Win32
		{0457835D-4C6E-4577-A33A-7184B9C99E84}.LIB ASM Release|Mixed Platforms.ActiveCfg = Release|Win32
		{0457835D-4C6E-4577-A33A-7184B9C99E84}.LIB ASM Release|Mixed Platforms.Build.0 = Release|Win32
		{0457835D-4C6E-4577-A33A-7184B9C99E84}.LIB ASM Release|Win32.ActiveCfg = Release|Win32
		{0457835D-4C6E-4577-A33A-7184B9C99E84}.LIB ASM Release|Win32.Build.0 = Release|Win32
		{0457835D-4C6E-4577-A33A-7184B9C99E84}.LIB Debug|Any CPU.ActiveCfg = Debug|Win32
		{0457835D-4C6E-4577-A33A-7184B9C99E84}.LIB Debug|Mixed Platforms.ActiveCfg = Debug|Win32
		{0457835D-4C6E-4577-A33A-7184B9C99E84}.LIB Debug|Mixed Platforms.Build.0 = Debug|Win32
		{0457835D-4C6E-4577-A33A-7184B9C99E84}.LIB Debug|Win32.ActiveCfg = Debug|Win32
		{0457835D-4C6E-4577-A33A-7184B9C99E84}.LIB Debug|Win32.Build.0 = Debug|Win32
		{0457835D-4C6E-4577-A33A-7184B9C99E84}.LIB Release|Any CPU.ActiveCfg = Release|Win32
		{0457835D-4C6E-4577-A33A-7184B9C99E84}.LIB Release|Mixed Platforms.ActiveCfg = Release|Win32
		{0457835D-4C6E-4577-A33A-7184B9C99E84}.LIB Release|Mixed Platforms.Build.0 = Release|Win32
		{0457835D-4C6E-4577-A33A-7184B9C99E84}.LIB Release|Win32.ActiveCfg = Release|Win32
		{0457835D-4C6E-4577-A33A-7184B9C99E84}.LIB Release|Win32.Build.0 = Release|Win32
		{0457835D-4C6E-4577-A33A-7184B9C99E84}.Release Multithreaded|Any CPU.ActiveCfg = Release|Win32
		{0457835D-4C6E-4577-A33A-7184B9C99E84}.Release Multithreaded|Mixed Platforms.ActiveCfg = Release|Win32
		{0457835D-4C6E-4577-A33A-7184B9C99E84}.Release Multithreaded|Mixed Platforms.Build.0 = Release|Win32
		{0457835D-4C6E-4577-A33A-7184B9C99E84}.Release Multithreaded|Win32.ActiveCfg = Release|Win32
		{0457835D-4C6E-4577-A33A-7184B9C99E84}.Release Multithreaded|Win32.Build.0 = Release|Win32
		{0457835D-4C6E-4577-A33A-7184B9C99E84}.Release MuPDF|Any CPU.ActiveCfg = Release|Win32
		{0457835D-4C6E-4577-A33A-7184B9C99E84}.Release MuPDF|Mixed Platforms.ActiveCfg = Release|Win32
		{0457835D-4C6E-4577-A33A-7184B9C99E84}.Release MuPDF|Mixed Platforms.Build.0 = Release|Win32
		{0457835D-4C6E-4577-A33A-7184B9C99E84}.Release MuPDF|Win32.ActiveCfg = Release|Win32
		{0457835D-4C6E-4577-A33A-7184B9C99E84}.Release MuPDF|Win32.Build.0 = Release|Win32
		{0457835D-4C6E-4577-A33A-7184B9C99E84}.Release Singlethreaded|Any CPU.ActiveCfg = Release|Win32
		{0457835D-4C6E-4577-A33A-7184B9C99E84}.Release Singlethreaded|Mixed Platforms.ActiveCfg = Release|Win32
		{0457835D-4C6E-4577-A33A-7184B9C99E84}.Release Singlethreaded|Mixed Platforms.Build.0 = Release|Win32
		{0457835D-4C6E-4577-A33A-7184B9C99E84}.Release Singlethreaded|Win32.ActiveCfg = Release|Win32
		{0457835D-4C6E-4577-A33A-7184B9C99E84}.Release Singlethreaded|Win32.Build.0 = Release|Win32
		{0457835D-4C6E-4577-A33A-7184B9C99E84}.Release|Any CPU.ActiveCfg = Release|Win32
		{0457835D-4C6E-4577-A33A-7184B9C99E84}.Release|Mixed Platforms.ActiveCfg = Release|Win32
		{0457835D-4C6E-4577-A33A-7184B9C99E84}.Release|Mixed Platforms.Build.0 = Release|Win32
		{0457835D-4C6E-4577-A33A-7184B9C99E84}.Release|Win32.ActiveCfg = Release|Win32
		{0457835D-4C6E-4577-A33A-7184B9C99E84}.Release|Win32.Build.0 = Release|Win32
		{D1C99B00-1570-4285-AACC-8783ADFA8C46}.Debug Multithreaded|Any CPU.ActiveCfg = Debug|Win32
		{D1C99B00-1570-4285-AACC-8783ADFA8C46}.Debug Multithreaded|Mixed Platforms.ActiveCfg = Debug|Win32
		{D1C99B00-1570-4285-AACC-8783ADFA8C46}.Debug Multithreaded|Mixed Platforms.Build.0 = Debug|Win32
		{D1C99B00-1570-4285-AACC-8783ADFA8C46}.Debug Multithreaded|Win32.ActiveCfg = Debug|Win32
		{D1C99B00-1570-4285-AACC-8783ADFA8C46}.Debug Multithreaded|Win32.Build.0 = Debug|Win32
		{D1C99B00-1570-4285-AACC-8783ADFA8C46}.Debug MuPDF|Any CPU.ActiveCfg = Debug|Win32
		{D1C99B00-1570-4285-AACC-8783ADFA8C46}.Debug MuPDF|Mixed Platforms.ActiveCfg = Debug|Win32
		{D1C99B00-1570-4285-AACC-8783ADFA8C46}.Debug MuPDF|Mixed Platforms.Build.0 = Debug|Win32
		{D1C99B00-1570-4285-AACC-8783ADFA8C46}.Debug MuPDF|Win32.ActiveCfg = Debug|Win32
		{D1C99B00-1570-4285-AACC-8783ADFA8C46}.Debug MuPDF|Win32.Build.0 = Debug|Win32
		{D1C99B00-1570-4285-AACC-8783ADFA8C46}.Debug Singlethreaded|Any CPU.ActiveCfg = Debug|Win32
		{D1C99B00-1570-4285-AACC-8783ADFA8C46}.Debug Singlethreaded|Mixed Platforms.ActiveCfg = Debug|Win32
		{D1C99B00-1570-4285-AACC-8783ADFA8C46}.Debug Singlethreaded|Mixed Platforms.Build.0 = Debug|Win32
		{D1C99B00-1570-4285-AACC-8783ADFA8C46}.Debug Singlethreaded|Win32.ActiveCfg = Debug|Win32
		{D1C99B00-1570-4285-AACC-8783ADFA8C46}.Debug Singlethreaded|Win32.Build.0 = Debug|Win32
		{D1C99B00-1570-4285-AACC-8783ADFA8C46}.Debug|Any CPU.ActiveCfg = Debug|Win32
		{D1C99B00-1570-4285-AACC-8783ADFA8C46}.Debug|Mixed Platforms.ActiveCfg = Debug|Win32
		{D1C99B00-1570-4285-AACC-8783ADFA8C46}.Debug|Mixed Platforms.Build.0 = Debug|Win32
		{D1C99B00-1570-4285-AACC-8783ADFA8C46}.Debug|Win32.ActiveCfg = Debug|Win32
		{D1C99B00-1570-4285-AACC-8783ADFA8C46}.Debug|Win32.Build.0 = Debug|Win32
		{D1C99B00-1570-4285-AACC-8783ADFA8C46}.DLL ASM Debug|Any CPU.ActiveCfg = Debug|Win32
		{D1C99B00-1570-4285-AACC-8783ADFA8C46}.DLL ASM Debug|Mixed Platforms.ActiveCfg = Debug|Win32
		{D1C99B00-1570-4285-AACC-8783ADFA8C46}.DLL ASM Debug|Mixed Platforms.Build.0 = Debug|Win32
		{D1C99B00-1570-4285-AACC-8783ADFA8C46}.DLL ASM Debug|Win32.ActiveCfg = Debug|Win32
		{D1C99B00-1570-4285-AACC-8783ADFA8C46}.DLL ASM Debug|Win32.Build.0 = Debug|Win32
		{D1C99B00-1570-4285-AACC-8783ADFA8C46}.DLL ASM Release|Any CPU.ActiveCfg = Release|Win32
		{D1C99B00-1570-4285-AACC-8783ADFA8C46}.DLL ASM Release|Mixed Platforms.ActiveCfg = Release|Win32
		{D1C99B00-1570-4285-AACC-8783ADFA8C46}.DLL ASM Release|Mixed Platforms.Build.0 = Release|Win32
		{D1C99B00-1570-4285-AACC-8783ADFA8C46}.DLL ASM Release|Win32.ActiveCfg = Release|Win32
		{D1C99B00-1570-4285-AACC-8783ADFA8C46}.DLL ASM Release|Win32.Build.0 = Release|Win32
		{D1C99B00-1570-4285-AACC-8783ADFA8C46}.DLL Debug|Any CPU.ActiveCfg = Debug|Win32
		{D1C99B00-1570-4285-AACC-8783ADFA8C46}.DLL Debug|Mixed Platforms.ActiveCfg = Debug|Win32
		{D1C99B00-1570-4285-AACC-8783ADFA8C46}.DLL Debug|Mixed Platforms.Build.0 = Debug|Win32
		{D1C99B00-1570-4285-AACC-8783ADFA8C46}.DLL Debug|Win32.ActiveCfg = Debug|Win32
		{D1C99B00-1570-4285-AACC-8783ADFA8C46}.DLL Debug|Win32.Build.0 = Debug|Win32
		{D1C99B00-1570-4285-AACC-8783ADFA8C46}.DLL Release|Any CPU.ActiveCfg = Release|Win32
		{D1C99B00-1570-4285-AACC-8783ADFA8C46}.DLL Release|Mixed Platforms.ActiveCfg = Release|Win32
		{D1C99B00-1570-4285-AACC-8783ADFA8C46}.DLL Release|Mixed Platforms.Build.0 = Release|Win32
		{D1C99B00-1570-4285-AACC-8783ADFA8C46}.DLL Release|Win32.ActiveCfg = Release|Win32
		{D1C99B00-1570-4285-AACC-8783ADFA8C46}.DLL Release|Win32.Build.0 = Release|Win32
		{D1C99B00-1570-4285-AACC-8783ADFA8C46}.LIB ASM Debug|Any CPU.ActiveCfg = Debug|Win32
		{D1C99B00-1570-4285-AACC-8783ADFA8C46}.LIB ASM Debug|Mixed Platforms.ActiveCfg = Debug|Win32
		{D1C99B00-1570-4285-AACC-8783ADFA8C46}.LIB ASM Debug|Mixed Platforms.Build.0 = Debug|Win32
		{D1C99B00-1570-4285-AACC-8783ADFA8C46}.LIB ASM Debug|Win32.ActiveCfg = Debug|Win32
		{D1C99B00-1570-4285-AACC-8783ADFA8C46}.LIB ASM Debug|Win32.Build.0 = Debug|Win32
		{D1C99B00-1570-4285-AACC-8783ADFA8C46}.LIB ASM Release|Any CPU.ActiveCfg = Release|Win32
		{D1C99B00-1570-4285-AACC-8783ADFA8C46}.LIB ASM Release|Mixed Platforms.ActiveCfg = Release|Win32
		{D1C99B00-1570-4285-AACC-8783ADFA8C46}.LIB ASM Release|Mixed Platforms.Build.0 = Release|Win32
		{D1C99B00-1570-4285-AACC-8783ADFA8C46}.LIB ASM Release|Win32.ActiveCfg = Release|Win32
		{D1C99B00-1570-4285-AACC-8783ADFA8C46}.LIB ASM Release|Win32.Build.0 = Release|Win32
		{D1C99B00-1570-4285-AACC-8783ADFA8C46}.LIB Debug|Any CPU.ActiveCfg = Debug|Win32
		{D1C99B00-1570-4285-AACC-8783ADFA8C46}.LIB Debug|Mixed Platforms.ActiveCfg = Debug|Win32
		{D1C99B00-1570-4285-AACC-8783ADFA8C46}.LIB Debug|Mixed Platforms.Build.0 = Debug|Win32
		{D1C99B00-1570-4285-AACC-8783ADFA8C46}.LIB Debug|Win32.ActiveCfg = Debug|Win32
		{D1C99B00-1570-4285-AACC-8783ADFA8C46}.LIB Debug|Win32.Build.0 = Debug|Win32
		{D1C99B00-1570-4285-AACC-8783ADFA8C46}.LIB Release|Any CPU.ActiveCfg = Release|Win32
		{D1C99B00-1570-4285-AACC-8783ADFA8C46}.LIB Release|Mixed Platforms.ActiveCfg = Release|Win32
		{D1C99B00-1570-4285-AACC-8783ADFA8C46}.LIB Release|Mixed Platforms.Build.0 = Release|Win32
		{D1C99B00-1570-4285-AACC-8783ADFA8C46}.LIB Release|Win32.ActiveCfg = Release|Win32
		{D1C99B00-1570-4285-AACC-8783ADFA8C46}.LIB Release|Win32.Build.0 = Release|Win32
		{D1C99B00-1570-4285-AACC-8783ADFA8C46}.Release Multithreaded|Any CPU.ActiveCfg = Release|Win32
		{D1C99B00-1570-4285-AACC-8783ADFA8C46}.Release Multithreaded|Mixed Platforms.ActiveCfg = Release|Win32
		{D1C99B00-1570-4285-AACC-8783ADFA8C46}.Release Multithreaded|Mixed Platforms.Build.0 = Release|Win32
		{D1C99B00-1570-4285-AACC-8783ADFA8C46}.Release Multithreaded|Win32.ActiveCfg = Release|Win32
		{D1C99B00-1570-4285-AACC-8783ADFA8C46}.Release Multithreaded|Win32.Build.0 = Release|Win32
		{D1C99B00-1570-4285-AACC-8783ADFA8C46}.Release MuPDF|Any CPU.ActiveCfg = Release|Win32
		{D1C99B00-1570-4285-AACC-8783ADFA8C46}.Release MuPDF|Mixed Platforms.ActiveCfg = Release|Win32
		{D1C99B00-1570-4285-AACC-8783ADFA8C46}.Release MuPDF|Mixed Platforms.Build.0 = Release|Win32
		{D1C99B00-1570-4285-AACC-8783ADFA8C46}.Release MuPDF|Win32.ActiveCfg = Release|Win32
		{D1C99B00-1570-4285-AACC-8783ADFA8C46}.Release MuPDF|Win32.Build.0 = Release|Win32
		{D1C99B00-1570-4285-AACC-8783ADFA8C46}.Release Singlethreaded|Any CPU.ActiveCfg = Release|Win32
		{D1C99B00-1570-4285-AACC-8783ADFA8C46}.Release Singlethreaded|Mixed Platforms.ActiveCfg = Release|Win32
		{D1C99B00-1570-4285-AACC-8783ADFA8C46}.Release Singlethreaded|Mixed Platforms.Build.0 = Release|Win32
		{D1C99B00-1570-4285-AACC-8783ADFA8C46}.Release Singlethreaded|Win32.ActiveCfg = Release|Win32
		{D1C99B00-1570-4285-AACC-8783ADFA8C46}.Release Singlethreaded|Win32.Build.0 = Release|Win32
		{D1C99B00-1570-4285-AACC-8783ADFA8C46}.Release|Any CPU.ActiveCfg = Release|Win32
		{D1C99B00-1570-4285-AACC-8783ADFA8C46}.Release|Mixed Platforms.ActiveCfg = Release|Win32
		{D1C99B00-1570-4285-AACC-8783ADFA8C46}.Release|Mixed Platforms.Build.0 = Release|Win32
		{D1C99B00-1570-4285-AACC-8783ADFA8C46}.Release|Win32.ActiveCfg = Release|Win32
		{D1C99B00-1570-4285-AACC-8783ADFA8C46}.Release|Win32.Build.0 = Release|Win32
	EndGlobalSection
	GlobalSection(SolutionProperties) = preSolution
		HideSolutionNode = FALSE
	EndGlobalSection
EndGlobal
