
Microsoft Visual Studio Solution File, Format Version 10.00
# Visual Studio 2008
Project("{8BC9CEB8-8B4A-11D0-8D11-00A0C91BC942}") = "xpdf", "xpdfWin\xpdfWin-2008.vcproj", "{05E39E0D-7FC0-4B90-A43B-355C6B8BF0E6}"
	ProjectSection(ProjectDependencies) = postProject
		{78B079BD-9FC7-4B9E-B4A6-96DA0F00248B} = {78B079BD-9FC7-4B9E-B4A6-96DA0F00248B}
	EndProjectSection
EndProject
Project("{8BC9CEB8-8B4A-11D0-8D11-00A0C91BC942}") = "freetype", "freetype-2.3.1\builds\win32\visualc\freetype-2008.vcproj", "{78B079BD-9FC7-4B9E-B4A6-96DA0F00248B}"
EndProject
Project("{8BC9CEB8-8B4A-11D0-8D11-00A0C91BC942}") = "PDFLibNet", "PDFLibNet\PDFLibNet-2008.vcproj", "{4DB564DB-6FE1-4543-89BC-6EE87815C064}"
	ProjectSection(ProjectDependencies) = postProject
		{8BDE8E0A-4F7C-4671-AF23-2B077A385AFD} = {8BDE8E0A-4F7C-4671-AF23-2B077A385AFD}
	EndProjectSection
EndProject
Project("{8BC9CEB8-8B4A-11D0-8D11-00A0C91BC942}") = "AFPDFLib", "libAFPDFLib\AFPDFLib-2008.vcproj", "{8BDE8E0A-4F7C-4671-AF23-2B077A385AFD}"
	ProjectSection(ProjectDependencies) = postProject
		{05E39E0D-7FC0-4B90-A43B-355C6B8BF0E6} = {05E39E0D-7FC0-4B90-A43B-355C6B8BF0E6}
		{63657C80-EADB-4FBC-A557-BE52F318CCDD} = {63657C80-EADB-4FBC-A557-BE52F318CCDD}
	EndProjectSection
EndProject
Project("{FAE04EC0-301F-11D3-BF4B-00C04F79EFBC}") = "PDFViewer-2008", "PDFViewer\PDFViewer-2008.csproj", "{8A9C383C-C04B-4AA3-84C5-C27E057B5FA2}"
EndProject
Project("{8BC9CEB8-8B4A-11D0-8D11-00A0C91BC942}") = "pdfutils", "pdfutils\pdfutils\pdfutils-2008.vcproj", "{5E3040DA-5B10-4D4F-AC72-281A4FE33793}"
	ProjectSection(ProjectDependencies) = postProject
		{05E39E0D-7FC0-4B90-A43B-355C6B8BF0E6} = {05E39E0D-7FC0-4B90-A43B-355C6B8BF0E6}
	EndProjectSection
EndProject
Project("{8BC9CEB8-8B4A-11D0-8D11-00A0C91BC942}") = "mupdf", "mupdf\mupdf-2008.vcproj", "{63657C80-EADB-4FBC-A557-BE52F318CCDD}"
	ProjectSection(ProjectDependencies) = postProject
		{D1C99B00-1570-4285-AACC-8783ADFA8C46} = {D1C99B00-1570-4285-AACC-8783ADFA8C46}
		{0457835D-4C6E-4577-A33A-7184B9C99E84} = {0457835D-4C6E-4577-A33A-7184B9C99E84}
		{78B079BD-9FC7-4B9E-B4A6-96DA0F00248B} = {78B079BD-9FC7-4B9E-B4A6-96DA0F00248B}
		{B1F575D7-1FE6-469F-8BED-E393E906908B} = {B1F575D7-1FE6-469F-8BED-E393E906908B}
	EndProjectSection
EndProject
Project("{8BC9CEB8-8B4A-11D0-8D11-00A0C91BC942}") = "libjpeg", "jpeg\libjpg-2008.vcproj", "{B1F575D7-1FE6-469F-8BED-E393E906908B}"
EndProject
Project("{8BC9CEB8-8B4A-11D0-8D11-00A0C91BC942}") = "zlib", "zlib\zlib-2008.vcproj", "{0457835D-4C6E-4577-A33A-7184B9C99E84}"
EndProject
Project("{8BC9CEB8-8B4A-11D0-8D11-00A0C91BC942}") = "mapsfonts", "mapsfonts\mapsfonts-2008.vcproj", "{D1C99B00-1570-4285-AACC-8783ADFA8C46}"
EndProject
Global
	GlobalSection(SolutionConfigurationPlatforms) = preSolution
		Debug no MuPDF|Any CPU = Debug no MuPDF|Any CPU
		Debug no MuPDF|Mixed Platforms = Debug no MuPDF|Mixed Platforms
		Debug no MuPDF|Win32 = Debug no MuPDF|Win32
		Debug|Any CPU = Debug|Any CPU
		Debug|Mixed Platforms = Debug|Mixed Platforms
		Debug|Win32 = Debug|Win32
		Release no MuPDF|Any CPU = Release no MuPDF|Any CPU
		Release no MuPDF|Mixed Platforms = Release no MuPDF|Mixed Platforms
		Release no MuPDF|Win32 = Release no MuPDF|Win32
		Release|Any CPU = Release|Any CPU
		Release|Mixed Platforms = Release|Mixed Platforms
		Release|Win32 = Release|Win32
	EndGlobalSection
	GlobalSection(ProjectConfigurationPlatforms) = postSolution
		{05E39E0D-7FC0-4B90-A43B-355C6B8BF0E6}.Debug no MuPDF|Any CPU.ActiveCfg = Debug|Win32
		{05E39E0D-7FC0-4B90-A43B-355C6B8BF0E6}.Debug no MuPDF|Mixed Platforms.ActiveCfg = Debug|Win32
		{05E39E0D-7FC0-4B90-A43B-355C6B8BF0E6}.Debug no MuPDF|Mixed Platforms.Build.0 = Debug|Win32
		{05E39E0D-7FC0-4B90-A43B-355C6B8BF0E6}.Debug no MuPDF|Win32.ActiveCfg = Debug|Win32
		{05E39E0D-7FC0-4B90-A43B-355C6B8BF0E6}.Debug no MuPDF|Win32.Build.0 = Debug|Win32
		{05E39E0D-7FC0-4B90-A43B-355C6B8BF0E6}.Debug|Any CPU.ActiveCfg = Debug|Win32
		{05E39E0D-7FC0-4B90-A43B-355C6B8BF0E6}.Debug|Mixed Platforms.ActiveCfg = Debug|Win32
		{05E39E0D-7FC0-4B90-A43B-355C6B8BF0E6}.Debug|Mixed Platforms.Build.0 = Debug|Win32
		{05E39E0D-7FC0-4B90-A43B-355C6B8BF0E6}.Debug|Win32.ActiveCfg = Debug|Win32
		{05E39E0D-7FC0-4B90-A43B-355C6B8BF0E6}.Debug|Win32.Build.0 = Debug|Win32
		{05E39E0D-7FC0-4B90-A43B-355C6B8BF0E6}.Release no MuPDF|Any CPU.ActiveCfg = Release|Win32
		{05E39E0D-7FC0-4B90-A43B-355C6B8BF0E6}.Release no MuPDF|Mixed Platforms.ActiveCfg = Release|Win32
		{05E39E0D-7FC0-4B90-A43B-355C6B8BF0E6}.Release no MuPDF|Mixed Platforms.Build.0 = Release|Win32
		{05E39E0D-7FC0-4B90-A43B-355C6B8BF0E6}.Release no MuPDF|Win32.ActiveCfg = Release|Win32
		{05E39E0D-7FC0-4B90-A43B-355C6B8BF0E6}.Release no MuPDF|Win32.Build.0 = Release|Win32
		{05E39E0D-7FC0-4B90-A43B-355C6B8BF0E6}.Release|Any CPU.ActiveCfg = Release|Win32
		{05E39E0D-7FC0-4B90-A43B-355C6B8BF0E6}.Release|Mixed Platforms.ActiveCfg = Release|Win32
		{05E39E0D-7FC0-4B90-A43B-355C6B8BF0E6}.Release|Mixed Platforms.Build.0 = Release|Win32
		{05E39E0D-7FC0-4B90-A43B-355C6B8BF0E6}.Release|Win32.ActiveCfg = Release|Win32
		{05E39E0D-7FC0-4B90-A43B-355C6B8BF0E6}.Release|Win32.Build.0 = Release|Win32
		{78B079BD-9FC7-4B9E-B4A6-96DA0F00248B}.Debug no MuPDF|Any CPU.ActiveCfg = Debug|Win32
		{78B079BD-9FC7-4B9E-B4A6-96DA0F00248B}.Debug no MuPDF|Mixed Platforms.ActiveCfg = Release|Win32
		{78B079BD-9FC7-4B9E-B4A6-96DA0F00248B}.Debug no MuPDF|Mixed Platforms.Build.0 = Release|Win32
		{78B079BD-9FC7-4B9E-B4A6-96DA0F00248B}.Debug no MuPDF|Win32.ActiveCfg = Debug|Win32
		{78B079BD-9FC7-4B9E-B4A6-96DA0F00248B}.Debug no MuPDF|Win32.Build.0 = Debug|Win32
		{78B079BD-9FC7-4B9E-B4A6-96DA0F00248B}.Debug|Any CPU.ActiveCfg = Debug|Win32
		{78B079BD-9FC7-4B9E-B4A6-96DA0F00248B}.Debug|Mixed Platforms.ActiveCfg = Debug|Win32
		{78B079BD-9FC7-4B9E-B4A6-96DA0F00248B}.Debug|Mixed Platforms.Build.0 = Debug|Win32
		{78B079BD-9FC7-4B9E-B4A6-96DA0F00248B}.Debug|Win32.ActiveCfg = Debug|Win32
		{78B079BD-9FC7-4B9E-B4A6-96DA0F00248B}.Debug|Win32.Build.0 = Debug|Win32
		{78B079BD-9FC7-4B9E-B4A6-96DA0F00248B}.Release no MuPDF|Any CPU.ActiveCfg = Release|Win32
		{78B079BD-9FC7-4B9E-B4A6-96DA0F00248B}.Release no MuPDF|Mixed Platforms.ActiveCfg = Release|Win32
		{78B079BD-9FC7-4B9E-B4A6-96DA0F00248B}.Release no MuPDF|Mixed Platforms.Build.0 = Release|Win32
		{78B079BD-9FC7-4B9E-B4A6-96DA0F00248B}.Release no MuPDF|Win32.ActiveCfg = Release|Win32
		{78B079BD-9FC7-4B9E-B4A6-96DA0F00248B}.Release no MuPDF|Win32.Build.0 = Release|Win32
		{78B079BD-9FC7-4B9E-B4A6-96DA0F00248B}.Release|Any CPU.ActiveCfg = Release|Win32
		{78B079BD-9FC7-4B9E-B4A6-96DA0F00248B}.Release|Mixed Platforms.ActiveCfg = Release|Win32
		{78B079BD-9FC7-4B9E-B4A6-96DA0F00248B}.Release|Mixed Platforms.Build.0 = Release|Win32
		{78B079BD-9FC7-4B9E-B4A6-96DA0F00248B}.Release|Win32.ActiveCfg = Release|Win32
		{78B079BD-9FC7-4B9E-B4A6-96DA0F00248B}.Release|Win32.Build.0 = Release|Win32
		{4DB564DB-6FE1-4543-89BC-6EE87815C064}.Debug no MuPDF|Any CPU.ActiveCfg = Debug|Win32
		{4DB564DB-6FE1-4543-89BC-6EE87815C064}.Debug no MuPDF|Mixed Platforms.ActiveCfg = Debug|Win32
		{4DB564DB-6FE1-4543-89BC-6EE87815C064}.Debug no MuPDF|Mixed Platforms.Build.0 = Debug|Win32
		{4DB564DB-6FE1-4543-89BC-6EE87815C064}.Debug no MuPDF|Win32.ActiveCfg = Debug|Win32
		{4DB564DB-6FE1-4543-89BC-6EE87815C064}.Debug no MuPDF|Win32.Build.0 = Debug|Win32
		{4DB564DB-6FE1-4543-89BC-6EE87815C064}.Debug|Any CPU.ActiveCfg = Debug|Win32
		{4DB564DB-6FE1-4543-89BC-6EE87815C064}.Debug|Mixed Platforms.ActiveCfg = Debug|Win32
		{4DB564DB-6FE1-4543-89BC-6EE87815C064}.Debug|Mixed Platforms.Build.0 = Debug|Win32
		{4DB564DB-6FE1-4543-89BC-6EE87815C064}.Debug|Win32.ActiveCfg = Debug|Win32
		{4DB564DB-6FE1-4543-89BC-6EE87815C064}.Debug|Win32.Build.0 = Debug|Win32
		{4DB564DB-6FE1-4543-89BC-6EE87815C064}.Release no MuPDF|Any CPU.ActiveCfg = Release|Win32
		{4DB564DB-6FE1-4543-89BC-6EE87815C064}.Release no MuPDF|Mixed Platforms.ActiveCfg = Release|Win32
		{4DB564DB-6FE1-4543-89BC-6EE87815C064}.Release no MuPDF|Mixed Platforms.Build.0 = Release|Win32
		{4DB564DB-6FE1-4543-89BC-6EE87815C064}.Release no MuPDF|Win32.ActiveCfg = Release|Win32
		{4DB564DB-6FE1-4543-89BC-6EE87815C064}.Release no MuPDF|Win32.Build.0 = Release|Win32
		{4DB564DB-6FE1-4543-89BC-6EE87815C064}.Release|Any CPU.ActiveCfg = Release|Win32
		{4DB564DB-6FE1-4543-89BC-6EE87815C064}.Release|Mixed Platforms.ActiveCfg = Release|Win32
		{4DB564DB-6FE1-4543-89BC-6EE87815C064}.Release|Mixed Platforms.Build.0 = Release|Win32
		{4DB564DB-6FE1-4543-89BC-6EE87815C064}.Release|Win32.ActiveCfg = Release|Win32
		{4DB564DB-6FE1-4543-89BC-6EE87815C064}.Release|Win32.Build.0 = Release|Win32
		{8BDE8E0A-4F7C-4671-AF23-2B077A385AFD}.Debug no MuPDF|Any CPU.ActiveCfg = Debug no MuPDF|Win32
		{8BDE8E0A-4F7C-4671-AF23-2B077A385AFD}.Debug no MuPDF|Mixed Platforms.ActiveCfg = Debug no MuPDF|Win32
		{8BDE8E0A-4F7C-4671-AF23-2B077A385AFD}.Debug no MuPDF|Mixed Platforms.Build.0 = Debug no MuPDF|Win32
		{8BDE8E0A-4F7C-4671-AF23-2B077A385AFD}.Debug no MuPDF|Win32.ActiveCfg = Debug no MuPDF|Win32
		{8BDE8E0A-4F7C-4671-AF23-2B077A385AFD}.Debug no MuPDF|Win32.Build.0 = Debug no MuPDF|Win32
		{8BDE8E0A-4F7C-4671-AF23-2B077A385AFD}.Debug|Any CPU.ActiveCfg = Debug|Win32
		{8BDE8E0A-4F7C-4671-AF23-2B077A385AFD}.Debug|Mixed Platforms.ActiveCfg = Debug|Win32
		{8BDE8E0A-4F7C-4671-AF23-2B077A385AFD}.Debug|Mixed Platforms.Build.0 = Debug|Win32
		{8BDE8E0A-4F7C-4671-AF23-2B077A385AFD}.Debug|Win32.ActiveCfg = Debug|Win32
		{8BDE8E0A-4F7C-4671-AF23-2B077A385AFD}.Debug|Win32.Build.0 = Debug|Win32
		{8BDE8E0A-4F7C-4671-AF23-2B077A385AFD}.Release no MuPDF|Any CPU.ActiveCfg = Release no MuPDF|Win32
		{8BDE8E0A-4F7C-4671-AF23-2B077A385AFD}.Release no MuPDF|Mixed Platforms.ActiveCfg = Release no MuPDF|Win32
		{8BDE8E0A-4F7C-4671-AF23-2B077A385AFD}.Release no MuPDF|Mixed Platforms.Build.0 = Release no MuPDF|Win32
		{8BDE8E0A-4F7C-4671-AF23-2B077A385AFD}.Release no MuPDF|Win32.ActiveCfg = Release no MuPDF|Win32
		{8BDE8E0A-4F7C-4671-AF23-2B077A385AFD}.Release no MuPDF|Win32.Build.0 = Release no MuPDF|Win32
		{8BDE8E0A-4F7C-4671-AF23-2B077A385AFD}.Release|Any CPU.ActiveCfg = Release|Win32
		{8BDE8E0A-4F7C-4671-AF23-2B077A385AFD}.Release|Mixed Platforms.ActiveCfg = Release|Win32
		{8BDE8E0A-4F7C-4671-AF23-2B077A385AFD}.Release|Mixed Platforms.Build.0 = Release|Win32
		{8BDE8E0A-4F7C-4671-AF23-2B077A385AFD}.Release|Win32.ActiveCfg = Release|Win32
		{8BDE8E0A-4F7C-4671-AF23-2B077A385AFD}.Release|Win32.Build.0 = Release|Win32
		{8A9C383C-C04B-4AA3-84C5-C27E057B5FA2}.Debug no MuPDF|Any CPU.ActiveCfg = Debug|Any CPU
		{8A9C383C-C04B-4AA3-84C5-C27E057B5FA2}.Debug no MuPDF|Any CPU.Build.0 = Debug|Any CPU
		{8A9C383C-C04B-4AA3-84C5-C27E057B5FA2}.Debug no MuPDF|Mixed Platforms.ActiveCfg = Debug|Any CPU
		{8A9C383C-C04B-4AA3-84C5-C27E057B5FA2}.Debug no MuPDF|Mixed Platforms.Build.0 = Debug|Any CPU
		{8A9C383C-C04B-4AA3-84C5-C27E057B5FA2}.Debug no MuPDF|Win32.ActiveCfg = Debug|Any CPU
		{8A9C383C-C04B-4AA3-84C5-C27E057B5FA2}.Debug|Any CPU.ActiveCfg = Debug|Any CPU
		{8A9C383C-C04B-4AA3-84C5-C27E057B5FA2}.Debug|Any CPU.Build.0 = Debug|Any CPU
		{8A9C383C-C04B-4AA3-84C5-C27E057B5FA2}.Debug|Mixed Platforms.ActiveCfg = Debug|Any CPU
		{8A9C383C-C04B-4AA3-84C5-C27E057B5FA2}.Debug|Mixed Platforms.Build.0 = Debug|Any CPU
		{8A9C383C-C04B-4AA3-84C5-C27E057B5FA2}.Debug|Win32.ActiveCfg = Debug|Any CPU
		{8A9C383C-C04B-4AA3-84C5-C27E057B5FA2}.Release no MuPDF|Any CPU.ActiveCfg = Release|Any CPU
		{8A9C383C-C04B-4AA3-84C5-C27E057B5FA2}.Release no MuPDF|Any CPU.Build.0 = Release|Any CPU
		{8A9C383C-C04B-4AA3-84C5-C27E057B5FA2}.Release no MuPDF|Mixed Platforms.ActiveCfg = Release|Any CPU
		{8A9C383C-C04B-4AA3-84C5-C27E057B5FA2}.Release no MuPDF|Mixed Platforms.Build.0 = Release|Any CPU
		{8A9C383C-C04B-4AA3-84C5-C27E057B5FA2}.Release no MuPDF|Win32.ActiveCfg = Release|Any CPU
		{8A9C383C-C04B-4AA3-84C5-C27E057B5FA2}.Release|Any CPU.ActiveCfg = Release|Any CPU
		{8A9C383C-C04B-4AA3-84C5-C27E057B5FA2}.Release|Any CPU.Build.0 = Release|Any CPU
		{8A9C383C-C04B-4AA3-84C5-C27E057B5FA2}.Release|Mixed Platforms.ActiveCfg = Release|Any CPU
		{8A9C383C-C04B-4AA3-84C5-C27E057B5FA2}.Release|Mixed Platforms.Build.0 = Release|Any CPU
		{8A9C383C-C04B-4AA3-84C5-C27E057B5FA2}.Release|Win32.ActiveCfg = Release|Any CPU
		{5E3040DA-5B10-4D4F-AC72-281A4FE33793}.Debug no MuPDF|Any CPU.ActiveCfg = Debug|Win32
		{5E3040DA-5B10-4D4F-AC72-281A4FE33793}.Debug no MuPDF|Mixed Platforms.ActiveCfg = Debug|Win32
		{5E3040DA-5B10-4D4F-AC72-281A4FE33793}.Debug no MuPDF|Mixed Platforms.Build.0 = Debug|Win32
		{5E3040DA-5B10-4D4F-AC72-281A4FE33793}.Debug no MuPDF|Win32.ActiveCfg = Debug|Win32
		{5E3040DA-5B10-4D4F-AC72-281A4FE33793}.Debug no MuPDF|Win32.Build.0 = Debug|Win32
		{5E3040DA-5B10-4D4F-AC72-281A4FE33793}.Debug|Any CPU.ActiveCfg = Debug|Win32
		{5E3040DA-5B10-4D4F-AC72-281A4FE33793}.Debug|Mixed Platforms.ActiveCfg = Debug|Win32
		{5E3040DA-5B10-4D4F-AC72-281A4FE33793}.Debug|Mixed Platforms.Build.0 = Debug|Win32
		{5E3040DA-5B10-4D4F-AC72-281A4FE33793}.Debug|Win32.ActiveCfg = Debug|Win32
		{5E3040DA-5B10-4D4F-AC72-281A4FE33793}.Debug|Win32.Build.0 = Debug|Win32
		{5E3040DA-5B10-4D4F-AC72-281A4FE33793}.Release no MuPDF|Any CPU.ActiveCfg = Release|Win32
		{5E3040DA-5B10-4D4F-AC72-281A4FE33793}.Release no MuPDF|Mixed Platforms.ActiveCfg = Release|Win32
		{5E3040DA-5B10-4D4F-AC72-281A4FE33793}.Release no MuPDF|Mixed Platforms.Build.0 = Release|Win32
		{5E3040DA-5B10-4D4F-AC72-281A4FE33793}.Release no MuPDF|Win32.ActiveCfg = Release|Win32
		{5E3040DA-5B10-4D4F-AC72-281A4FE33793}.Release no MuPDF|Win32.Build.0 = Release|Win32
		{5E3040DA-5B10-4D4F-AC72-281A4FE33793}.Release|Any CPU.ActiveCfg = Release|Win32
		{5E3040DA-5B10-4D4F-AC72-281A4FE33793}.Release|Mixed Platforms.ActiveCfg = Release|Win32
		{5E3040DA-5B10-4D4F-AC72-281A4FE33793}.Release|Mixed Platforms.Build.0 = Release|Win32
		{5E3040DA-5B10-4D4F-AC72-281A4FE33793}.Release|Win32.ActiveCfg = Release|Win32
		{5E3040DA-5B10-4D4F-AC72-281A4FE33793}.Release|Win32.Build.0 = Release|Win32
		{63657C80-EADB-4FBC-A557-BE52F318CCDD}.Debug no MuPDF|Any CPU.ActiveCfg = Debug|Win32
		{63657C80-EADB-4FBC-A557-BE52F318CCDD}.Debug no MuPDF|Mixed Platforms.ActiveCfg = Debug|Win32
		{63657C80-EADB-4FBC-A557-BE52F318CCDD}.Debug no MuPDF|Mixed Platforms.Build.0 = Debug|Win32
		{63657C80-EADB-4FBC-A557-BE52F318CCDD}.Debug no MuPDF|Win32.ActiveCfg = Debug|Win32
		{63657C80-EADB-4FBC-A557-BE52F318CCDD}.Debug no MuPDF|Win32.Build.0 = Debug|Win32
		{63657C80-EADB-4FBC-A557-BE52F318CCDD}.Debug|Any CPU.ActiveCfg = Debug|Win32
		{63657C80-EADB-4FBC-A557-BE52F318CCDD}.Debug|Mixed Platforms.ActiveCfg = Debug|Win32
		{63657C80-EADB-4FBC-A557-BE52F318CCDD}.Debug|Mixed Platforms.Build.0 = Debug|Win32
		{63657C80-EADB-4FBC-A557-BE52F318CCDD}.Debug|Win32.ActiveCfg = Debug|Win32
		{63657C80-EADB-4FBC-A557-BE52F318CCDD}.Debug|Win32.Build.0 = Debug|Win32
		{63657C80-EADB-4FBC-A557-BE52F318CCDD}.Release no MuPDF|Any CPU.ActiveCfg = Release|Win32
		{63657C80-EADB-4FBC-A557-BE52F318CCDD}.Release no MuPDF|Mixed Platforms.ActiveCfg = Release|Win32
		{63657C80-EADB-4FBC-A557-BE52F318CCDD}.Release no MuPDF|Mixed Platforms.Build.0 = Release|Win32
		{63657C80-EADB-4FBC-A557-BE52F318CCDD}.Release no MuPDF|Win32.ActiveCfg = Release|Win32
		{63657C80-EADB-4FBC-A557-BE52F318CCDD}.Release no MuPDF|Win32.Build.0 = Release|Win32
		{63657C80-EADB-4FBC-A557-BE52F318CCDD}.Release|Any CPU.ActiveCfg = Release|Win32
		{63657C80-EADB-4FBC-A557-BE52F318CCDD}.Release|Mixed Platforms.ActiveCfg = Release|Win32
		{63657C80-EADB-4FBC-A557-BE52F318CCDD}.Release|Mixed Platforms.Build.0 = Release|Win32
		{63657C80-EADB-4FBC-A557-BE52F318CCDD}.Release|Win32.ActiveCfg = Release|Win32
		{63657C80-EADB-4FBC-A557-BE52F318CCDD}.Release|Win32.Build.0 = Release|Win32
		{B1F575D7-1FE6-469F-8BED-E393E906908B}.Debug no MuPDF|Any CPU.ActiveCfg = Debug|Win32
		{B1F575D7-1FE6-469F-8BED-E393E906908B}.Debug no MuPDF|Mixed Platforms.ActiveCfg = Debug|Win32
		{B1F575D7-1FE6-469F-8BED-E393E906908B}.Debug no MuPDF|Mixed Platforms.Build.0 = Debug|Win32
		{B1F575D7-1FE6-469F-8BED-E393E906908B}.Debug no MuPDF|Win32.ActiveCfg = Debug|Win32
		{B1F575D7-1FE6-469F-8BED-E393E906908B}.Debug no MuPDF|Win32.Build.0 = Debug|Win32
		{B1F575D7-1FE6-469F-8BED-E393E906908B}.Debug|Any CPU.ActiveCfg = Debug|Win32
		{B1F575D7-1FE6-469F-8BED-E393E906908B}.Debug|Mixed Platforms.ActiveCfg = Debug|Win32
		{B1F575D7-1FE6-469F-8BED-E393E906908B}.Debug|Mixed Platforms.Build.0 = Debug|Win32
		{B1F575D7-1FE6-469F-8BED-E393E906908B}.Debug|Win32.ActiveCfg = Debug|Win32
		{B1F575D7-1FE6-469F-8BED-E393E906908B}.Debug|Win32.Build.0 = Debug|Win32
		{B1F575D7-1FE6-469F-8BED-E393E906908B}.Release no MuPDF|Any CPU.ActiveCfg = Release|Win32
		{B1F575D7-1FE6-469F-8BED-E393E906908B}.Release no MuPDF|Mixed Platforms.ActiveCfg = Release|Win32
		{B1F575D7-1FE6-469F-8BED-E393E906908B}.Release no MuPDF|Mixed Platforms.Build.0 = Release|Win32
		{B1F575D7-1FE6-469F-8BED-E393E906908B}.Release no MuPDF|Win32.ActiveCfg = Release|Win32
		{B1F575D7-1FE6-469F-8BED-E393E906908B}.Release no MuPDF|Win32.Build.0 = Release|Win32
		{B1F575D7-1FE6-469F-8BED-E393E906908B}.Release|Any CPU.ActiveCfg = Release|Win32
		{B1F575D7-1FE6-469F-8BED-E393E906908B}.Release|Mixed Platforms.ActiveCfg = Release|Win32
		{B1F575D7-1FE6-469F-8BED-E393E906908B}.Release|Mixed Platforms.Build.0 = Release|Win32
		{B1F575D7-1FE6-469F-8BED-E393E906908B}.Release|Win32.ActiveCfg = Release|Win32
		{B1F575D7-1FE6-469F-8BED-E393E906908B}.Release|Win32.Build.0 = Release|Win32
		{0457835D-4C6E-4577-A33A-7184B9C99E84}.Debug no MuPDF|Any CPU.ActiveCfg = Debug|Win32
		{0457835D-4C6E-4577-A33A-7184B9C99E84}.Debug no MuPDF|Mixed Platforms.ActiveCfg = Debug|Win32
		{0457835D-4C6E-4577-A33A-7184B9C99E84}.Debug no MuPDF|Mixed Platforms.Build.0 = Debug|Win32
		{0457835D-4C6E-4577-A33A-7184B9C99E84}.Debug no MuPDF|Win32.ActiveCfg = Debug|Win32
		{0457835D-4C6E-4577-A33A-7184B9C99E84}.Debug no MuPDF|Win32.Build.0 = Debug|Win32
		{0457835D-4C6E-4577-A33A-7184B9C99E84}.Debug|Any CPU.ActiveCfg = Debug|Win32
		{0457835D-4C6E-4577-A33A-7184B9C99E84}.Debug|Mixed Platforms.ActiveCfg = Debug|Win32
		{0457835D-4C6E-4577-A33A-7184B9C99E84}.Debug|Mixed Platforms.Build.0 = Debug|Win32
		{0457835D-4C6E-4577-A33A-7184B9C99E84}.Debug|Win32.ActiveCfg = Debug|Win32
		{0457835D-4C6E-4577-A33A-7184B9C99E84}.Debug|Win32.Build.0 = Debug|Win32
		{0457835D-4C6E-4577-A33A-7184B9C99E84}.Release no MuPDF|Any CPU.ActiveCfg = Release|Win32
		{0457835D-4C6E-4577-A33A-7184B9C99E84}.Release no MuPDF|Mixed Platforms.ActiveCfg = Release|Win32
		{0457835D-4C6E-4577-A33A-7184B9C99E84}.Release no MuPDF|Mixed Platforms.Build.0 = Release|Win32
		{0457835D-4C6E-4577-A33A-7184B9C99E84}.Release no MuPDF|Win32.ActiveCfg = Release|Win32
		{0457835D-4C6E-4577-A33A-7184B9C99E84}.Release no MuPDF|Win32.Build.0 = Release|Win32
		{0457835D-4C6E-4577-A33A-7184B9C99E84}.Release|Any CPU.ActiveCfg = Release|Win32
		{0457835D-4C6E-4577-A33A-7184B9C99E84}.Release|Mixed Platforms.ActiveCfg = Release|Win32
		{0457835D-4C6E-4577-A33A-7184B9C99E84}.Release|Mixed Platforms.Build.0 = Release|Win32
		{0457835D-4C6E-4577-A33A-7184B9C99E84}.Release|Win32.ActiveCfg = Release|Win32
		{0457835D-4C6E-4577-A33A-7184B9C99E84}.Release|Win32.Build.0 = Release|Win32
		{D1C99B00-1570-4285-AACC-8783ADFA8C46}.Debug no MuPDF|Any CPU.ActiveCfg = Debug|Win32
		{D1C99B00-1570-4285-AACC-8783ADFA8C46}.Debug no MuPDF|Mixed Platforms.ActiveCfg = Debug|Win32
		{D1C99B00-1570-4285-AACC-8783ADFA8C46}.Debug no MuPDF|Mixed Platforms.Build.0 = Debug|Win32
		{D1C99B00-1570-4285-AACC-8783ADFA8C46}.Debug no MuPDF|Win32.ActiveCfg = Debug|Win32
		{D1C99B00-1570-4285-AACC-8783ADFA8C46}.Debug no MuPDF|Win32.Build.0 = Debug|Win32
		{D1C99B00-1570-4285-AACC-8783ADFA8C46}.Debug|Any CPU.ActiveCfg = Debug|Win32
		{D1C99B00-1570-4285-AACC-8783ADFA8C46}.Debug|Mixed Platforms.ActiveCfg = Debug|Win32
		{D1C99B00-1570-4285-AACC-8783ADFA8C46}.Debug|Mixed Platforms.Build.0 = Debug|Win32
		{D1C99B00-1570-4285-AACC-8783ADFA8C46}.Debug|Win32.ActiveCfg = Debug|Win32
		{D1C99B00-1570-4285-AACC-8783ADFA8C46}.Debug|Win32.Build.0 = Debug|Win32
		{D1C99B00-1570-4285-AACC-8783ADFA8C46}.Release no MuPDF|Any CPU.ActiveCfg = Release|Win32
		{D1C99B00-1570-4285-AACC-8783ADFA8C46}.Release no MuPDF|Mixed Platforms.ActiveCfg = Release|Win32
		{D1C99B00-1570-4285-AACC-8783ADFA8C46}.Release no MuPDF|Mixed Platforms.Build.0 = Release|Win32
		{D1C99B00-1570-4285-AACC-8783ADFA8C46}.Release no MuPDF|Win32.ActiveCfg = Release|Win32
		{D1C99B00-1570-4285-AACC-8783ADFA8C46}.Release no MuPDF|Win32.Build.0 = Release|Win32
		{D1C99B00-1570-4285-AACC-8783ADFA8C46}.Release|Any CPU.ActiveCfg = Release|Win32
		{D1C99B00-1570-4285-AACC-8783ADFA8C46}.Release|Mixed Platforms.ActiveCfg = Release|Win32
		{D1C99B00-1570-4285-AACC-8783ADFA8C46}.Release|Mixed Platforms.Build.0 = Release|Win32
		{D1C99B00-1570-4285-AACC-8783ADFA8C46}.Release|Win32.ActiveCfg = Release|Win32
		{D1C99B00-1570-4285-AACC-8783ADFA8C46}.Release|Win32.Build.0 = Release|Win32
	EndGlobalSection
	GlobalSection(SolutionProperties) = preSolution
		HideSolutionNode = FALSE
	EndGlobalSection
EndGlobal
