<?xml version="1.0" encoding="utf-8"?>
<Project ToolsVersion="4.0" xmlns="http://schemas.microsoft.com/developer/msbuild/2003">
  <ItemGroup>
    <Filter Include="Source Files">
      <UniqueIdentifier>{4FC737F1-C7A5-4376-A066-2A32D752A2FF}</UniqueIdentifier>
      <Extensions>cpp;c;cc;cxx;def;odl;idl;hpj;bat;asm;asmx</Extensions>
    </Filter>
    <Filter Include="Source Files\goo">
      <UniqueIdentifier>{a28d82c2-1df8-48ba-a039-04665f99fe3f}</UniqueIdentifier>
    </Filter>
    <Filter Include="Source Files\fofi">
      <UniqueIdentifier>{8f4d040d-938e-4eb9-af31-b05aab7f8f01}</UniqueIdentifier>
    </Filter>
    <Filter Include="Source Files\splash">
      <UniqueIdentifier>{78dae2f6-f6c7-4990-8192-8fbe33d6fa43}</UniqueIdentifier>
    </Filter>
    <Filter Include="Header Files">
      <UniqueIdentifier>{93995380-89BD-4b04-88EB-625FBE52EBFB}</UniqueIdentifier>
      <Extensions>h;hpp;hxx;hm;inl;inc;xsd</Extensions>
    </Filter>
    <Filter Include="Header Files\pdf2swf">
      <UniqueIdentifier>{cc7de893-538d-473d-a632-5c15c11ac41f}</UniqueIdentifier>
    </Filter>
  </ItemGroup>
  <ItemGroup>
    <ClCompile Include="xpdf\Annot.cc">
      <Filter>Source Files</Filter>
    </ClCompile>
    <ClCompile Include="xpdf\Array.cc">
      <Filter>Source Files</Filter>
    </ClCompile>
    <ClCompile Include="xpdf\BuiltinFont.cc">
      <Filter>Source Files</Filter>
    </ClCompile>
    <ClCompile Include="xpdf\BuiltinFontTables.cc">
      <Filter>Source Files</Filter>
    </ClCompile>
    <ClCompile Include="xpdf\Catalog.cc">
      <Filter>Source Files</Filter>
    </ClCompile>
    <ClCompile Include="xpdf\CharCodeToUnicode.cc">
      <Filter>Source Files</Filter>
    </ClCompile>
    <ClCompile Include="xpdf\CMap.cc">
      <Filter>Source Files</Filter>
    </ClCompile>
    <ClCompile Include="xpdf\CoreOutputDev.cc">
      <Filter>Source Files</Filter>
    </ClCompile>
    <ClCompile Include="xpdf\Decrypt.cc">
      <Filter>Source Files</Filter>
    </ClCompile>
    <ClCompile Include="xpdf\Dict.cc">
      <Filter>Source Files</Filter>
    </ClCompile>
    <ClCompile Include="xpdf\Error.cc">
      <Filter>Source Files</Filter>
    </ClCompile>
    <ClCompile Include="xpdf\FontEncodingTables.cc">
      <Filter>Source Files</Filter>
    </ClCompile>
    <ClCompile Include="xpdf\Function.cc">
      <Filter>Source Files</Filter>
    </ClCompile>
    <ClCompile Include="xpdf\Gfx.cc">
      <Filter>Source Files</Filter>
    </ClCompile>
    <ClCompile Include="xpdf\GfxFont.cc">
      <Filter>Source Files</Filter>
    </ClCompile>
    <ClCompile Include="xpdf\GfxState.cc">
      <Filter>Source Files</Filter>
    </ClCompile>
    <ClCompile Include="xpdf\GlobalParams.cc">
      <Filter>Source Files</Filter>
    </ClCompile>
    <ClCompile Include="xpdf\ImageOutputDev.cc">
      <Filter>Source Files</Filter>
    </ClCompile>
    <ClCompile Include="xpdf\JArithmeticDecoder.cc">
      <Filter>Source Files</Filter>
    </ClCompile>
    <ClCompile Include="xpdf\JBIG2Stream.cc">
      <Filter>Source Files</Filter>
    </ClCompile>
    <ClCompile Include="xpdf\JPXStream.cc">
      <Filter>Source Files</Filter>
    </ClCompile>
    <ClCompile Include="xpdf\Lexer.cc">
      <Filter>Source Files</Filter>
    </ClCompile>
    <ClCompile Include="xpdf\Link.cc">
      <Filter>Source Files</Filter>
    </ClCompile>
    <ClCompile Include="xpdf\NameToCharCode.cc">
      <Filter>Source Files</Filter>
    </ClCompile>
    <ClCompile Include="xpdf\Object.cc">
      <Filter>Source Files</Filter>
    </ClCompile>
    <ClCompile Include="xpdf\Outline.cc">
      <Filter>Source Files</Filter>
    </ClCompile>
    <ClCompile Include="xpdf\OutputDev.cc">
      <Filter>Source Files</Filter>
    </ClCompile>
    <ClCompile Include="xpdf\Page.cc">
      <Filter>Source Files</Filter>
    </ClCompile>
    <ClCompile Include="xpdf\Parser.cc">
      <Filter>Source Files</Filter>
    </ClCompile>
    <ClCompile Include="xpdf\PDFCore.cc">
      <Filter>Source Files</Filter>
    </ClCompile>
    <ClCompile Include="xpdf\PDFDoc.cc">
      <Filter>Source Files</Filter>
    </ClCompile>
    <ClCompile Include="xpdf\PDFDocEncoding.cc">
      <Filter>Source Files</Filter>
    </ClCompile>
    <ClCompile Include="xpdf\PSOutputDev.cc">
      <Filter>Source Files</Filter>
    </ClCompile>
    <ClCompile Include="xpdf\PSTokenizer.cc">
      <Filter>Source Files</Filter>
    </ClCompile>
    <ClCompile Include="xpdf\SecurityHandler.cc">
      <Filter>Source Files</Filter>
    </ClCompile>
    <ClCompile Include="xpdf\SplashOutputDev.cc">
      <Filter>Source Files</Filter>
    </ClCompile>
    <ClCompile Include="xpdf\Stream.cc">
      <Filter>Source Files</Filter>
    </ClCompile>
    <ClCompile Include="xpdf\TextOutputDev.cc">
      <Filter>Source Files</Filter>
    </ClCompile>
    <ClCompile Include="xpdf\UnicodeMap.cc">
      <Filter>Source Files</Filter>
    </ClCompile>
    <ClCompile Include="xpdf\UnicodeTypeTable.cc">
      <Filter>Source Files</Filter>
    </ClCompile>
    <ClCompile Include="xpdf\XpdfPluginAPI.cc">
      <Filter>Source Files</Filter>
    </ClCompile>
    <ClCompile Include="xpdf\XRef.cc">
      <Filter>Source Files</Filter>
    </ClCompile>
    <ClCompile Include="goo\FixedPoint.cc">
      <Filter>Source Files\goo</Filter>
    </ClCompile>
    <ClCompile Include="goo\gfile.cc">
      <Filter>Source Files\goo</Filter>
    </ClCompile>
    <ClCompile Include="goo\GHash.cc">
      <Filter>Source Files\goo</Filter>
    </ClCompile>
    <ClCompile Include="goo\GList.cc">
      <Filter>Source Files\goo</Filter>
    </ClCompile>
    <ClCompile Include="goo\gmem.c">
      <Filter>Source Files\goo</Filter>
    </ClCompile>
    <ClCompile Include="goo\gmempp.cc">
      <Filter>Source Files\goo</Filter>
    </ClCompile>
    <ClCompile Include="goo\GString.cc">
      <Filter>Source Files\goo</Filter>
    </ClCompile>
    <ClCompile Include="goo\parseargs.c">
      <Filter>Source Files\goo</Filter>
    </ClCompile>
    <ClCompile Include="fofi\FoFiBase.cc">
      <Filter>Source Files\fofi</Filter>
    </ClCompile>
    <ClCompile Include="fofi\FoFiEncodings.cc">
      <Filter>Source Files\fofi</Filter>
    </ClCompile>
    <ClCompile Include="fofi\FoFiTrueType.cc">
      <Filter>Source Files\fofi</Filter>
    </ClCompile>
    <ClCompile Include="fofi\FoFiType1.cc">
      <Filter>Source Files\fofi</Filter>
    </ClCompile>
    <ClCompile Include="fofi\FoFiType1C.cc">
      <Filter>Source Files\fofi</Filter>
    </ClCompile>
    <ClCompile Include="splash\Splash.cc">
      <Filter>Source Files\splash</Filter>
    </ClCompile>
    <ClCompile Include="splash\SplashBitmap.cc">
      <Filter>Source Files\splash</Filter>
    </ClCompile>
    <ClCompile Include="splash\SplashClip.cc">
      <Filter>Source Files\splash</Filter>
    </ClCompile>
    <ClCompile Include="splash\SplashFont.cc">
      <Filter>Source Files\splash</Filter>
    </ClCompile>
    <ClCompile Include="splash\SplashFontEngine.cc">
      <Filter>Source Files\splash</Filter>
    </ClCompile>
    <ClCompile Include="splash\SplashFontFile.cc">
      <Filter>Source Files\splash</Filter>
    </ClCompile>
    <ClCompile Include="splash\SplashFontFileID.cc">
      <Filter>Source Files\splash</Filter>
    </ClCompile>
    <ClCompile Include="splash\SplashFTFont.cc">
      <Filter>Source Files\splash</Filter>
    </ClCompile>
    <ClCompile Include="splash\SplashFTFontEngine.cc">
      <Filter>Source Files\splash</Filter>
    </ClCompile>
    <ClCompile Include="splash\SplashFTFontFile.cc">
      <Filter>Source Files\splash</Filter>
    </ClCompile>
    <ClCompile Include="splash\SplashPath.cc">
      <Filter>Source Files\splash</Filter>
    </ClCompile>
    <ClCompile Include="splash\SplashPattern.cc">
      <Filter>Source Files\splash</Filter>
    </ClCompile>
    <ClCompile Include="splash\SplashScreen.cc">
      <Filter>Source Files\splash</Filter>
    </ClCompile>
    <ClCompile Include="splash\SplashState.cc">
      <Filter>Source Files\splash</Filter>
    </ClCompile>
    <ClCompile Include="splash\SplashT1Font.cc">
      <Filter>Source Files\splash</Filter>
    </ClCompile>
    <ClCompile Include="splash\SplashT1FontEngine.cc">
      <Filter>Source Files\splash</Filter>
    </ClCompile>
    <ClCompile Include="splash\SplashT1FontFile.cc">
      <Filter>Source Files\splash</Filter>
    </ClCompile>
    <ClCompile Include="splash\SplashXPath.cc">
      <Filter>Source Files\splash</Filter>
    </ClCompile>
    <ClCompile Include="splash\SplashXPathScanner.cc">
      <Filter>Source Files\splash</Filter>
    </ClCompile>
  </ItemGroup>
  <ItemGroup>
    <ClInclude Include="goo\FixedPoint.h">
      <Filter>Source Files\goo</Filter>
    </ClInclude>
    <ClInclude Include="goo\gfile.h">
      <Filter>Source Files\goo</Filter>
    </ClInclude>
    <ClInclude Include="goo\GHash.h">
      <Filter>Source Files\goo</Filter>
    </ClInclude>
    <ClInclude Include="goo\GList.h">
      <Filter>Source Files\goo</Filter>
    </ClInclude>
    <ClInclude Include="goo\gmem.h">
      <Filter>Source Files\goo</Filter>
    </ClInclude>
    <ClInclude Include="goo\GMutex.h">
      <Filter>Source Files\goo</Filter>
    </ClInclude>
    <ClInclude Include="goo\GString.h">
      <Filter>Source Files\goo</Filter>
    </ClInclude>
    <ClInclude Include="goo\gtypes.h">
      <Filter>Source Files\goo</Filter>
    </ClInclude>
    <ClInclude Include="goo\parseargs.h">
      <Filter>Source Files\goo</Filter>
    </ClInclude>
    <ClInclude Include="fofi\FoFiBase.h">
      <Filter>Source Files\fofi</Filter>
    </ClInclude>
    <ClInclude Include="fofi\FoFiEncodings.h">
      <Filter>Source Files\fofi</Filter>
    </ClInclude>
    <ClInclude Include="fofi\FoFiTrueType.h">
      <Filter>Source Files\fofi</Filter>
    </ClInclude>
    <ClInclude Include="fofi\FoFiType1.h">
      <Filter>Source Files\fofi</Filter>
    </ClInclude>
    <ClInclude Include="fofi\FoFiType1C.h">
      <Filter>Source Files\fofi</Filter>
    </ClInclude>
    <ClInclude Include="splash\Splash.h">
      <Filter>Source Files\splash</Filter>
    </ClInclude>
    <ClInclude Include="splash\SplashBitmap.h">
      <Filter>Source Files\splash</Filter>
    </ClInclude>
    <ClInclude Include="splash\SplashClip.h">
      <Filter>Source Files\splash</Filter>
    </ClInclude>
    <ClInclude Include="splash\SplashErrorCodes.h">
      <Filter>Source Files\splash</Filter>
    </ClInclude>
    <ClInclude Include="splash\SplashFont.h">
      <Filter>Source Files\splash</Filter>
    </ClInclude>
    <ClInclude Include="splash\SplashFontEngine.h">
      <Filter>Source Files\splash</Filter>
    </ClInclude>
    <ClInclude Include="splash\SplashFontFile.h">
      <Filter>Source Files\splash</Filter>
    </ClInclude>
    <ClInclude Include="splash\SplashFontFileID.h">
      <Filter>Source Files\splash</Filter>
    </ClInclude>
    <ClInclude Include="splash\SplashFTFont.h">
      <Filter>Source Files\splash</Filter>
    </ClInclude>
    <ClInclude Include="splash\SplashFTFontEngine.h">
      <Filter>Source Files\splash</Filter>
    </ClInclude>
    <ClInclude Include="splash\SplashFTFontFile.h">
      <Filter>Source Files\splash</Filter>
    </ClInclude>
    <ClInclude Include="splash\SplashGlyphBitmap.h">
      <Filter>Source Files\splash</Filter>
    </ClInclude>
    <ClInclude Include="splash\SplashMath.h">
      <Filter>Source Files\splash</Filter>
    </ClInclude>
    <ClInclude Include="splash\SplashPath.h">
      <Filter>Source Files\splash</Filter>
    </ClInclude>
    <ClInclude Include="splash\SplashPattern.h">
      <Filter>Source Files\splash</Filter>
    </ClInclude>
    <ClInclude Include="splash\SplashScreen.h">
      <Filter>Source Files\splash</Filter>
    </ClInclude>
    <ClInclude Include="splash\SplashState.h">
      <Filter>Source Files\splash</Filter>
    </ClInclude>
    <ClInclude Include="splash\SplashT1Font.h">
      <Filter>Source Files\splash</Filter>
    </ClInclude>
    <ClInclude Include="splash\SplashT1FontEngine.h">
      <Filter>Source Files\splash</Filter>
    </ClInclude>
    <ClInclude Include="splash\SplashT1FontFile.h">
      <Filter>Source Files\splash</Filter>
    </ClInclude>
    <ClInclude Include="splash\SplashTypes.h">
      <Filter>Source Files\splash</Filter>
    </ClInclude>
    <ClInclude Include="splash\SplashXPath.h">
      <Filter>Source Files\splash</Filter>
    </ClInclude>
    <ClInclude Include="splash\SplashXPathScanner.h">
      <Filter>Source Files\splash</Filter>
    </ClInclude>
    <ClInclude Include="xpdf\about-text.h">
      <Filter>Header Files</Filter>
    </ClInclude>
    <ClInclude Include="xpdf\Annot.h">
      <Filter>Header Files</Filter>
    </ClInclude>
    <ClInclude Include="xpdf\Array.h">
      <Filter>Header Files</Filter>
    </ClInclude>
    <ClInclude Include="xpdf\BuiltinFont.h">
      <Filter>Header Files</Filter>
    </ClInclude>
    <ClInclude Include="xpdf\BuiltinFontTables.h">
      <Filter>Header Files</Filter>
    </ClInclude>
    <ClInclude Include="xpdf\Catalog.h">
      <Filter>Header Files</Filter>
    </ClInclude>
    <ClInclude Include="xpdf\CharCodeToUnicode.h">
      <Filter>Header Files</Filter>
    </ClInclude>
    <ClInclude Include="xpdf\CharTypes.h">
      <Filter>Header Files</Filter>
    </ClInclude>
    <ClInclude Include="xpdf\CMap.h">
      <Filter>Header Files</Filter>
    </ClInclude>
    <ClInclude Include="xpdf\CompactFontTables.h">
      <Filter>Header Files</Filter>
    </ClInclude>
    <ClInclude Include="xpdf\config.h">
      <Filter>Header Files</Filter>
    </ClInclude>
    <ClInclude Include="xpdf\CoreOutputDev.h">
      <Filter>Header Files</Filter>
    </ClInclude>
    <ClInclude Include="xpdf\Decrypt.h">
      <Filter>Header Files</Filter>
    </ClInclude>
    <ClInclude Include="xpdf\Dict.h">
      <Filter>Header Files</Filter>
    </ClInclude>
    <ClInclude Include="xpdf\Error.h">
      <Filter>Header Files</Filter>
    </ClInclude>
    <ClInclude Include="xpdf\ErrorCodes.h">
      <Filter>Header Files</Filter>
    </ClInclude>
    <ClInclude Include="xpdf\FontEncodingTables.h">
      <Filter>Header Files</Filter>
    </ClInclude>
    <ClInclude Include="xpdf\Function.h">
      <Filter>Header Files</Filter>
    </ClInclude>
    <ClInclude Include="xpdf\Gfx.h">
      <Filter>Header Files</Filter>
    </ClInclude>
    <ClInclude Include="xpdf\GfxFont.h">
      <Filter>Header Files</Filter>
    </ClInclude>
    <ClInclude Include="xpdf\GfxState.h">
      <Filter>Header Files</Filter>
    </ClInclude>
    <ClInclude Include="xpdf\GlobalParams.h">
      <Filter>Header Files</Filter>
    </ClInclude>
    <ClInclude Include="xpdf\ImageOutputDev.h">
      <Filter>Header Files</Filter>
    </ClInclude>
    <ClInclude Include="xpdf\JArithmeticDecoder.h">
      <Filter>Header Files</Filter>
    </ClInclude>
    <ClInclude Include="xpdf\JBIG2Stream.h">
      <Filter>Header Files</Filter>
    </ClInclude>
    <ClInclude Include="..\libAFPDFLib\jpeg.h">
      <Filter>Header Files</Filter>
    </ClInclude>
    <ClInclude Include="xpdf\JPXStream.h">
      <Filter>Header Files</Filter>
    </ClInclude>
    <ClInclude Include="xpdf\Lexer.h">
      <Filter>Header Files</Filter>
    </ClInclude>
    <ClInclude Include="xpdf\Link.h">
      <Filter>Header Files</Filter>
    </ClInclude>
    <ClInclude Include="xpdf\NameToCharCode.h">
      <Filter>Header Files</Filter>
    </ClInclude>
    <ClInclude Include="xpdf\NameToUnicodeTable.h">
      <Filter>Header Files</Filter>
    </ClInclude>
    <ClInclude Include="xpdf\Object.h">
      <Filter>Header Files</Filter>
    </ClInclude>
    <ClInclude Include="xpdf\Outline.h">
      <Filter>Header Files</Filter>
    </ClInclude>
    <ClInclude Include="xpdf\OutputDev.h">
      <Filter>Header Files</Filter>
    </ClInclude>
    <ClInclude Include="xpdf\Page.h">
      <Filter>Header Files</Filter>
    </ClInclude>
    <ClInclude Include="xpdf\Parser.h">
      <Filter>Header Files</Filter>
    </ClInclude>
    <ClInclude Include="xpdf\PDFCore.h">
      <Filter>Header Files</Filter>
    </ClInclude>
    <ClInclude Include="xpdf\PDFDoc.h">
      <Filter>Header Files</Filter>
    </ClInclude>
    <ClInclude Include="xpdf\PDFDocEncoding.h">
      <Filter>Header Files</Filter>
    </ClInclude>
    <ClInclude Include="xpdf\PSOutputDev.h">
      <Filter>Header Files</Filter>
    </ClInclude>
    <ClInclude Include="xpdf\PSTokenizer.h">
      <Filter>Header Files</Filter>
    </ClInclude>
    <ClInclude Include="xpdf\SecurityHandler.h">
      <Filter>Header Files</Filter>
    </ClInclude>
    <ClInclude Include="xpdf\SplashOutputDev.h">
      <Filter>Header Files</Filter>
    </ClInclude>
    <ClInclude Include="xpdf\Stream-CCITT.h">
      <Filter>Header Files</Filter>
    </ClInclude>
    <ClInclude Include="xpdf\Stream.h">
      <Filter>Header Files</Filter>
    </ClInclude>
    <ClInclude Include="xpdf\TextOutputDev.h">
      <Filter>Header Files</Filter>
    </ClInclude>
    <ClInclude Include="xpdf\UnicodeMap.h">
      <Filter>Header Files</Filter>
    </ClInclude>
    <ClInclude Include="xpdf\UnicodeMapTables.h">
      <Filter>Header Files</Filter>
    </ClInclude>
    <ClInclude Include="xpdf\UnicodeTypeTable.h">
      <Filter>Header Files</Filter>
    </ClInclude>
    <ClInclude Include="xpdf\UTF8.h">
      <Filter>Header Files</Filter>
    </ClInclude>
    <ClInclude Include="xpdf\XpdfPluginAPI.h">
      <Filter>Header Files</Filter>
    </ClInclude>
    <ClInclude Include="xpdf\XRef.h">
      <Filter>Header Files</Filter>
    </ClInclude>
    <ClInclude Include="..\swftools\swftools-0.8.1\lib\pdf\aconf.h">
      <Filter>Header Files\pdf2swf</Filter>
    </ClInclude>
    <ClInclude Include="..\swftools\swftools-0.8.1\lib\pdf\cmyk.h">
      <Filter>Header Files\pdf2swf</Filter>
    </ClInclude>
    <ClInclude Include="..\swftools\swftools-0.8.1\lib\pdf\GFXOutputDev.h">
      <Filter>Header Files\pdf2swf</Filter>
    </ClInclude>
    <ClInclude Include="..\swftools\swftools-0.8.1\lib\pdf\InfoOutputDev.h">
      <Filter>Header Files\pdf2swf</Filter>
    </ClInclude>
    <ClInclude Include="..\swftools\swftools-0.9.0\lib\MD5.h">
      <Filter>Header Files\pdf2swf</Filter>
    </ClInclude>
    <ClInclude Include="..\swftools\swftools-0.8.1\lib\pdf\pdf.h">
      <Filter>Header Files\pdf2swf</Filter>
    </ClInclude>
    <ClInclude Include="aconf-linux.h">
      <Filter>Header Files</Filter>
    </ClInclude>
    <ClInclude Include="aconf.h">
      <Filter>Header Files</Filter>
    </ClInclude>
  </ItemGroup>
</Project>