
Microsoft Visual Studio Solution File, Format Version 11.00
# Visual C++ Express 2010
Project("{8BC9CEB8-8B4A-11D0-8D11-00A0C91BC942}") = "mapsfonts", "mapsfonts.vcxproj", "{D1C99B00-1570-4285-AACC-8783ADFA8C46}"
EndProject
Global
	GlobalSection(SolutionConfigurationPlatforms) = preSolution
		Debug|Win32 = Debug|Win32
		Release|Win32 = Release|Win32
	EndGlobalSection
	GlobalSection(ProjectConfigurationPlatforms) = postSolution
		{D1C99B00-1570-4285-AACC-8783ADFA8C46}.Debug|Win32.ActiveCfg = Debug|Win32
		{D1C99B00-1570-4285-AACC-8783ADFA8C46}.Debug|Win32.Build.0 = Debug|Win32
		{D1C99B00-1570-4285-AACC-8783ADFA8C46}.Release|Win32.ActiveCfg = Release|Win32
		{D1C99B00-1570-4285-AACC-8783ADFA8C46}.Release|Win32.Build.0 = Release|Win32
	EndGlobalSection
	GlobalSection(SolutionProperties) = preSolution
		HideSolutionNode = FALSE
	EndGlobalSection
EndGlobal
