
Microsoft Visual Studio Solution File, Format Version 10.00
# Visual Studio 2008
Project("{8BC9CEB8-8B4A-11D0-8D11-00A0C91BC942}") = "xpdf", "xpdfWin\xpdfWin.vcproj", "{05E39E0D-7FC0-4B90-A43B-355C6B8BF0E6}"
	ProjectSection(ProjectDependencies) = postProject
		{78B079BD-9FC7-4B9E-B4A6-96DA0F00248B} = {78B079BD-9FC7-4B9E-B4A6-96DA0F00248B}
	EndProjectSection
EndProject
Project("{8BC9CEB8-8B4A-11D0-8D11-00A0C91BC942}") = "freetype", "freetype-2.3.1\builds\win32\visualc\freetype.vcproj", "{78B079BD-9FC7-4B9E-B4A6-96DA0F00248B}"
EndProject
Project("{8BC9CEB8-8B4A-11D0-8D11-00A0C91BC942}") = "PDFLibNet", "PDFLibNet\PDFLibNet.vcproj", "{4DB564DB-6FE1-4543-89BC-6EE87815C064}"
	ProjectSection(ProjectDependencies) = postProject
		{8BDE8E0A-4F7C-4671-AF23-2B077A385AFD} = {8BDE8E0A-4F7C-4671-AF23-2B077A385AFD}
	EndProjectSection
EndProject
Project("{8BC9CEB8-8B4A-11D0-8D11-00A0C91BC942}") = "AFPDFLib", "libAFPDFLib\AFPDFLib.vcproj", "{8BDE8E0A-4F7C-4671-AF23-2B077A385AFD}"
	ProjectSection(ProjectDependencies) = postProject
		{05E39E0D-7FC0-4B90-A43B-355C6B8BF0E6} = {05E39E0D-7FC0-4B90-A43B-355C6B8BF0E6}
	EndProjectSection
EndProject
Project("{FAE04EC0-301F-11D3-BF4B-00C04F79EFBC}") = "PDFViewer", "PDFViewer\PDFViewer.csproj", "{8A9C383C-C04B-4AA3-84C5-C27E057B5FA2}"
EndProject
Project("{8BC9CEB8-8B4A-11D0-8D11-00A0C91BC942}") = "pdfutils", "pdfutils\pdfutils\pdfutils.vcproj", "{5E3040DA-5B10-4D4F-AC72-281A4FE33793}"
EndProject
Global
	GlobalSection(SolutionConfigurationPlatforms) = preSolution
		Debug Multithreaded|Any CPU = Debug Multithreaded|Any CPU
		Debug Multithreaded|Mixed Platforms = Debug Multithreaded|Mixed Platforms
		Debug Multithreaded|Win32 = Debug Multithreaded|Win32
		Debug Multithreaded|x64 = Debug Multithreaded|x64
		Debug Singlethreaded|Any CPU = Debug Singlethreaded|Any CPU
		Debug Singlethreaded|Mixed Platforms = Debug Singlethreaded|Mixed Platforms
		Debug Singlethreaded|Win32 = Debug Singlethreaded|Win32
		Debug Singlethreaded|x64 = Debug Singlethreaded|x64
		Debug|Any CPU = Debug|Any CPU
		Debug|Mixed Platforms = Debug|Mixed Platforms
		Debug|Win32 = Debug|Win32
		Debug|x64 = Debug|x64
		Release Multithreaded|Any CPU = Release Multithreaded|Any CPU
		Release Multithreaded|Mixed Platforms = Release Multithreaded|Mixed Platforms
		Release Multithreaded|Win32 = Release Multithreaded|Win32
		Release Multithreaded|x64 = Release Multithreaded|x64
		Release Singlethreaded|Any CPU = Release Singlethreaded|Any CPU
		Release Singlethreaded|Mixed Platforms = Release Singlethreaded|Mixed Platforms
		Release Singlethreaded|Win32 = Release Singlethreaded|Win32
		Release Singlethreaded|x64 = Release Singlethreaded|x64
		Release x64|Any CPU = Release x64|Any CPU
		Release x64|Mixed Platforms = Release x64|Mixed Platforms
		Release x64|Win32 = Release x64|Win32
		Release x64|x64 = Release x64|x64
		Release|Any CPU = Release|Any CPU
		Release|Mixed Platforms = Release|Mixed Platforms
		Release|Win32 = Release|Win32
		Release|x64 = Release|x64
	EndGlobalSection
	GlobalSection(ProjectConfigurationPlatforms) = postSolution
		{05E39E0D-7FC0-4B90-A43B-355C6B8BF0E6}.Debug Multithreaded|Any CPU.ActiveCfg = Debug|Win32
		{05E39E0D-7FC0-4B90-A43B-355C6B8BF0E6}.Debug Multithreaded|Mixed Platforms.ActiveCfg = Debug|Win32
		{05E39E0D-7FC0-4B90-A43B-355C6B8BF0E6}.Debug Multithreaded|Mixed Platforms.Build.0 = Debug|Win32
		{05E39E0D-7FC0-4B90-A43B-355C6B8BF0E6}.Debug Multithreaded|Win32.ActiveCfg = Debug|Win32
		{05E39E0D-7FC0-4B90-A43B-355C6B8BF0E6}.Debug Multithreaded|Win32.Build.0 = Debug|Win32
		{05E39E0D-7FC0-4B90-A43B-355C6B8BF0E6}.Debug Multithreaded|x64.ActiveCfg = Debug|x64
		{05E39E0D-7FC0-4B90-A43B-355C6B8BF0E6}.Debug Multithreaded|x64.Build.0 = Debug|x64
		{05E39E0D-7FC0-4B90-A43B-355C6B8BF0E6}.Debug Singlethreaded|Any CPU.ActiveCfg = Debug|Win32
		{05E39E0D-7FC0-4B90-A43B-355C6B8BF0E6}.Debug Singlethreaded|Mixed Platforms.ActiveCfg = Debug|Win32
		{05E39E0D-7FC0-4B90-A43B-355C6B8BF0E6}.Debug Singlethreaded|Mixed Platforms.Build.0 = Debug|Win32
		{05E39E0D-7FC0-4B90-A43B-355C6B8BF0E6}.Debug Singlethreaded|Win32.ActiveCfg = Debug|Win32
		{05E39E0D-7FC0-4B90-A43B-355C6B8BF0E6}.Debug Singlethreaded|Win32.Build.0 = Debug|Win32
		{05E39E0D-7FC0-4B90-A43B-355C6B8BF0E6}.Debug Singlethreaded|x64.ActiveCfg = Debug|x64
		{05E39E0D-7FC0-4B90-A43B-355C6B8BF0E6}.Debug Singlethreaded|x64.Build.0 = Debug|x64
		{05E39E0D-7FC0-4B90-A43B-355C6B8BF0E6}.Debug|Any CPU.ActiveCfg = Debug|Win32
		{05E39E0D-7FC0-4B90-A43B-355C6B8BF0E6}.Debug|Mixed Platforms.ActiveCfg = Debug|Win32
		{05E39E0D-7FC0-4B90-A43B-355C6B8BF0E6}.Debug|Mixed Platforms.Build.0 = Debug|Win32
		{05E39E0D-7FC0-4B90-A43B-355C6B8BF0E6}.Debug|Win32.ActiveCfg = Debug|Win32
		{05E39E0D-7FC0-4B90-A43B-355C6B8BF0E6}.Debug|Win32.Build.0 = Debug|Win32
		{05E39E0D-7FC0-4B90-A43B-355C6B8BF0E6}.Debug|x64.ActiveCfg = Debug|x64
		{05E39E0D-7FC0-4B90-A43B-355C6B8BF0E6}.Debug|x64.Build.0 = Debug|x64
		{05E39E0D-7FC0-4B90-A43B-355C6B8BF0E6}.Release Multithreaded|Any CPU.ActiveCfg = Release|Win32
		{05E39E0D-7FC0-4B90-A43B-355C6B8BF0E6}.Release Multithreaded|Mixed Platforms.ActiveCfg = Release|Win32
		{05E39E0D-7FC0-4B90-A43B-355C6B8BF0E6}.Release Multithreaded|Mixed Platforms.Build.0 = Release|Win32
		{05E39E0D-7FC0-4B90-A43B-355C6B8BF0E6}.Release Multithreaded|Win32.ActiveCfg = Release|Win32
		{05E39E0D-7FC0-4B90-A43B-355C6B8BF0E6}.Release Multithreaded|Win32.Build.0 = Release|Win32
		{05E39E0D-7FC0-4B90-A43B-355C6B8BF0E6}.Release Multithreaded|x64.ActiveCfg = Release x64|x64
		{05E39E0D-7FC0-4B90-A43B-355C6B8BF0E6}.Release Multithreaded|x64.Build.0 = Release x64|x64
		{05E39E0D-7FC0-4B90-A43B-355C6B8BF0E6}.Release Singlethreaded|Any CPU.ActiveCfg = Release|Win32
		{05E39E0D-7FC0-4B90-A43B-355C6B8BF0E6}.Release Singlethreaded|Mixed Platforms.ActiveCfg = Release|Win32
		{05E39E0D-7FC0-4B90-A43B-355C6B8BF0E6}.Release Singlethreaded|Mixed Platforms.Build.0 = Release|Win32
		{05E39E0D-7FC0-4B90-A43B-355C6B8BF0E6}.Release Singlethreaded|Win32.ActiveCfg = Release|Win32
		{05E39E0D-7FC0-4B90-A43B-355C6B8BF0E6}.Release Singlethreaded|Win32.Build.0 = Release|Win32
		{05E39E0D-7FC0-4B90-A43B-355C6B8BF0E6}.Release Singlethreaded|x64.ActiveCfg = Release x64|x64
		{05E39E0D-7FC0-4B90-A43B-355C6B8BF0E6}.Release Singlethreaded|x64.Build.0 = Release x64|x64
		{05E39E0D-7FC0-4B90-A43B-355C6B8BF0E6}.Release x64|Any CPU.ActiveCfg = Release x64|x64
		{05E39E0D-7FC0-4B90-A43B-355C6B8BF0E6}.Release x64|Mixed Platforms.ActiveCfg = Release x64|Win32
		{05E39E0D-7FC0-4B90-A43B-355C6B8BF0E6}.Release x64|Mixed Platforms.Build.0 = Release x64|Win32
		{05E39E0D-7FC0-4B90-A43B-355C6B8BF0E6}.Release x64|Win32.ActiveCfg = Release x64|Win32
		{05E39E0D-7FC0-4B90-A43B-355C6B8BF0E6}.Release x64|Win32.Build.0 = Release x64|Win32
		{05E39E0D-7FC0-4B90-A43B-355C6B8BF0E6}.Release x64|x64.ActiveCfg = Release x64|x64
		{05E39E0D-7FC0-4B90-A43B-355C6B8BF0E6}.Release x64|x64.Build.0 = Release x64|x64
		{05E39E0D-7FC0-4B90-A43B-355C6B8BF0E6}.Release|Any CPU.ActiveCfg = Release|Win32
		{05E39E0D-7FC0-4B90-A43B-355C6B8BF0E6}.Release|Mixed Platforms.ActiveCfg = Release|Win32
		{05E39E0D-7FC0-4B90-A43B-355C6B8BF0E6}.Release|Mixed Platforms.Build.0 = Release|Win32
		{05E39E0D-7FC0-4B90-A43B-355C6B8BF0E6}.Release|Win32.ActiveCfg = Release|Win32
		{05E39E0D-7FC0-4B90-A43B-355C6B8BF0E6}.Release|Win32.Build.0 = Release|Win32
		{05E39E0D-7FC0-4B90-A43B-355C6B8BF0E6}.Release|x64.ActiveCfg = Release|x64
		{05E39E0D-7FC0-4B90-A43B-355C6B8BF0E6}.Release|x64.Build.0 = Release|x64
		{78B079BD-9FC7-4B9E-B4A6-96DA0F00248B}.Debug Multithreaded|Any CPU.ActiveCfg = Debug Multithreaded|Win32
		{78B079BD-9FC7-4B9E-B4A6-96DA0F00248B}.Debug Multithreaded|Mixed Platforms.ActiveCfg = Debug Multithreaded|Win32
		{78B079BD-9FC7-4B9E-B4A6-96DA0F00248B}.Debug Multithreaded|Mixed Platforms.Build.0 = Debug Multithreaded|Win32
		{78B079BD-9FC7-4B9E-B4A6-96DA0F00248B}.Debug Multithreaded|Win32.ActiveCfg = Debug Multithreaded|Win32
		{78B079BD-9FC7-4B9E-B4A6-96DA0F00248B}.Debug Multithreaded|Win32.Build.0 = Debug Multithreaded|Win32
		{78B079BD-9FC7-4B9E-B4A6-96DA0F00248B}.Debug Multithreaded|x64.ActiveCfg = Debug Multithreaded|x64
		{78B079BD-9FC7-4B9E-B4A6-96DA0F00248B}.Debug Multithreaded|x64.Build.0 = Debug Multithreaded|x64
		{78B079BD-9FC7-4B9E-B4A6-96DA0F00248B}.Debug Singlethreaded|Any CPU.ActiveCfg = Debug Singlethreaded|Win32
		{78B079BD-9FC7-4B9E-B4A6-96DA0F00248B}.Debug Singlethreaded|Mixed Platforms.ActiveCfg = Debug Singlethreaded|Win32
		{78B079BD-9FC7-4B9E-B4A6-96DA0F00248B}.Debug Singlethreaded|Mixed Platforms.Build.0 = Debug Singlethreaded|Win32
		{78B079BD-9FC7-4B9E-B4A6-96DA0F00248B}.Debug Singlethreaded|Win32.ActiveCfg = Debug Singlethreaded|Win32
		{78B079BD-9FC7-4B9E-B4A6-96DA0F00248B}.Debug Singlethreaded|Win32.Build.0 = Debug Singlethreaded|Win32
		{78B079BD-9FC7-4B9E-B4A6-96DA0F00248B}.Debug Singlethreaded|x64.ActiveCfg = Debug Singlethreaded|x64
		{78B079BD-9FC7-4B9E-B4A6-96DA0F00248B}.Debug Singlethreaded|x64.Build.0 = Debug Singlethreaded|x64
		{78B079BD-9FC7-4B9E-B4A6-96DA0F00248B}.Debug|Any CPU.ActiveCfg = Debug|Win32
		{78B079BD-9FC7-4B9E-B4A6-96DA0F00248B}.Debug|Mixed Platforms.ActiveCfg = Debug|Win32
		{78B079BD-9FC7-4B9E-B4A6-96DA0F00248B}.Debug|Mixed Platforms.Build.0 = Debug|Win32
		{78B079BD-9FC7-4B9E-B4A6-96DA0F00248B}.Debug|Win32.ActiveCfg = Debug|Win32
		{78B079BD-9FC7-4B9E-B4A6-96DA0F00248B}.Debug|Win32.Build.0 = Debug|Win32
		{78B079BD-9FC7-4B9E-B4A6-96DA0F00248B}.Debug|x64.ActiveCfg = Debug|x64
		{78B079BD-9FC7-4B9E-B4A6-96DA0F00248B}.Debug|x64.Build.0 = Debug|x64
		{78B079BD-9FC7-4B9E-B4A6-96DA0F00248B}.Release Multithreaded|Any CPU.ActiveCfg = Release Multithreaded|Win32
		{78B079BD-9FC7-4B9E-B4A6-96DA0F00248B}.Release Multithreaded|Mixed Platforms.ActiveCfg = Release Multithreaded|Win32
		{78B079BD-9FC7-4B9E-B4A6-96DA0F00248B}.Release Multithreaded|Mixed Platforms.Build.0 = Release Multithreaded|Win32
		{78B079BD-9FC7-4B9E-B4A6-96DA0F00248B}.Release Multithreaded|Win32.ActiveCfg = Release Multithreaded|Win32
		{78B079BD-9FC7-4B9E-B4A6-96DA0F00248B}.Release Multithreaded|Win32.Build.0 = Release Multithreaded|Win32
		{78B079BD-9FC7-4B9E-B4A6-96DA0F00248B}.Release Multithreaded|x64.ActiveCfg = Release Multithreaded|x64
		{78B079BD-9FC7-4B9E-B4A6-96DA0F00248B}.Release Multithreaded|x64.Build.0 = Release Multithreaded|x64
		{78B079BD-9FC7-4B9E-B4A6-96DA0F00248B}.Release Singlethreaded|Any CPU.ActiveCfg = Release Singlethreaded|Win32
		{78B079BD-9FC7-4B9E-B4A6-96DA0F00248B}.Release Singlethreaded|Mixed Platforms.ActiveCfg = Release Singlethreaded|Win32
		{78B079BD-9FC7-4B9E-B4A6-96DA0F00248B}.Release Singlethreaded|Mixed Platforms.Build.0 = Release Singlethreaded|Win32
		{78B079BD-9FC7-4B9E-B4A6-96DA0F00248B}.Release Singlethreaded|Win32.ActiveCfg = Release Singlethreaded|Win32
		{78B079BD-9FC7-4B9E-B4A6-96DA0F00248B}.Release Singlethreaded|Win32.Build.0 = Release Singlethreaded|Win32
		{78B079BD-9FC7-4B9E-B4A6-96DA0F00248B}.Release Singlethreaded|x64.ActiveCfg = Release Singlethreaded|x64
		{78B079BD-9FC7-4B9E-B4A6-96DA0F00248B}.Release Singlethreaded|x64.Build.0 = Release Singlethreaded|x64
		{78B079BD-9FC7-4B9E-B4A6-96DA0F00248B}.Release x64|Any CPU.ActiveCfg = Release x64|x64
		{78B079BD-9FC7-4B9E-B4A6-96DA0F00248B}.Release x64|Mixed Platforms.ActiveCfg = Release x64|Win32
		{78B079BD-9FC7-4B9E-B4A6-96DA0F00248B}.Release x64|Mixed Platforms.Build.0 = Release x64|Win32
		{78B079BD-9FC7-4B9E-B4A6-96DA0F00248B}.Release x64|Win32.ActiveCfg = Release x64|Win32
		{78B079BD-9FC7-4B9E-B4A6-96DA0F00248B}.Release x64|Win32.Build.0 = Release x64|Win32
		{78B079BD-9FC7-4B9E-B4A6-96DA0F00248B}.Release x64|x64.ActiveCfg = Release x64|x64
		{78B079BD-9FC7-4B9E-B4A6-96DA0F00248B}.Release x64|x64.Build.0 = Release x64|x64
		{78B079BD-9FC7-4B9E-B4A6-96DA0F00248B}.Release|Any CPU.ActiveCfg = Release|Win32
		{78B079BD-9FC7-4B9E-B4A6-96DA0F00248B}.Release|Mixed Platforms.ActiveCfg = Release|Win32
		{78B079BD-9FC7-4B9E-B4A6-96DA0F00248B}.Release|Mixed Platforms.Build.0 = Release|Win32
		{78B079BD-9FC7-4B9E-B4A6-96DA0F00248B}.Release|Win32.ActiveCfg = Release|Win32
		{78B079BD-9FC7-4B9E-B4A6-96DA0F00248B}.Release|Win32.Build.0 = Release|Win32
		{78B079BD-9FC7-4B9E-B4A6-96DA0F00248B}.Release|x64.ActiveCfg = Release|x64
		{78B079BD-9FC7-4B9E-B4A6-96DA0F00248B}.Release|x64.Build.0 = Release|x64
		{4DB564DB-6FE1-4543-89BC-6EE87815C064}.Debug Multithreaded|Any CPU.ActiveCfg = Debug|Win32
		{4DB564DB-6FE1-4543-89BC-6EE87815C064}.Debug Multithreaded|Mixed Platforms.ActiveCfg = Debug|Win32
		{4DB564DB-6FE1-4543-89BC-6EE87815C064}.Debug Multithreaded|Mixed Platforms.Build.0 = Debug|Win32
		{4DB564DB-6FE1-4543-89BC-6EE87815C064}.Debug Multithreaded|Win32.ActiveCfg = Debug|Win32
		{4DB564DB-6FE1-4543-89BC-6EE87815C064}.Debug Multithreaded|Win32.Build.0 = Debug|Win32
		{4DB564DB-6FE1-4543-89BC-6EE87815C064}.Debug Multithreaded|x64.ActiveCfg = Debug|x64
		{4DB564DB-6FE1-4543-89BC-6EE87815C064}.Debug Multithreaded|x64.Build.0 = Debug|x64
		{4DB564DB-6FE1-4543-89BC-6EE87815C064}.Debug Singlethreaded|Any CPU.ActiveCfg = Debug|Win32
		{4DB564DB-6FE1-4543-89BC-6EE87815C064}.Debug Singlethreaded|Mixed Platforms.ActiveCfg = Debug|Win32
		{4DB564DB-6FE1-4543-89BC-6EE87815C064}.Debug Singlethreaded|Mixed Platforms.Build.0 = Debug|Win32
		{4DB564DB-6FE1-4543-89BC-6EE87815C064}.Debug Singlethreaded|Win32.ActiveCfg = Debug|Win32
		{4DB564DB-6FE1-4543-89BC-6EE87815C064}.Debug Singlethreaded|Win32.Build.0 = Debug|Win32
		{4DB564DB-6FE1-4543-89BC-6EE87815C064}.Debug Singlethreaded|x64.ActiveCfg = Debug|x64
		{4DB564DB-6FE1-4543-89BC-6EE87815C064}.Debug Singlethreaded|x64.Build.0 = Debug|x64
		{4DB564DB-6FE1-4543-89BC-6EE87815C064}.Debug|Any CPU.ActiveCfg = Debug|Win32
		{4DB564DB-6FE1-4543-89BC-6EE87815C064}.Debug|Mixed Platforms.ActiveCfg = Debug|Win32
		{4DB564DB-6FE1-4543-89BC-6EE87815C064}.Debug|Mixed Platforms.Build.0 = Debug|Win32
		{4DB564DB-6FE1-4543-89BC-6EE87815C064}.Debug|Win32.ActiveCfg = Debug|Win32
		{4DB564DB-6FE1-4543-89BC-6EE87815C064}.Debug|Win32.Build.0 = Debug|Win32
		{4DB564DB-6FE1-4543-89BC-6EE87815C064}.Debug|x64.ActiveCfg = Debug|x64
		{4DB564DB-6FE1-4543-89BC-6EE87815C064}.Debug|x64.Build.0 = Debug|x64
		{4DB564DB-6FE1-4543-89BC-6EE87815C064}.Release Multithreaded|Any CPU.ActiveCfg = Release|Win32
		{4DB564DB-6FE1-4543-89BC-6EE87815C064}.Release Multithreaded|Mixed Platforms.ActiveCfg = Release|Win32
		{4DB564DB-6FE1-4543-89BC-6EE87815C064}.Release Multithreaded|Mixed Platforms.Build.0 = Release|Win32
		{4DB564DB-6FE1-4543-89BC-6EE87815C064}.Release Multithreaded|Win32.ActiveCfg = Release|Win32
		{4DB564DB-6FE1-4543-89BC-6EE87815C064}.Release Multithreaded|Win32.Build.0 = Release|Win32
		{4DB564DB-6FE1-4543-89BC-6EE87815C064}.Release Multithreaded|x64.ActiveCfg = Release x64|x64
		{4DB564DB-6FE1-4543-89BC-6EE87815C064}.Release Multithreaded|x64.Build.0 = Release x64|x64
		{4DB564DB-6FE1-4543-89BC-6EE87815C064}.Release Singlethreaded|Any CPU.ActiveCfg = Release|Win32
		{4DB564DB-6FE1-4543-89BC-6EE87815C064}.Release Singlethreaded|Mixed Platforms.ActiveCfg = Release|Win32
		{4DB564DB-6FE1-4543-89BC-6EE87815C064}.Release Singlethreaded|Mixed Platforms.Build.0 = Release|Win32
		{4DB564DB-6FE1-4543-89BC-6EE87815C064}.Release Singlethreaded|Win32.ActiveCfg = Release|Win32
		{4DB564DB-6FE1-4543-89BC-6EE87815C064}.Release Singlethreaded|Win32.Build.0 = Release|Win32
		{4DB564DB-6FE1-4543-89BC-6EE87815C064}.Release Singlethreaded|x64.ActiveCfg = Release x64|x64
		{4DB564DB-6FE1-4543-89BC-6EE87815C064}.Release Singlethreaded|x64.Build.0 = Release x64|x64
		{4DB564DB-6FE1-4543-89BC-6EE87815C064}.Release x64|Any CPU.ActiveCfg = Release x64|x64
		{4DB564DB-6FE1-4543-89BC-6EE87815C064}.Release x64|Mixed Platforms.ActiveCfg = Release x64|Win32
		{4DB564DB-6FE1-4543-89BC-6EE87815C064}.Release x64|Mixed Platforms.Build.0 = Release x64|Win32
		{4DB564DB-6FE1-4543-89BC-6EE87815C064}.Release x64|Win32.ActiveCfg = Release x64|Win32
		{4DB564DB-6FE1-4543-89BC-6EE87815C064}.Release x64|Win32.Build.0 = Release x64|Win32
		{4DB564DB-6FE1-4543-89BC-6EE87815C064}.Release x64|x64.ActiveCfg = Release x64|x64
		{4DB564DB-6FE1-4543-89BC-6EE87815C064}.Release x64|x64.Build.0 = Release x64|x64
		{4DB564DB-6FE1-4543-89BC-6EE87815C064}.Release|Any CPU.ActiveCfg = Release|Win32
		{4DB564DB-6FE1-4543-89BC-6EE87815C064}.Release|Mixed Platforms.ActiveCfg = Release|Win32
		{4DB564DB-6FE1-4543-89BC-6EE87815C064}.Release|Mixed Platforms.Build.0 = Release|Win32
		{4DB564DB-6FE1-4543-89BC-6EE87815C064}.Release|Win32.ActiveCfg = Release|Win32
		{4DB564DB-6FE1-4543-89BC-6EE87815C064}.Release|Win32.Build.0 = Release|Win32
		{4DB564DB-6FE1-4543-89BC-6EE87815C064}.Release|x64.ActiveCfg = Release|x64
		{4DB564DB-6FE1-4543-89BC-6EE87815C064}.Release|x64.Build.0 = Release|x64
		{8BDE8E0A-4F7C-4671-AF23-2B077A385AFD}.Debug Multithreaded|Any CPU.ActiveCfg = Debug|Win32
		{8BDE8E0A-4F7C-4671-AF23-2B077A385AFD}.Debug Multithreaded|Mixed Platforms.ActiveCfg = Debug|Win32
		{8BDE8E0A-4F7C-4671-AF23-2B077A385AFD}.Debug Multithreaded|Mixed Platforms.Build.0 = Debug|Win32
		{8BDE8E0A-4F7C-4671-AF23-2B077A385AFD}.Debug Multithreaded|Win32.ActiveCfg = Debug|Win32
		{8BDE8E0A-4F7C-4671-AF23-2B077A385AFD}.Debug Multithreaded|Win32.Build.0 = Debug|Win32
		{8BDE8E0A-4F7C-4671-AF23-2B077A385AFD}.Debug Multithreaded|x64.ActiveCfg = Debug|x64
		{8BDE8E0A-4F7C-4671-AF23-2B077A385AFD}.Debug Multithreaded|x64.Build.0 = Debug|x64
		{8BDE8E0A-4F7C-4671-AF23-2B077A385AFD}.Debug Singlethreaded|Any CPU.ActiveCfg = Debug|Win32
		{8BDE8E0A-4F7C-4671-AF23-2B077A385AFD}.Debug Singlethreaded|Mixed Platforms.ActiveCfg = Debug|Win32
		{8BDE8E0A-4F7C-4671-AF23-2B077A385AFD}.Debug Singlethreaded|Mixed Platforms.Build.0 = Debug|Win32
		{8BDE8E0A-4F7C-4671-AF23-2B077A385AFD}.Debug Singlethreaded|Win32.ActiveCfg = Debug|Win32
		{8BDE8E0A-4F7C-4671-AF23-2B077A385AFD}.Debug Singlethreaded|Win32.Build.0 = Debug|Win32
		{8BDE8E0A-4F7C-4671-AF23-2B077A385AFD}.Debug Singlethreaded|x64.ActiveCfg = Debug|x64
		{8BDE8E0A-4F7C-4671-AF23-2B077A385AFD}.Debug Singlethreaded|x64.Build.0 = Debug|x64
		{8BDE8E0A-4F7C-4671-AF23-2B077A385AFD}.Debug|Any CPU.ActiveCfg = Debug|Win32
		{8BDE8E0A-4F7C-4671-AF23-2B077A385AFD}.Debug|Mixed Platforms.ActiveCfg = Debug|Win32
		{8BDE8E0A-4F7C-4671-AF23-2B077A385AFD}.Debug|Mixed Platforms.Build.0 = Debug|Win32
		{8BDE8E0A-4F7C-4671-AF23-2B077A385AFD}.Debug|Win32.ActiveCfg = Debug|Win32
		{8BDE8E0A-4F7C-4671-AF23-2B077A385AFD}.Debug|Win32.Build.0 = Debug|Win32
		{8BDE8E0A-4F7C-4671-AF23-2B077A385AFD}.Debug|x64.ActiveCfg = Debug|x64
		{8BDE8E0A-4F7C-4671-AF23-2B077A385AFD}.Debug|x64.Build.0 = Debug|x64
		{8BDE8E0A-4F7C-4671-AF23-2B077A385AFD}.Release Multithreaded|Any CPU.ActiveCfg = Release|Win32
		{8BDE8E0A-4F7C-4671-AF23-2B077A385AFD}.Release Multithreaded|Mixed Platforms.ActiveCfg = Release|Win32
		{8BDE8E0A-4F7C-4671-AF23-2B077A385AFD}.Release Multithreaded|Mixed Platforms.Build.0 = Release|Win32
		{8BDE8E0A-4F7C-4671-AF23-2B077A385AFD}.Release Multithreaded|Win32.ActiveCfg = Release|Win32
		{8BDE8E0A-4F7C-4671-AF23-2B077A385AFD}.Release Multithreaded|Win32.Build.0 = Release|Win32
		{8BDE8E0A-4F7C-4671-AF23-2B077A385AFD}.Release Multithreaded|x64.ActiveCfg = Release x64|x64
		{8BDE8E0A-4F7C-4671-AF23-2B077A385AFD}.Release Multithreaded|x64.Build.0 = Release x64|x64
		{8BDE8E0A-4F7C-4671-AF23-2B077A385AFD}.Release Singlethreaded|Any CPU.ActiveCfg = Release|Win32
		{8BDE8E0A-4F7C-4671-AF23-2B077A385AFD}.Release Singlethreaded|Mixed Platforms.ActiveCfg = Release|Win32
		{8BDE8E0A-4F7C-4671-AF23-2B077A385AFD}.Release Singlethreaded|Mixed Platforms.Build.0 = Release|Win32
		{8BDE8E0A-4F7C-4671-AF23-2B077A385AFD}.Release Singlethreaded|Win32.ActiveCfg = Release|Win32
		{8BDE8E0A-4F7C-4671-AF23-2B077A385AFD}.Release Singlethreaded|Win32.Build.0 = Release|Win32
		{8BDE8E0A-4F7C-4671-AF23-2B077A385AFD}.Release Singlethreaded|x64.ActiveCfg = Release x64|x64
		{8BDE8E0A-4F7C-4671-AF23-2B077A385AFD}.Release Singlethreaded|x64.Build.0 = Release x64|x64
		{8BDE8E0A-4F7C-4671-AF23-2B077A385AFD}.Release x64|Any CPU.ActiveCfg = Release x64|x64
		{8BDE8E0A-4F7C-4671-AF23-2B077A385AFD}.Release x64|Mixed Platforms.ActiveCfg = Release x64|Win32
		{8BDE8E0A-4F7C-4671-AF23-2B077A385AFD}.Release x64|Mixed Platforms.Build.0 = Release x64|Win32
		{8BDE8E0A-4F7C-4671-AF23-2B077A385AFD}.Release x64|Win32.ActiveCfg = Release x64|Win32
		{8BDE8E0A-4F7C-4671-AF23-2B077A385AFD}.Release x64|Win32.Build.0 = Release x64|Win32
		{8BDE8E0A-4F7C-4671-AF23-2B077A385AFD}.Release x64|x64.ActiveCfg = Release x64|x64
		{8BDE8E0A-4F7C-4671-AF23-2B077A385AFD}.Release x64|x64.Build.0 = Release x64|x64
		{8BDE8E0A-4F7C-4671-AF23-2B077A385AFD}.Release|Any CPU.ActiveCfg = Release|Win32
		{8BDE8E0A-4F7C-4671-AF23-2B077A385AFD}.Release|Mixed Platforms.ActiveCfg = Release|Win32
		{8BDE8E0A-4F7C-4671-AF23-2B077A385AFD}.Release|Mixed Platforms.Build.0 = Release|Win32
		{8BDE8E0A-4F7C-4671-AF23-2B077A385AFD}.Release|Win32.ActiveCfg = Release|Win32
		{8BDE8E0A-4F7C-4671-AF23-2B077A385AFD}.Release|Win32.Build.0 = Release|Win32
		{8BDE8E0A-4F7C-4671-AF23-2B077A385AFD}.Release|x64.ActiveCfg = Release|x64
		{8BDE8E0A-4F7C-4671-AF23-2B077A385AFD}.Release|x64.Build.0 = Release|x64
		{8A9C383C-C04B-4AA3-84C5-C27E057B5FA2}.Debug Multithreaded|Any CPU.ActiveCfg = Debug|Any CPU
		{8A9C383C-C04B-4AA3-84C5-C27E057B5FA2}.Debug Multithreaded|Any CPU.Build.0 = Debug|Any CPU
		{8A9C383C-C04B-4AA3-84C5-C27E057B5FA2}.Debug Multithreaded|Mixed Platforms.ActiveCfg = Debug|Any CPU
		{8A9C383C-C04B-4AA3-84C5-C27E057B5FA2}.Debug Multithreaded|Mixed Platforms.Build.0 = Debug|Any CPU
		{8A9C383C-C04B-4AA3-84C5-C27E057B5FA2}.Debug Multithreaded|Win32.ActiveCfg = Debug|Any CPU
		{8A9C383C-C04B-4AA3-84C5-C27E057B5FA2}.Debug Multithreaded|x64.ActiveCfg = Debug|x64
		{8A9C383C-C04B-4AA3-84C5-C27E057B5FA2}.Debug Multithreaded|x64.Build.0 = Debug|x64
		{8A9C383C-C04B-4AA3-84C5-C27E057B5FA2}.Debug Singlethreaded|Any CPU.ActiveCfg = Debug|Any CPU
		{8A9C383C-C04B-4AA3-84C5-C27E057B5FA2}.Debug Singlethreaded|Any CPU.Build.0 = Debug|Any CPU
		{8A9C383C-C04B-4AA3-84C5-C27E057B5FA2}.Debug Singlethreaded|Mixed Platforms.ActiveCfg = Debug|Any CPU
		{8A9C383C-C04B-4AA3-84C5-C27E057B5FA2}.Debug Singlethreaded|Mixed Platforms.Build.0 = Debug|Any CPU
		{8A9C383C-C04B-4AA3-84C5-C27E057B5FA2}.Debug Singlethreaded|Win32.ActiveCfg = Debug|Any CPU
		{8A9C383C-C04B-4AA3-84C5-C27E057B5FA2}.Debug Singlethreaded|x64.ActiveCfg = Debug|x64
		{8A9C383C-C04B-4AA3-84C5-C27E057B5FA2}.Debug Singlethreaded|x64.Build.0 = Debug|x64
		{8A9C383C-C04B-4AA3-84C5-C27E057B5FA2}.Debug|Any CPU.ActiveCfg = Debug|Any CPU
		{8A9C383C-C04B-4AA3-84C5-C27E057B5FA2}.Debug|Any CPU.Build.0 = Debug|Any CPU
		{8A9C383C-C04B-4AA3-84C5-C27E057B5FA2}.Debug|Mixed Platforms.ActiveCfg = Debug|Any CPU
		{8A9C383C-C04B-4AA3-84C5-C27E057B5FA2}.Debug|Mixed Platforms.Build.0 = Debug|Any CPU
		{8A9C383C-C04B-4AA3-84C5-C27E057B5FA2}.Debug|Win32.ActiveCfg = Debug|Any CPU
		{8A9C383C-C04B-4AA3-84C5-C27E057B5FA2}.Debug|x64.ActiveCfg = Debug|x64
		{8A9C383C-C04B-4AA3-84C5-C27E057B5FA2}.Release Multithreaded|Any CPU.ActiveCfg = Release|Any CPU
		{8A9C383C-C04B-4AA3-84C5-C27E057B5FA2}.Release Multithreaded|Any CPU.Build.0 = Release|Any CPU
		{8A9C383C-C04B-4AA3-84C5-C27E057B5FA2}.Release Multithreaded|Mixed Platforms.ActiveCfg = Release|Any CPU
		{8A9C383C-C04B-4AA3-84C5-C27E057B5FA2}.Release Multithreaded|Mixed Platforms.Build.0 = Release|Any CPU
		{8A9C383C-C04B-4AA3-84C5-C27E057B5FA2}.Release Multithreaded|Win32.ActiveCfg = Release|Any CPU
		{8A9C383C-C04B-4AA3-84C5-C27E057B5FA2}.Release Multithreaded|x64.ActiveCfg = Release x64|x64
		{8A9C383C-C04B-4AA3-84C5-C27E057B5FA2}.Release Multithreaded|x64.Build.0 = Release x64|x64
		{8A9C383C-C04B-4AA3-84C5-C27E057B5FA2}.Release Singlethreaded|Any CPU.ActiveCfg = Release|Any CPU
		{8A9C383C-C04B-4AA3-84C5-C27E057B5FA2}.Release Singlethreaded|Any CPU.Build.0 = Release|Any CPU
		{8A9C383C-C04B-4AA3-84C5-C27E057B5FA2}.Release Singlethreaded|Mixed Platforms.ActiveCfg = Release|Any CPU
		{8A9C383C-C04B-4AA3-84C5-C27E057B5FA2}.Release Singlethreaded|Mixed Platforms.Build.0 = Release|Any CPU
		{8A9C383C-C04B-4AA3-84C5-C27E057B5FA2}.Release Singlethreaded|Win32.ActiveCfg = Release|Any CPU
		{8A9C383C-C04B-4AA3-84C5-C27E057B5FA2}.Release Singlethreaded|x64.ActiveCfg = Release x64|x64
		{8A9C383C-C04B-4AA3-84C5-C27E057B5FA2}.Release Singlethreaded|x64.Build.0 = Release x64|x64
		{8A9C383C-C04B-4AA3-84C5-C27E057B5FA2}.Release x64|Any CPU.ActiveCfg = Release x64|Any CPU
		{8A9C383C-C04B-4AA3-84C5-C27E057B5FA2}.Release x64|Any CPU.Build.0 = Release x64|Any CPU
		{8A9C383C-C04B-4AA3-84C5-C27E057B5FA2}.Release x64|Mixed Platforms.ActiveCfg = Release x64|Any CPU
		{8A9C383C-C04B-4AA3-84C5-C27E057B5FA2}.Release x64|Mixed Platforms.Build.0 = Release x64|Any CPU
		{8A9C383C-C04B-4AA3-84C5-C27E057B5FA2}.Release x64|Win32.ActiveCfg = Release x64|Any CPU
		{8A9C383C-C04B-4AA3-84C5-C27E057B5FA2}.Release x64|x64.ActiveCfg = Release x64|x64
		{8A9C383C-C04B-4AA3-84C5-C27E057B5FA2}.Release x64|x64.Build.0 = Release x64|x64
		{8A9C383C-C04B-4AA3-84C5-C27E057B5FA2}.Release|Any CPU.ActiveCfg = Release|Any CPU
		{8A9C383C-C04B-4AA3-84C5-C27E057B5FA2}.Release|Any CPU.Build.0 = Release|Any CPU
		{8A9C383C-C04B-4AA3-84C5-C27E057B5FA2}.Release|Mixed Platforms.ActiveCfg = Release|Any CPU
		{8A9C383C-C04B-4AA3-84C5-C27E057B5FA2}.Release|Mixed Platforms.Build.0 = Release|Any CPU
		{8A9C383C-C04B-4AA3-84C5-C27E057B5FA2}.Release|Win32.ActiveCfg = Release|Any CPU
		{8A9C383C-C04B-4AA3-84C5-C27E057B5FA2}.Release|x64.ActiveCfg = Release|x64
		{5E3040DA-5B10-4D4F-AC72-281A4FE33793}.Debug Multithreaded|Any CPU.ActiveCfg = Debug|Win32
		{5E3040DA-5B10-4D4F-AC72-281A4FE33793}.Debug Multithreaded|Mixed Platforms.ActiveCfg = Debug|Win32
		{5E3040DA-5B10-4D4F-AC72-281A4FE33793}.Debug Multithreaded|Mixed Platforms.Build.0 = Debug|Win32
		{5E3040DA-5B10-4D4F-AC72-281A4FE33793}.Debug Multithreaded|Win32.ActiveCfg = Debug|Win32
		{5E3040DA-5B10-4D4F-AC72-281A4FE33793}.Debug Multithreaded|Win32.Build.0 = Debug|Win32
		{5E3040DA-5B10-4D4F-AC72-281A4FE33793}.Debug Multithreaded|x64.ActiveCfg = Debug|x64
		{5E3040DA-5B10-4D4F-AC72-281A4FE33793}.Debug Multithreaded|x64.Build.0 = Debug|x64
		{5E3040DA-5B10-4D4F-AC72-281A4FE33793}.Debug Singlethreaded|Any CPU.ActiveCfg = Debug|Win32
		{5E3040DA-5B10-4D4F-AC72-281A4FE33793}.Debug Singlethreaded|Mixed Platforms.ActiveCfg = Debug|Win32
		{5E3040DA-5B10-4D4F-AC72-281A4FE33793}.Debug Singlethreaded|Mixed Platforms.Build.0 = Debug|Win32
		{5E3040DA-5B10-4D4F-AC72-281A4FE33793}.Debug Singlethreaded|Win32.ActiveCfg = Debug|Win32
		{5E3040DA-5B10-4D4F-AC72-281A4FE33793}.Debug Singlethreaded|Win32.Build.0 = Debug|Win32
		{5E3040DA-5B10-4D4F-AC72-281A4FE33793}.Debug Singlethreaded|x64.ActiveCfg = Debug|x64
		{5E3040DA-5B10-4D4F-AC72-281A4FE33793}.Debug Singlethreaded|x64.Build.0 = Debug|x64
		{5E3040DA-5B10-4D4F-AC72-281A4FE33793}.Debug|Any CPU.ActiveCfg = Debug|Win32
		{5E3040DA-5B10-4D4F-AC72-281A4FE33793}.Debug|Mixed Platforms.ActiveCfg = Debug|Win32
		{5E3040DA-5B10-4D4F-AC72-281A4FE33793}.Debug|Mixed Platforms.Build.0 = Debug|Win32
		{5E3040DA-5B10-4D4F-AC72-281A4FE33793}.Debug|Win32.ActiveCfg = Debug|Win32
		{5E3040DA-5B10-4D4F-AC72-281A4FE33793}.Debug|Win32.Build.0 = Debug|Win32
		{5E3040DA-5B10-4D4F-AC72-281A4FE33793}.Debug|x64.ActiveCfg = Debug|x64
		{5E3040DA-5B10-4D4F-AC72-281A4FE33793}.Debug|x64.Build.0 = Debug|x64
		{5E3040DA-5B10-4D4F-AC72-281A4FE33793}.Release Multithreaded|Any CPU.ActiveCfg = Release|Win32
		{5E3040DA-5B10-4D4F-AC72-281A4FE33793}.Release Multithreaded|Mixed Platforms.ActiveCfg = Release|Win32
		{5E3040DA-5B10-4D4F-AC72-281A4FE33793}.Release Multithreaded|Mixed Platforms.Build.0 = Release|Win32
		{5E3040DA-5B10-4D4F-AC72-281A4FE33793}.Release Multithreaded|Win32.ActiveCfg = Release|Win32
		{5E3040DA-5B10-4D4F-AC72-281A4FE33793}.Release Multithreaded|Win32.Build.0 = Release|Win32
		{5E3040DA-5B10-4D4F-AC72-281A4FE33793}.Release Multithreaded|x64.ActiveCfg = Release x64|x64
		{5E3040DA-5B10-4D4F-AC72-281A4FE33793}.Release Multithreaded|x64.Build.0 = Release x64|x64
		{5E3040DA-5B10-4D4F-AC72-281A4FE33793}.Release Singlethreaded|Any CPU.ActiveCfg = Release|Win32
		{5E3040DA-5B10-4D4F-AC72-281A4FE33793}.Release Singlethreaded|Mixed Platforms.ActiveCfg = Release|Win32
		{5E3040DA-5B10-4D4F-AC72-281A4FE33793}.Release Singlethreaded|Mixed Platforms.Build.0 = Release|Win32
		{5E3040DA-5B10-4D4F-AC72-281A4FE33793}.Release Singlethreaded|Win32.ActiveCfg = Release|Win32
		{5E3040DA-5B10-4D4F-AC72-281A4FE33793}.Release Singlethreaded|Win32.Build.0 = Release|Win32
		{5E3040DA-5B10-4D4F-AC72-281A4FE33793}.Release Singlethreaded|x64.ActiveCfg = Release x64|x64
		{5E3040DA-5B10-4D4F-AC72-281A4FE33793}.Release Singlethreaded|x64.Build.0 = Release x64|x64
		{5E3040DA-5B10-4D4F-AC72-281A4FE33793}.Release x64|Any CPU.ActiveCfg = Release x64|x64
		{5E3040DA-5B10-4D4F-AC72-281A4FE33793}.Release x64|Mixed Platforms.ActiveCfg = Release x64|Win32
		{5E3040DA-5B10-4D4F-AC72-281A4FE33793}.Release x64|Mixed Platforms.Build.0 = Release x64|Win32
		{5E3040DA-5B10-4D4F-AC72-281A4FE33793}.Release x64|Win32.ActiveCfg = Release x64|Win32
		{5E3040DA-5B10-4D4F-AC72-281A4FE33793}.Release x64|Win32.Build.0 = Release x64|Win32
		{5E3040DA-5B10-4D4F-AC72-281A4FE33793}.Release x64|x64.ActiveCfg = Release x64|x64
		{5E3040DA-5B10-4D4F-AC72-281A4FE33793}.Release x64|x64.Build.0 = Release x64|x64
		{5E3040DA-5B10-4D4F-AC72-281A4FE33793}.Release|Any CPU.ActiveCfg = Release|Win32
		{5E3040DA-5B10-4D4F-AC72-281A4FE33793}.Release|Mixed Platforms.ActiveCfg = Release|Win32
		{5E3040DA-5B10-4D4F-AC72-281A4FE33793}.Release|Mixed Platforms.Build.0 = Release|Win32
		{5E3040DA-5B10-4D4F-AC72-281A4FE33793}.Release|Win32.ActiveCfg = Release|Win32
		{5E3040DA-5B10-4D4F-AC72-281A4FE33793}.Release|Win32.Build.0 = Release|Win32
		{5E3040DA-5B10-4D4F-AC72-281A4FE33793}.Release|x64.ActiveCfg = Release|x64
		{5E3040DA-5B10-4D4F-AC72-281A4FE33793}.Release|x64.Build.0 = Release|x64
	EndGlobalSection
	GlobalSection(SolutionProperties) = preSolution
		HideSolutionNode = FALSE
	EndGlobalSection
EndGlobal
