<?xml version="1.0" encoding="utf-8"?>
<Project ToolsVersion="4.0" xmlns="http://schemas.microsoft.com/developer/msbuild/2003">
  <ItemGroup>
    <Filter Include="Source Files">
      <UniqueIdentifier>{4FC737F1-C7A5-4376-A066-2A32D752A2FF}</UniqueIdentifier>
      <Extensions>cpp;c;cxx;def;odl;idl;hpj;bat;asm;asmx</Extensions>
    </Filter>
    <Filter Include="Header Files">
      <UniqueIdentifier>{93995380-89BD-4b04-88EB-625FBE52EBFB}</UniqueIdentifier>
      <Extensions>h;hpp;hxx;hm;inl;inc;xsd</Extensions>
    </Filter>
  </ItemGroup>
  <ItemGroup>
    <ClCompile Include="AFPDFDoc.cpp">
      <Filter>Source Files</Filter>
    </ClCompile>
    <ClCompile Include="AFPDFDocInterop.cpp">
      <Filter>Source Files</Filter>
    </ClCompile>
    <ClCompile Include="AnnotInterop.cpp">
      <Filter>Source Files</Filter>
    </ClCompile>
    <ClCompile Include="AuxOutputDev.cpp">
      <Filter>Source Files</Filter>
    </ClCompile>
    <ClCompile Include="DynArray.cpp">
      <Filter>Source Files</Filter>
    </ClCompile>
    <ClCompile Include="globals.cpp">
      <Filter>Source Files</Filter>
    </ClCompile>
    <ClCompile Include="ImagesMemoryOutputDev.cpp">
      <Filter>Source Files</Filter>
    </ClCompile>
    <ClCompile Include="jpeg.cpp">
      <Filter>Source Files</Filter>
    </ClCompile>
    <ClCompile Include="LinkDestInterop.cpp">
      <Filter>Source Files</Filter>
    </ClCompile>
    <ClCompile Include="LinkInterop.cpp">
      <Filter>Source Files</Filter>
    </ClCompile>
    <ClCompile Include="mupdfEngine.cpp">
      <Filter>Source Files</Filter>
    </ClCompile>
    <ClCompile Include="OutlineItemA.cpp">
      <Filter>Source Files</Filter>
    </ClCompile>
    <ClCompile Include="OutlineItemInterop.cpp">
      <Filter>Source Files</Filter>
    </ClCompile>
    <ClCompile Include="PageLinksInterop.cpp">
      <Filter>Source Files</Filter>
    </ClCompile>
    <ClCompile Include="PageMemory.cpp">
      <Filter>Source Files</Filter>
    </ClCompile>
    <ClCompile Include="PDFPageInterop.cpp">
      <Filter>Source Files</Filter>
    </ClCompile>
    <ClCompile Include="SearchResultInterop.cpp">
      <Filter>Source Files</Filter>
    </ClCompile>
    <ClCompile Include="StreamCallback.cpp">
      <Filter>Source Files</Filter>
    </ClCompile>
    <ClCompile Include="XPDFParamsInterop.cpp">
      <Filter>Source Files</Filter>
    </ClCompile>
  </ItemGroup>
  <ItemGroup>
    <ClInclude Include="AFPDFDoc.h">
      <Filter>Header Files</Filter>
    </ClInclude>
    <ClInclude Include="AFPDFDocInterop.h">
      <Filter>Header Files</Filter>
    </ClInclude>
    <ClInclude Include="AnnotInterop.h">
      <Filter>Header Files</Filter>
    </ClInclude>
    <ClInclude Include="AuxOutputDev.h">
      <Filter>Header Files</Filter>
    </ClInclude>
    <ClInclude Include="CRect.h">
      <Filter>Header Files</Filter>
    </ClInclude>
    <ClInclude Include="DynArray.h">
      <Filter>Header Files</Filter>
    </ClInclude>
    <ClInclude Include="globals.h">
      <Filter>Header Files</Filter>
    </ClInclude>
    <ClInclude Include="ImagesMemoryOutputDev.h">
      <Filter>Header Files</Filter>
    </ClInclude>
    <ClInclude Include="jpeg.h">
      <Filter>Header Files</Filter>
    </ClInclude>
    <ClInclude Include="LinkDestInterop.h">
      <Filter>Header Files</Filter>
    </ClInclude>
    <ClInclude Include="LinkInterop.h">
      <Filter>Header Files</Filter>
    </ClInclude>
    <ClInclude Include="mupdfEngine.h">
      <Filter>Header Files</Filter>
    </ClInclude>
    <ClInclude Include="OutlineItemA.h">
      <Filter>Header Files</Filter>
    </ClInclude>
    <ClInclude Include="OutlineItemInterop.h">
      <Filter>Header Files</Filter>
    </ClInclude>
    <ClInclude Include="PageLinksInterop.h">
      <Filter>Header Files</Filter>
    </ClInclude>
    <ClInclude Include="PageMemory.h">
      <Filter>Header Files</Filter>
    </ClInclude>
    <ClInclude Include="PDFPageInterop.h">
      <Filter>Header Files</Filter>
    </ClInclude>
    <ClInclude Include="Queue.h">
      <Filter>Header Files</Filter>
    </ClInclude>
    <ClInclude Include="SearchResultInterop.h">
      <Filter>Header Files</Filter>
    </ClInclude>
    <ClInclude Include="stdafx.h">
      <Filter>Header Files</Filter>
    </ClInclude>
    <ClInclude Include="StreamCallback.h">
      <Filter>Header Files</Filter>
    </ClInclude>
    <ClInclude Include="XPDFParamsInterop.h">
      <Filter>Header Files</Filter>
    </ClInclude>
  </ItemGroup>
</Project>